// !$*UTF8*$!
{
	archiveVersion = 1;
	classes = {
	};
	objectVersion = 56;
	objects = {

/* Begin PBXBuildFile section */
		2B9278AC2A5D063C00E9E8C8 /* MC3App.swift in Sources */ = {isa = PBXBuildFile; fileRef = 2B9278AB2A5D063C00E9E8C8 /* MC3App.swift */; };
		2B9278AE2A5D063C00E9E8C8 /* ContentView.swift in Sources */ = {isa = PBXBuildFile; fileRef = 2B9278AD2A5D063C00E9E8C8 /* ContentView.swift */; };
		2B9278B02A5D063D00E9E8C8 /* Assets.xcassets in Resources */ = {isa = PBXBuildFile; fileRef = 2B9278AF2A5D063D00E9E8C8 /* Assets.xcassets */; };
		2B9278B32A5D063D00E9E8C8 /* Preview Assets.xcassets in Resources */ = {isa = PBXBuildFile; fileRef = 2B9278B22A5D063D00E9E8C8 /* Preview Assets.xcassets */; };
		6C2817F22A62830E003E9904 /* UserViewModel.swift in Sources */ = {isa = PBXBuildFile; fileRef = 6C2817F12A62830E003E9904 /* UserViewModel.swift */; };
		6C2817F42A6285A7003E9904 /* Persistence.swift in Sources */ = {isa = PBXBuildFile; fileRef = 6C2817F32A6285A7003E9904 /* Persistence.swift */; };
		6C2817F92A63B0C6003E9904 /* SignInView.swift in Sources */ = {isa = PBXBuildFile; fileRef = 6C2817F82A63B0C6003E9904 /* SignInView.swift */; };
		6C2817FB2A63B1CC003E9904 /* SignInViewModel.swift in Sources */ = {isa = PBXBuildFile; fileRef = 6C2817FA2A63B1CC003E9904 /* SignInViewModel.swift */; };
		6C2817FE2A63CAD1003E9904 /* AppStorageService.swift in Sources */ = {isa = PBXBuildFile; fileRef = 6C2817FD2A63CAD1003E9904 /* AppStorageService.swift */; };
		6C97861D2A5F9F7100B852DE /* StoryViewModel.swift in Sources */ = {isa = PBXBuildFile; fileRef = 6C97861C2A5F9F7100B852DE /* StoryViewModel.swift */; };
		6C97861F2A5F9FE700B852DE /* StoryModel.swift in Sources */ = {isa = PBXBuildFile; fileRef = 6C97861E2A5F9FE700B852DE /* StoryModel.swift */; };
		6C97862A2A5FEB3300B852DE /* UserModel.swift in Sources */ = {isa = PBXBuildFile; fileRef = 6C9786292A5FEB3300B852DE /* UserModel.swift */; };
		6C97862C2A5FEEB600B852DE /* PublicFigureModel.swift in Sources */ = {isa = PBXBuildFile; fileRef = 6C97862B2A5FEEB600B852DE /* PublicFigureModel.swift */; };
		6C97862E2A5FEEEF00B852DE /* StoryCategoryModel.swift in Sources */ = {isa = PBXBuildFile; fileRef = 6C97862D2A5FEEEF00B852DE /* StoryCategoryModel.swift */; };
		6C9786302A5FFD9A00B852DE /* StoryFeedbackModel.swift in Sources */ = {isa = PBXBuildFile; fileRef = 6C97862F2A5FFD9A00B852DE /* StoryFeedbackModel.swift */; };
		6C9786322A5FFF6700B852DE /* AffirmationModel.swift in Sources */ = {isa = PBXBuildFile; fileRef = 6C9786312A5FFF6700B852DE /* AffirmationModel.swift */; };
		6C9786352A5FFF7A00B852DE /* MC3.xcdatamodeld in Sources */ = {isa = PBXBuildFile; fileRef = 6C9786332A5FFF7A00B852DE /* MC3.xcdatamodeld */; };
		6CFF7C872A6592B40015041C /* TitleText.swift in Sources */ = {isa = PBXBuildFile; fileRef = 6CFF7C862A6592B40015041C /* TitleText.swift */; };
		6CFF7C892A6593510015041C /* BodyText.swift in Sources */ = {isa = PBXBuildFile; fileRef = 6CFF7C882A6593510015041C /* BodyText.swift */; };
/* End PBXBuildFile section */

/* Begin PBXFileReference section */
		2B9278A82A5D063C00E9E8C8 /* MC3.app */ = {isa = PBXFileReference; explicitFileType = wrapper.application; includeInIndex = 0; path = MC3.app; sourceTree = BUILT_PRODUCTS_DIR; };
		2B9278AB2A5D063C00E9E8C8 /* MC3App.swift */ = {isa = PBXFileReference; lastKnownFileType = sourcecode.swift; path = MC3App.swift; sourceTree = "<group>"; };
		2B9278AD2A5D063C00E9E8C8 /* ContentView.swift */ = {isa = PBXFileReference; lastKnownFileType = sourcecode.swift; path = ContentView.swift; sourceTree = "<group>"; };
		2B9278AF2A5D063D00E9E8C8 /* Assets.xcassets */ = {isa = PBXFileReference; lastKnownFileType = folder.assetcatalog; path = Assets.xcassets; sourceTree = "<group>"; };
		2B9278B22A5D063D00E9E8C8 /* Preview Assets.xcassets */ = {isa = PBXFileReference; lastKnownFileType = folder.assetcatalog; path = "Preview Assets.xcassets"; sourceTree = "<group>"; };
		6C2817F12A62830E003E9904 /* UserViewModel.swift */ = {isa = PBXFileReference; lastKnownFileType = sourcecode.swift; path = UserViewModel.swift; sourceTree = "<group>"; };
		6C2817F32A6285A7003E9904 /* Persistence.swift */ = {isa = PBXFileReference; fileEncoding = 4; lastKnownFileType = sourcecode.swift; path = Persistence.swift; sourceTree = "<group>"; };
		6C2817F52A629365003E9904 /* MC3.entitlements */ = {isa = PBXFileReference; lastKnownFileType = text.plist.entitlements; path = MC3.entitlements; sourceTree = "<group>"; };
		6C2817F62A62936E003E9904 /* Info.plist */ = {isa = PBXFileReference; lastKnownFileType = text.plist.xml; path = Info.plist; sourceTree = "<group>"; };
		6C2817F82A63B0C6003E9904 /* SignInView.swift */ = {isa = PBXFileReference; lastKnownFileType = sourcecode.swift; path = SignInView.swift; sourceTree = "<group>"; };
		6C2817FA2A63B1CC003E9904 /* SignInViewModel.swift */ = {isa = PBXFileReference; lastKnownFileType = sourcecode.swift; path = SignInViewModel.swift; sourceTree = "<group>"; };
		6C2817FD2A63CAD1003E9904 /* AppStorageService.swift */ = {isa = PBXFileReference; lastKnownFileType = sourcecode.swift; path = AppStorageService.swift; sourceTree = "<group>"; };
		6C97861C2A5F9F7100B852DE /* StoryViewModel.swift */ = {isa = PBXFileReference; lastKnownFileType = sourcecode.swift; path = StoryViewModel.swift; sourceTree = "<group>"; };
		6C97861E2A5F9FE700B852DE /* StoryModel.swift */ = {isa = PBXFileReference; lastKnownFileType = sourcecode.swift; path = StoryModel.swift; sourceTree = "<group>"; };
		6C9786292A5FEB3300B852DE /* UserModel.swift */ = {isa = PBXFileReference; lastKnownFileType = sourcecode.swift; path = UserModel.swift; sourceTree = "<group>"; };
		6C97862B2A5FEEB600B852DE /* PublicFigureModel.swift */ = {isa = PBXFileReference; lastKnownFileType = sourcecode.swift; path = PublicFigureModel.swift; sourceTree = "<group>"; };
		6C97862D2A5FEEEF00B852DE /* StoryCategoryModel.swift */ = {isa = PBXFileReference; lastKnownFileType = sourcecode.swift; path = StoryCategoryModel.swift; sourceTree = "<group>"; };
		6C97862F2A5FFD9A00B852DE /* StoryFeedbackModel.swift */ = {isa = PBXFileReference; lastKnownFileType = sourcecode.swift; path = StoryFeedbackModel.swift; sourceTree = "<group>"; };
		6C9786312A5FFF6700B852DE /* AffirmationModel.swift */ = {isa = PBXFileReference; lastKnownFileType = sourcecode.swift; path = AffirmationModel.swift; sourceTree = "<group>"; };
		6C9786342A5FFF7A00B852DE /* MC3.xcdatamodel */ = {isa = PBXFileReference; lastKnownFileType = wrapper.xcdatamodel; path = MC3.xcdatamodel; sourceTree = "<group>"; };
		6CFF7C862A6592B40015041C /* TitleText.swift */ = {isa = PBXFileReference; lastKnownFileType = sourcecode.swift; path = TitleText.swift; sourceTree = "<group>"; };
		6CFF7C882A6593510015041C /* BodyText.swift */ = {isa = PBXFileReference; lastKnownFileType = sourcecode.swift; path = BodyText.swift; sourceTree = "<group>"; };
/* End PBXFileReference section */

/* Begin PBXFrameworksBuildPhase section */
		2B9278A52A5D063C00E9E8C8 /* Frameworks */ = {
			isa = PBXFrameworksBuildPhase;
			buildActionMask = 2147483647;
			files = (
			);
			runOnlyForDeploymentPostprocessing = 0;
		};
/* End PBXFrameworksBuildPhase section */

/* Begin PBXGroup section */
		2B92789F2A5D063C00E9E8C8 = {
			isa = PBXGroup;
			children = (
				2B9278AA2A5D063C00E9E8C8 /* MC3 */,
				2B9278A92A5D063C00E9E8C8 /* Products */,
			);
			sourceTree = "<group>";
		};
		2B9278A92A5D063C00E9E8C8 /* Products */ = {
			isa = PBXGroup;
			children = (
				2B9278A82A5D063C00E9E8C8 /* MC3.app */,
			);
			name = Products;
			sourceTree = "<group>";
		};
		2B9278AA2A5D063C00E9E8C8 /* MC3 */ = {
			isa = PBXGroup;
			children = (
				6CFF7C852A6592A10015041C /* Components */,
				6C2817FC2A63CAC2003E9904 /* Services */,
				6C2817F62A62936E003E9904 /* Info.plist */,
				6C2817F52A629365003E9904 /* MC3.entitlements */,
				6C97861B2A5F9CAE00B852DE /* ViewModels */,
				6C97861A2A5F9CA800B852DE /* Models */,
				6C9786192A5F9CA200B852DE /* Views */,
				2B9278AB2A5D063C00E9E8C8 /* MC3App.swift */,
				6C2817F32A6285A7003E9904 /* Persistence.swift */,
				2B9278AF2A5D063D00E9E8C8 /* Assets.xcassets */,
				6C9786332A5FFF7A00B852DE /* MC3.xcdatamodeld */,
				2B9278B12A5D063D00E9E8C8 /* Preview Content */,
			);
			path = MC3;
			sourceTree = "<group>";
		};
		2B9278B12A5D063D00E9E8C8 /* Preview Content */ = {
			isa = PBXGroup;
			children = (
				2B9278B22A5D063D00E9E8C8 /* Preview Assets.xcassets */,
			);
			path = "Preview Content";
			sourceTree = "<group>";
		};
		6C2817F72A63B0B8003E9904 /* SignIn */ = {
			isa = PBXGroup;
			children = (
				6C2817F82A63B0C6003E9904 /* SignInView.swift */,
			);
			path = SignIn;
			sourceTree = "<group>";
		};
		6C2817FC2A63CAC2003E9904 /* Services */ = {
			isa = PBXGroup;
			children = (
				6C2817FD2A63CAD1003E9904 /* AppStorageService.swift */,
			);
			path = Services;
			sourceTree = "<group>";
		};
		6C9786192A5F9CA200B852DE /* Views */ = {
			isa = PBXGroup;
			children = (
				6C2817F72A63B0B8003E9904 /* SignIn */,
				2B9278AD2A5D063C00E9E8C8 /* ContentView.swift */,
			);
			path = Views;
			sourceTree = "<group>";
		};
		6C97861A2A5F9CA800B852DE /* Models */ = {
			isa = PBXGroup;
			children = (
				6C97861E2A5F9FE700B852DE /* StoryModel.swift */,
				6C9786292A5FEB3300B852DE /* UserModel.swift */,
				6C97862B2A5FEEB600B852DE /* PublicFigureModel.swift */,
				6C97862D2A5FEEEF00B852DE /* StoryCategoryModel.swift */,
				6C97862F2A5FFD9A00B852DE /* StoryFeedbackModel.swift */,
				6C9786312A5FFF6700B852DE /* AffirmationModel.swift */,
			);
			path = Models;
			sourceTree = "<group>";
		};
		6C97861B2A5F9CAE00B852DE /* ViewModels */ = {
			isa = PBXGroup;
			children = (
				6C97861C2A5F9F7100B852DE /* StoryViewModel.swift */,
				6C2817F12A62830E003E9904 /* UserViewModel.swift */,
				6C2817FA2A63B1CC003E9904 /* SignInViewModel.swift */,
			);
			path = ViewModels;
			sourceTree = "<group>";
		};
		6CFF7C852A6592A10015041C /* Components */ = {
			isa = PBXGroup;
			children = (
				6CFF7C8A2A6593530015041C /* Texts */,
			);
			path = Components;
			sourceTree = "<group>";
		};
		6CFF7C8A2A6593530015041C /* Texts */ = {
			isa = PBXGroup;
			children = (
				6CFF7C862A6592B40015041C /* TitleText.swift */,
				6CFF7C882A6593510015041C /* BodyText.swift */,
			);
			path = Texts;
			sourceTree = "<group>";
		};
/* End PBXGroup section */

/* Begin PBXNativeTarget section */
		2B9278A72A5D063C00E9E8C8 /* MC3 */ = {
			isa = PBXNativeTarget;
			buildConfigurationList = 2B9278B62A5D063D00E9E8C8 /* Build configuration list for PBXNativeTarget "MC3" */;
			buildPhases = (
				2B9278A42A5D063C00E9E8C8 /* Sources */,
				2B9278A52A5D063C00E9E8C8 /* Frameworks */,
				2B9278A62A5D063C00E9E8C8 /* Resources */,
			);
			buildRules = (
			);
			dependencies = (
			);
			name = MC3;
			productName = MC3;
			productReference = 2B9278A82A5D063C00E9E8C8 /* MC3.app */;
			productType = "com.apple.product-type.application";
		};
/* End PBXNativeTarget section */

/* Begin PBXProject section */
		2B9278A02A5D063C00E9E8C8 /* Project object */ = {
			isa = PBXProject;
			attributes = {
				BuildIndependentTargetsInParallel = 1;
				LastSwiftUpdateCheck = 1430;
				LastUpgradeCheck = 1430;
				TargetAttributes = {
					2B9278A72A5D063C00E9E8C8 = {
						CreatedOnToolsVersion = 14.3.1;
					};
				};
			};
			buildConfigurationList = 2B9278A32A5D063C00E9E8C8 /* Build configuration list for PBXProject "MC3" */;
			compatibilityVersion = "Xcode 14.0";
			developmentRegion = en;
			hasScannedForEncodings = 0;
			knownRegions = (
				en,
				Base,
			);
			mainGroup = 2B92789F2A5D063C00E9E8C8;
			productRefGroup = 2B9278A92A5D063C00E9E8C8 /* Products */;
			projectDirPath = "";
			projectRoot = "";
			targets = (
				2B9278A72A5D063C00E9E8C8 /* MC3 */,
			);
		};
/* End PBXProject section */

/* Begin PBXResourcesBuildPhase section */
		2B9278A62A5D063C00E9E8C8 /* Resources */ = {
			isa = PBXResourcesBuildPhase;
			buildActionMask = 2147483647;
			files = (
				2B9278B32A5D063D00E9E8C8 /* Preview Assets.xcassets in Resources */,
				2B9278B02A5D063D00E9E8C8 /* Assets.xcassets in Resources */,
			);
			runOnlyForDeploymentPostprocessing = 0;
		};
/* End PBXResourcesBuildPhase section */

/* Begin PBXSourcesBuildPhase section */
		2B9278A42A5D063C00E9E8C8 /* Sources */ = {
			isa = PBXSourcesBuildPhase;
			buildActionMask = 2147483647;
			files = (
				6C97862E2A5FEEEF00B852DE /* StoryCategoryModel.swift in Sources */,
				6CFF7C872A6592B40015041C /* TitleText.swift in Sources */,
				6C2817F22A62830E003E9904 /* UserViewModel.swift in Sources */,
				6C9786352A5FFF7A00B852DE /* MC3.xcdatamodeld in Sources */,
				2B9278AE2A5D063C00E9E8C8 /* ContentView.swift in Sources */,
				6C97861F2A5F9FE700B852DE /* StoryModel.swift in Sources */,
				6C9786322A5FFF6700B852DE /* AffirmationModel.swift in Sources */,
				6C2817FE2A63CAD1003E9904 /* AppStorageService.swift in Sources */,
				6C97862C2A5FEEB600B852DE /* PublicFigureModel.swift in Sources */,
				6C9786302A5FFD9A00B852DE /* StoryFeedbackModel.swift in Sources */,
				2B9278AC2A5D063C00E9E8C8 /* MC3App.swift in Sources */,
				6C2817F42A6285A7003E9904 /* Persistence.swift in Sources */,
				6C2817FB2A63B1CC003E9904 /* SignInViewModel.swift in Sources */,
				6C97862A2A5FEB3300B852DE /* UserModel.swift in Sources */,
				6C97861D2A5F9F7100B852DE /* StoryViewModel.swift in Sources */,
				6CFF7C892A6593510015041C /* BodyText.swift in Sources */,
				6C2817F92A63B0C6003E9904 /* SignInView.swift in Sources */,
			);
			runOnlyForDeploymentPostprocessing = 0;
		};
/* End PBXSourcesBuildPhase section */

/* Begin XCBuildConfiguration section */
		2B9278B42A5D063D00E9E8C8 /* Debug */ = {
			isa = XCBuildConfiguration;
			buildSettings = {
				ALWAYS_SEARCH_USER_PATHS = NO;
				CLANG_ANALYZER_NONNULL = YES;
				CLANG_ANALYZER_NUMBER_OBJECT_CONVERSION = YES_AGGRESSIVE;
				CLANG_CXX_LANGUAGE_STANDARD = "gnu++20";
				CLANG_ENABLE_MODULES = YES;
				CLANG_ENABLE_OBJC_ARC = YES;
				CLANG_ENABLE_OBJC_WEAK = YES;
				CLANG_WARN_BLOCK_CAPTURE_AUTORELEASING = YES;
				CLANG_WARN_BOOL_CONVERSION = YES;
				CLANG_WARN_COMMA = YES;
				CLANG_WARN_CONSTANT_CONVERSION = YES;
				CLANG_WARN_DEPRECATED_OBJC_IMPLEMENTATIONS = YES;
				CLANG_WARN_DIRECT_OBJC_ISA_USAGE = YES_ERROR;
				CLANG_WARN_DOCUMENTATION_COMMENTS = YES;
				CLANG_WARN_EMPTY_BODY = YES;
				CLANG_WARN_ENUM_CONVERSION = YES;
				CLANG_WARN_INFINITE_RECURSION = YES;
				CLANG_WARN_INT_CONVERSION = YES;
				CLANG_WARN_NON_LITERAL_NULL_CONVERSION = YES;
				CLANG_WARN_OBJC_IMPLICIT_RETAIN_SELF = YES;
				CLANG_WARN_OBJC_LITERAL_CONVERSION = YES;
				CLANG_WARN_OBJC_ROOT_CLASS = YES_ERROR;
				CLANG_WARN_QUOTED_INCLUDE_IN_FRAMEWORK_HEADER = YES;
				CLANG_WARN_RANGE_LOOP_ANALYSIS = YES;
				CLANG_WARN_STRICT_PROTOTYPES = YES;
				CLANG_WARN_SUSPICIOUS_MOVE = YES;
				CLANG_WARN_UNGUARDED_AVAILABILITY = YES_AGGRESSIVE;
				CLANG_WARN_UNREACHABLE_CODE = YES;
				CLANG_WARN__DUPLICATE_METHOD_MATCH = YES;
				COPY_PHASE_STRIP = NO;
				DEBUG_INFORMATION_FORMAT = dwarf;
				ENABLE_STRICT_OBJC_MSGSEND = YES;
				ENABLE_TESTABILITY = YES;
				GCC_C_LANGUAGE_STANDARD = gnu11;
				GCC_DYNAMIC_NO_PIC = NO;
				GCC_NO_COMMON_BLOCKS = YES;
				GCC_OPTIMIZATION_LEVEL = 0;
				GCC_PREPROCESSOR_DEFINITIONS = (
					"DEBUG=1",
					"$(inherited)",
				);
				GCC_WARN_64_TO_32_BIT_CONVERSION = YES;
				GCC_WARN_ABOUT_RETURN_TYPE = YES_ERROR;
				GCC_WARN_UNDECLARED_SELECTOR = YES;
				GCC_WARN_UNINITIALIZED_AUTOS = YES_AGGRESSIVE;
				GCC_WARN_UNUSED_FUNCTION = YES;
				GCC_WARN_UNUSED_VARIABLE = YES;
				IPHONEOS_DEPLOYMENT_TARGET = 16.4;
				MTL_ENABLE_DEBUG_INFO = INCLUDE_SOURCE;
				MTL_FAST_MATH = YES;
				ONLY_ACTIVE_ARCH = YES;
				SDKROOT = iphoneos;
				SWIFT_ACTIVE_COMPILATION_CONDITIONS = DEBUG;
				SWIFT_OPTIMIZATION_LEVEL = "-Onone";
			};
			name = Debug;
		};
		2B9278B52A5D063D00E9E8C8 /* Release */ = {
			isa = XCBuildConfiguration;
			buildSettings = {
				ALWAYS_SEARCH_USER_PATHS = NO;
				CLANG_ANALYZER_NONNULL = YES;
				CLANG_ANALYZER_NUMBER_OBJECT_CONVERSION = YES_AGGRESSIVE;
				CLANG_CXX_LANGUAGE_STANDARD = "gnu++20";
				CLANG_ENABLE_MODULES = YES;
				CLANG_ENABLE_OBJC_ARC = YES;
				CLANG_ENABLE_OBJC_WEAK = YES;
				CLANG_WARN_BLOCK_CAPTURE_AUTORELEASING = YES;
				CLANG_WARN_BOOL_CONVERSION = YES;
				CLANG_WARN_COMMA = YES;
				CLANG_WARN_CONSTANT_CONVERSION = YES;
				CLANG_WARN_DEPRECATED_OBJC_IMPLEMENTATIONS = YES;
				CLANG_WARN_DIRECT_OBJC_ISA_USAGE = YES_ERROR;
				CLANG_WARN_DOCUMENTATION_COMMENTS = YES;
				CLANG_WARN_EMPTY_BODY = YES;
				CLANG_WARN_ENUM_CONVERSION = YES;
				CLANG_WARN_INFINITE_RECURSION = YES;
				CLANG_WARN_INT_CONVERSION = YES;
				CLANG_WARN_NON_LITERAL_NULL_CONVERSION = YES;
				CLANG_WARN_OBJC_IMPLICIT_RETAIN_SELF = YES;
				CLANG_WARN_OBJC_LITERAL_CONVERSION = YES;
				CLANG_WARN_OBJC_ROOT_CLASS = YES_ERROR;
				CLANG_WARN_QUOTED_INCLUDE_IN_FRAMEWORK_HEADER = YES;
				CLANG_WARN_RANGE_LOOP_ANALYSIS = YES;
				CLANG_WARN_STRICT_PROTOTYPES = YES;
				CLANG_WARN_SUSPICIOUS_MOVE = YES;
				CLANG_WARN_UNGUARDED_AVAILABILITY = YES_AGGRESSIVE;
				CLANG_WARN_UNREACHABLE_CODE = YES;
				CLANG_WARN__DUPLICATE_METHOD_MATCH = YES;
				COPY_PHASE_STRIP = NO;
				DEBUG_INFORMATION_FORMAT = "dwarf-with-dsym";
				ENABLE_NS_ASSERTIONS = NO;
				ENABLE_STRICT_OBJC_MSGSEND = YES;
				GCC_C_LANGUAGE_STANDARD = gnu11;
				GCC_NO_COMMON_BLOCKS = YES;
				GCC_WARN_64_TO_32_BIT_CONVERSION = YES;
				GCC_WARN_ABOUT_RETURN_TYPE = YES_ERROR;
				GCC_WARN_UNDECLARED_SELECTOR = YES;
				GCC_WARN_UNINITIALIZED_AUTOS = YES_AGGRESSIVE;
				GCC_WARN_UNUSED_FUNCTION = YES;
				GCC_WARN_UNUSED_VARIABLE = YES;
				IPHONEOS_DEPLOYMENT_TARGET = 16.4;
				MTL_ENABLE_DEBUG_INFO = NO;
				MTL_FAST_MATH = YES;
				SDKROOT = iphoneos;
				SWIFT_COMPILATION_MODE = wholemodule;
				SWIFT_OPTIMIZATION_LEVEL = "-O";
				VALIDATE_PRODUCT = YES;
			};
			name = Release;
		};
		2B9278B72A5D063D00E9E8C8 /* Debug */ = {
			isa = XCBuildConfiguration;
			buildSettings = {
				ASSETCATALOG_COMPILER_APPICON_NAME = AppIcon;
				ASSETCATALOG_COMPILER_GLOBAL_ACCENT_COLOR_NAME = AccentColor;
				CODE_SIGN_ENTITLEMENTS = MC3/MC3.entitlements;
				CODE_SIGN_STYLE = Automatic;
				CURRENT_PROJECT_VERSION = 1;
				DEVELOPMENT_ASSET_PATHS = "\"MC3/Preview Content\"";
				DEVELOPMENT_TEAM = 57DDT5D7L5;
				ENABLE_PREVIEWS = YES;
				GENERATE_INFOPLIST_FILE = YES;
				INFOPLIST_FILE = MC3/Info.plist;
				INFOPLIST_KEY_UIApplicationSceneManifest_Generation = YES;
				INFOPLIST_KEY_UIApplicationSupportsIndirectInputEvents = YES;
				INFOPLIST_KEY_UILaunchScreen_Generation = YES;
				INFOPLIST_KEY_UISupportedInterfaceOrientations_iPad = "UIInterfaceOrientationPortrait UIInterfaceOrientationPortraitUpsideDown UIInterfaceOrientationLandscapeLeft UIInterfaceOrientationLandscapeRight";
				INFOPLIST_KEY_UISupportedInterfaceOrientations_iPhone = "UIInterfaceOrientationPortrait UIInterfaceOrientationLandscapeLeft UIInterfaceOrientationLandscapeRight";
				LD_RUNPATH_SEARCH_PATHS = (
					"$(inherited)",
					"@executable_path/Frameworks",
				);
				MARKETING_VERSION = 1.0;
				PRODUCT_BUNDLE_IDENTIFIER = "com.Vincent-Gunawan.MC3";
				PRODUCT_NAME = "$(TARGET_NAME)";
				SWIFT_EMIT_LOC_STRINGS = YES;
				SWIFT_VERSION = 5.0;
				TARGETED_DEVICE_FAMILY = "1,2";
			};
			name = Debug;
		};
		2B9278B82A5D063D00E9E8C8 /* Release */ = {
			isa = XCBuildConfiguration;
			buildSettings = {
				ASSETCATALOG_COMPILER_APPICON_NAME = AppIcon;
				ASSETCATALOG_COMPILER_GLOBAL_ACCENT_COLOR_NAME = AccentColor;
				CODE_SIGN_ENTITLEMENTS = MC3/MC3.entitlements;
				CODE_SIGN_STYLE = Automatic;
				CURRENT_PROJECT_VERSION = 1;
				DEVELOPMENT_ASSET_PATHS = "\"MC3/Preview Content\"";
				DEVELOPMENT_TEAM = 57DDT5D7L5;
				ENABLE_PREVIEWS = YES;
				GENERATE_INFOPLIST_FILE = YES;
				INFOPLIST_FILE = MC3/Info.plist;
				INFOPLIST_KEY_UIApplicationSceneManifest_Generation = YES;
				INFOPLIST_KEY_UIApplicationSupportsIndirectInputEvents = YES;
				INFOPLIST_KEY_UILaunchScreen_Generation = YES;
				INFOPLIST_KEY_UISupportedInterfaceOrientations_iPad = "UIInterfaceOrientationPortrait UIInterfaceOrientationPortraitUpsideDown UIInterfaceOrientationLandscapeLeft UIInterfaceOrientationLandscapeRight";
				INFOPLIST_KEY_UISupportedInterfaceOrientations_iPhone = "UIInterfaceOrientationPortrait UIInterfaceOrientationLandscapeLeft UIInterfaceOrientationLandscapeRight";
				LD_RUNPATH_SEARCH_PATHS = (
					"$(inherited)",
					"@executable_path/Frameworks",
				);
				MARKETING_VERSION = 1.0;
				PRODUCT_BUNDLE_IDENTIFIER = "com.Vincent-Gunawan.MC3";
				PRODUCT_NAME = "$(TARGET_NAME)";
				SWIFT_EMIT_LOC_STRINGS = YES;
				SWIFT_VERSION = 5.0;
				TARGETED_DEVICE_FAMILY = "1,2";
			};
			name = Release;
		};
/* End XCBuildConfiguration section */

/* Begin XCConfigurationList section */
		2B9278A32A5D063C00E9E8C8 /* Build configuration list for PBXProject "MC3" */ = {
			isa = XCConfigurationList;
			buildConfigurations = (
				2B9278B42A5D063D00E9E8C8 /* Debug */,
				2B9278B52A5D063D00E9E8C8 /* Release */,
			);
			defaultConfigurationIsVisible = 0;
			defaultConfigurationName = Release;
		};
		2B9278B62A5D063D00E9E8C8 /* Build configuration list for PBXNativeTarget "MC3" */ = {
			isa = XCConfigurationList;
			buildConfigurations = (
				2B9278B72A5D063D00E9E8C8 /* Debug */,
				2B9278B82A5D063D00E9E8C8 /* Release */,
			);
			defaultConfigurationIsVisible = 0;
			defaultConfigurationName = Release;
		};
/* End XCConfigurationList section */

/* Begin XCVersionGroup section */
		6C9786332A5FFF7A00B852DE /* MC3.xcdatamodeld */ = {
			isa = XCVersionGroup;
			children = (
				6C9786342A5FFF7A00B852DE /* MC3.xcdatamodel */,
			);
			currentVersion = 6C9786342A5FFF7A00B852DE /* MC3.xcdatamodel */;
			path = MC3.xcdatamodeld;
			sourceTree = "<group>";
			versionGroupType = wrapper.xcdatamodel;
		};
/* End XCVersionGroup section */
	};
	rootObject = 2B9278A02A5D063C00E9E8C8 /* Project object */;
}
