// !$*UTF8*$!
{
	archiveVersion = 1;
	classes = {
	};
	objectVersion = 52;
	objects = {

/* Begin PBXBuildFile section */
		00277095D2E477A315F3A11C /* storyProblem4.mp3 in Resources */ = {isa = PBXBuildFile; fileRef = B553D3F8CCFC6F12B16A1F01 /* storyProblem4.mp3 */; };
		01387E83F9CD53079B37B3DE /* MascotViewModel.swift in Sources */ = {isa = PBXBuildFile; fileRef = B9D091E66CFF4E13FE6A9B02 /* MascotViewModel.swift */; };
		03F74381D14A4330583F2FA5 /* IntroductionView.swift in Sources */ = {isa = PBXBuildFile; fileRef = E861774A4FB3039A06A37308 /* IntroductionView.swift */; };
		05B4E60A9E3A477291A747BE /* ContentView.swift in Sources */ = {isa = PBXBuildFile; fileRef = B443EEBCCF0AFB01B445245B /* ContentView.swift */; };
		0657260F948DA6EC81C64C0F /* InputProblemViewModel.swift in Sources */ = {isa = PBXBuildFile; fileRef = EB30653C524ACD1EF39549F8 /* InputProblemViewModel.swift */; };
		0F18C114510B61A25B579DE2 /* PathStore.swift in Sources */ = {isa = PBXBuildFile; fileRef = AAA35790FA4A20BB792DFBCA /* PathStore.swift */; };
		149F2560D94EB4B38C11EC1C /* KeyboardService.swift in Sources */ = {isa = PBXBuildFile; fileRef = 861CFED72FDE82A8C140AE07 /* KeyboardService.swift */; };
		15B77C83CA76332FEBE0CE84 /* ChatBubble.swift in Sources */ = {isa = PBXBuildFile; fileRef = 9B20D09978AFD5FD7F3B24DD /* ChatBubble.swift */; };
		1731726D5F8F5B24400BC639 /* HomeView.swift in Sources */ = {isa = PBXBuildFile; fileRef = A1D4B27EA599914C697D4061 /* HomeView.swift */; };
		17CBF368EEEF50891CF72375 /* a-scene-1.json in Resources */ = {isa = PBXBuildFile; fileRef = 9A3E8B3540D85CCB918AC858 /* a-scene-1.json */; };
		199B1711741B4B0716E61CA6 /* UserModel.swift in Sources */ = {isa = PBXBuildFile; fileRef = 99068F7B27651DDA315EA459 /* UserModel.swift */; };
		1D8E1BFBDF6FD77DF420EB7F /* ReflectionCompleteView.swift in Sources */ = {isa = PBXBuildFile; fileRef = 9FC5E2AC11C76590E5C0DD6A /* ReflectionCompleteView.swift */; };
		228132B016AFDAEBBB5A35C9 /* ChatGPTStoryModel.swift in Sources */ = {isa = PBXBuildFile; fileRef = 8F1DBC05F8A2116472D35E2D /* ChatGPTStoryModel.swift */; };
		237D3734DC854D55B3257051 /* SelfAffirmationView.swift in Sources */ = {isa = PBXBuildFile; fileRef = BF788A36412F887CCFAD30F6 /* SelfAffirmationView.swift */; };
		2881238DA7E101F14C75D896 /* a-scene-3.json in Resources */ = {isa = PBXBuildFile; fileRef = 275EB4D57AA4F8B6663B57C1 /* a-scene-3.json */; };
		28927E71898462420C2A7690 /* ControlButton.swift in Sources */ = {isa = PBXBuildFile; fileRef = 202AB065B018462D0672B9B9 /* ControlButton.swift */; };
		2ACEAD7B6DD876F584293B44 /* SignInViewModel.swift in Sources */ = {isa = PBXBuildFile; fileRef = DA5D206D606EF02399A2950F /* SignInViewModel.swift */; };
		2B0ED1C3882504CB2B5D7560 /* storyProblem3.mp3 in Resources */ = {isa = PBXBuildFile; fileRef = A6745C6A8280FD98E300DF3D /* storyProblem3.mp3 */; };
		2E8D7B258C73378D7714871C /* SoundCloudKitService.swift in Sources */ = {isa = PBXBuildFile; fileRef = 09EBE55869CF199C3FE1FDC7 /* SoundCloudKitService.swift */; };
		3645A4C68579E776FC1E5F86 /* MeditationModel.swift in Sources */ = {isa = PBXBuildFile; fileRef = 940BC9E5E97FA211B9C74118 /* MeditationModel.swift */; };
		3A908A859A9033802AB929C4 /* SpeechRecognizer.swift in Sources */ = {isa = PBXBuildFile; fileRef = 0F656C5EA3326B1EC4827D62 /* SpeechRecognizer.swift */; };
		3F0AEDFB52D920B64C7F98D9 /* storyReflection2.mp3 in Resources */ = {isa = PBXBuildFile; fileRef = 1F5EFF667064D9CA67205AF0 /* storyReflection2.mp3 */; };
		3FD6E821E5840911D087D858 /* RecordType.swift in Sources */ = {isa = PBXBuildFile; fileRef = 070A9C1296B814B2E596BF94 /* RecordType.swift */; };
		40EB77E18D3D3B47243315A8 /* SingleTextField.swift in Sources */ = {isa = PBXBuildFile; fileRef = 2BC5DC85C5A8085AD62A0334 /* SingleTextField.swift */; };
		4272562FB625A34A62C0C69C /* PlayTextViewModel.swift in Sources */ = {isa = PBXBuildFile; fileRef = 03DB609AE6C22016450A2113 /* PlayTextViewModel.swift */; };
		467FD9E2DB03D88682FBCD6D /* PrimaryButton.swift in Sources */ = {isa = PBXBuildFile; fileRef = D67A9401FA21301F28928D36 /* PrimaryButton.swift */; };
		470897E8D7DFB6B9D8843DAF /* AffirmationModel.swift in Sources */ = {isa = PBXBuildFile; fileRef = 186879D8BA519BB4492DDC00 /* AffirmationModel.swift */; };
		49E6C9BD6ECE326B570FA072 /* StoryCloudKitService.swift in Sources */ = {isa = PBXBuildFile; fileRef = 07166E4A25EE46934FFF168F /* StoryCloudKitService.swift */; };
		4B1E91993B5E4C245B250470 /* MainView.swift in Sources */ = {isa = PBXBuildFile; fileRef = 1E2ABEB5423D716CF3E2F30A /* MainView.swift */; };
		4BC0B7E3C37A0857AA36A856 /* Assets.xcassets in Resources */ = {isa = PBXBuildFile; fileRef = 4995A677D67753A526E61906 /* Assets.xcassets */; };
		51D45EBE2D62153BE51A082B /* storyIntroduction1.mp3 in Resources */ = {isa = PBXBuildFile; fileRef = F29082F8947A98DA937638E7 /* storyIntroduction1.mp3 */; };
		51E350E8A5FE9378D6B0BE41 /* RatingModel.swift in Sources */ = {isa = PBXBuildFile; fileRef = 4079CDA0F70F2C64CF4CD41D /* RatingModel.swift */; };
		533054DA05DC47E8C4315C17 /* StoryModel.swift in Sources */ = {isa = PBXBuildFile; fileRef = ED54870053CE38845B5FFAF0 /* StoryModel.swift */; };
		53A396D202DA612E33BC0666 /* StoryRecapView.swift in Sources */ = {isa = PBXBuildFile; fileRef = 0C8EF80B8A182C96C22F069B /* StoryRecapView.swift */; };
		53C17987007F56EA703D4B8B /* Persistence.swift in Sources */ = {isa = PBXBuildFile; fileRef = DBB002861B70E90841F9CED9 /* Persistence.swift */; };
		555772164820F68471A9DC3A /* CloudKitManager.swift in Sources */ = {isa = PBXBuildFile; fileRef = 26706FFF39D6B11C9D400EBF /* CloudKitManager.swift */; };
		55E80C51E178604410878280 /* SoundCoreDataService.swift in Sources */ = {isa = PBXBuildFile; fileRef = EF0ABD723E8ECA14B5FE706A /* SoundCoreDataService.swift */; };
		56DA165ACD7BD099329E7859 /* storyReflection1.mp3 in Resources */ = {isa = PBXBuildFile; fileRef = E3C39A434D8D91405E7AD01D /* storyReflection1.mp3 */; };
		5B4755B5C7CC6EA60669284A /* CategoryModel.swift in Sources */ = {isa = PBXBuildFile; fileRef = 9ECA11DC11426F723C34996C /* CategoryModel.swift */; };
		5CF8F08C8DDEB05D3E3BB4B8 /* BreathingViewModel.swift in Sources */ = {isa = PBXBuildFile; fileRef = 2F350FC7B90F169FCCFFDEAD /* BreathingViewModel.swift */; };
		620060E534645E74020CB355 /* MoreStoryView.swift in Sources */ = {isa = PBXBuildFile; fileRef = DD69EC9AABF6C24710B7D7BD /* MoreStoryView.swift */; };
		67DD6A5B2EB35877080CBBA2 /* ElevenLabsAPIService.swift in Sources */ = {isa = PBXBuildFile; fileRef = 9103D3B18A2A6F1E474BD398 /* ElevenLabsAPIService.swift */; };
		6994DD93AD8708F530D083CB /* ReflectionDetailView.swift in Sources */ = {isa = PBXBuildFile; fileRef = BC3E65DD923F8F020D7B7442 /* ReflectionDetailView.swift */; };
		6C66DD210F836F757C409035 /* RatingCloudKitService.swift in Sources */ = {isa = PBXBuildFile; fileRef = 85B29ED074EB6C291B357754 /* RatingCloudKitService.swift */; };
		6C67FE8B7663C4FD35669A05 /* MC3App.swift in Sources */ = {isa = PBXBuildFile; fileRef = 01C9144049DCEB50A8DBF787 /* MC3App.swift */; };
		6C87DCCD72CC4FD8604EE772 /* StoryProblemType.swift in Sources */ = {isa = PBXBuildFile; fileRef = 30BC7D9D3EF1F0887EA466CA /* StoryProblemType.swift */; };
		6E216E3BCE41305103878215 /* MenuButton.swift in Sources */ = {isa = PBXBuildFile; fileRef = 304E0B30C7338EEC5B8BE2F5 /* MenuButton.swift */; };
		728ADBCB4C602C617A16C337 /* StoryIntroductionView.swift in Sources */ = {isa = PBXBuildFile; fileRef = 0B53D7342D25D330827E604C /* StoryIntroductionView.swift */; };
		72BF357FD46437ECC1E2D638 /* StoryProblemView.swift in Sources */ = {isa = PBXBuildFile; fileRef = 4B30C88FF2ED6705441E7B97 /* StoryProblemView.swift */; };
		737E55A32BC33B9D311A7DF4 /* storyProblem2.mp3 in Resources */ = {isa = PBXBuildFile; fileRef = CB5FE91BE0C62F474C6FA2EE /* storyProblem2.mp3 */; };
		7561C34BE8F1E641679C2EC5 /* MusicModel.swift in Sources */ = {isa = PBXBuildFile; fileRef = 424846C34B36D85C3F2C46E0 /* MusicModel.swift */; };
		766772C9E186B4C9580E9CCD /* CoreDataManager.swift in Sources */ = {isa = PBXBuildFile; fileRef = D41693CD3F89EA7FA9778052 /* CoreDataManager.swift */; };
		7899FAE69EDC506730D5CF87 /* PublicFigureModel.swift in Sources */ = {isa = PBXBuildFile; fileRef = 6451CD132AA84E2D61177064 /* PublicFigureModel.swift */; };
		7B50F147FFEF89FEFC3ED2AC /* charachter-animation-lottie.json in Resources */ = {isa = PBXBuildFile; fileRef = 892C5F702DB97163C626B256 /* charachter-animation-lottie.json */; };
		7B89A6F5F55B99B299944B01 /* TitleText.swift in Sources */ = {isa = PBXBuildFile; fileRef = 79465DAE2D77B39B169EA711 /* TitleText.swift */; };
		7BE72DDA7EC1546A60C3847B /* UserCloudKitService.swift in Sources */ = {isa = PBXBuildFile; fileRef = 911F338012FB3D895D9EB6FA /* UserCloudKitService.swift */; };
		7E815A72B45ED3A35B393D27 /* Mascot.swift in Sources */ = {isa = PBXBuildFile; fileRef = 3258556AE7936A8A1B4C45AB /* Mascot.swift */; };
		7FA10F47309A567FB11E0A3C /* APIManager.swift in Sources */ = {isa = PBXBuildFile; fileRef = 05251D4FEFC308D1DD1D644D /* APIManager.swift */; };
		84BF7B11F2FEC66C376F1D59 /* mouth-animation-lottie.json in Resources */ = {isa = PBXBuildFile; fileRef = D67412C3F3353A0B703FE2F9 /* mouth-animation-lottie.json */; };
		88AC1A01AA6FE6428D160F1A /* StoryRecapViewModel.swift in Sources */ = {isa = PBXBuildFile; fileRef = 1B52961A21A36C6BCC53EA9E /* StoryRecapViewModel.swift */; };
		8C9EB828894BF5F5129DE5F1 /* motivation.mp3 in Resources */ = {isa = PBXBuildFile; fileRef = 9D0A256A74CE66FFF9A9E2F3 /* motivation.mp3 */; };
		8D754CBADE665C8F42378B2E /* LottieView.swift in Sources */ = {isa = PBXBuildFile; fileRef = 9641B3A9E5B8A4F16617B34B /* LottieView.swift */; };
		912F1C32E1BA98F77D6567CA /* ValidateProblemView.swift in Sources */ = {isa = PBXBuildFile; fileRef = 6197872975F6429938A757D9 /* ValidateProblemView.swift */; };
		9258E14AA809C1ABF0B24D42 /* HistoryModel.swift in Sources */ = {isa = PBXBuildFile; fileRef = 2ECB91196FC474D577B75F0C /* HistoryModel.swift */; };
		952D1D34E5CF906C94DBF158 /* PermissionView.swift in Sources */ = {isa = PBXBuildFile; fileRef = E649DE2D034892FFEA4F816B /* PermissionView.swift */; };
		974EA306243A97FBDB5446CA /* StoryView.swift in Sources */ = {isa = PBXBuildFile; fileRef = 26624417B69DADAE07B2DE65 /* StoryView.swift */; };
		97DA8D05276205178455D2C6 /* OnboardingViewModel.swift in Sources */ = {isa = PBXBuildFile; fileRef = A75BF0EBA79319784567F321 /* OnboardingViewModel.swift */; };
		983AC0B374BDC677E006FC7D /* UserCoreDataService.swift in Sources */ = {isa = PBXBuildFile; fileRef = 81593BA4C88DE1DCAC87FDEF /* UserCoreDataService.swift */; };
		98BD93D95E1041175F6CC0C3 /* LottieController.swift in Sources */ = {isa = PBXBuildFile; fileRef = 5A69FD2092B9DDACCEBF11CC /* LottieController.swift */; };
		9991BF8A3E16370CD2C40C90 /* StoryProblemViewModel.swift in Sources */ = {isa = PBXBuildFile; fileRef = ED30BA852CDF8DED1B4D52B4 /* StoryProblemViewModel.swift */; };
		9B2955A5BF2527EB133B621E /* selfAffirmation.mp3 in Resources */ = {isa = PBXBuildFile; fileRef = 334122CD36A392F819F717BD /* selfAffirmation.mp3 */; };
		9D9D58119B5D493F87AE2162 /* breathing-lottie.json in Resources */ = {isa = PBXBuildFile; fileRef = 052F77F409D6AA72A13909DF /* breathing-lottie.json */; };
		9E48BAA7BD0C7626474C26C8 /* IntroductionToStoryView.swift in Sources */ = {isa = PBXBuildFile; fileRef = 3E9B158E02CF623507902F0B /* IntroductionToStoryView.swift */; };
		A3646A1625433A28B71061F5 /* StoryViewModel.swift in Sources */ = {isa = PBXBuildFile; fileRef = 8698F4D2D6B0E7E5F6A905E9 /* StoryViewModel.swift */; };
		A5E3C330457943C1967A04F0 /* ButtonType.swift in Sources */ = {isa = PBXBuildFile; fileRef = D0EAF825C01E9259DECE43CF /* ButtonType.swift */; };
		A944A33DF6CFFD9B4DBABAB0 /* UserViewModel.swift in Sources */ = {isa = PBXBuildFile; fileRef = DA314EC238F5D4315E485800 /* UserViewModel.swift */; };
		AAF715D2F1EF530354802EBF /* ChatGPTService.swift in Sources */ = {isa = PBXBuildFile; fileRef = BFD9B18C653120D2B88DD567 /* ChatGPTService.swift */; };
		AD217FB9FFAEB861ED8A06AE /* StoryIntroductionViewModel.swift in Sources */ = {isa = PBXBuildFile; fileRef = 6F86BA0BC43B0A743E491C47 /* StoryIntroductionViewModel.swift */; };
		ADD4386AE0BA2CC316304256 /* MC3.xcdatamodeld in Sources */ = {isa = PBXBuildFile; fileRef = 0E16D09F48F547D52473BDA4 /* MC3.xcdatamodeld */; };
		B512EC7591767201F982E0A9 /* SoundModel.swift in Sources */ = {isa = PBXBuildFile; fileRef = 7846C06719CCEA5328E35171 /* SoundModel.swift */; };
		B55D57DBADA14D544C5B96FA /* AudioManager.swift in Sources */ = {isa = PBXBuildFile; fileRef = 1AD32C51F9257AC6C281807C /* AudioManager.swift */; };
		B64C632FE35D03B4BD5FBB82 /* Preview Assets.xcassets in Resources */ = {isa = PBXBuildFile; fileRef = 72CD91F1A1BCDFF9255DF4BC /* Preview Assets.xcassets */; };
		B942FCE79864463451A4378C /* InputProblemView.swift in Sources */ = {isa = PBXBuildFile; fileRef = 7F576E298BB7CB1EA2EBFC68 /* InputProblemView.swift */; };
		BA33BF7793CFC728427AE458 /* problem2.mp3 in Resources */ = {isa = PBXBuildFile; fileRef = 8684176D453F8B18737479B3 /* problem2.mp3 */; };
		BB550EE23C5B681085757871 /* SceneView.swift in Sources */ = {isa = PBXBuildFile; fileRef = A175E5F18D630161C3732330 /* SceneView.swift */; };
		BBFEBD06BE30C6ED9045C475 /* MainViewModel.swift in Sources */ = {isa = PBXBuildFile; fileRef = 4D6F9C57BC0FF60AE6B1654F /* MainViewModel.swift */; };
		C16BD572FDD3D90A63C4092F /* OnboardingType.swift in Sources */ = {isa = PBXBuildFile; fileRef = 29C7592F6D23C16626EC1187 /* OnboardingType.swift */; };
		C4429098AA7D6410B6F5D1C4 /* HomeViewModel.swift in Sources */ = {isa = PBXBuildFile; fileRef = 9EEED52665EB001AC805F9A7 /* HomeViewModel.swift */; };
		C8EED0450C3D8980F4D14988 /* SecondaryButton.swift in Sources */ = {isa = PBXBuildFile; fileRef = D3B7774BBA0A73448DFD3DF0 /* SecondaryButton.swift */; };
		C97D676E8FD1AF44D558364E /* NLPService.swift in Sources */ = {isa = PBXBuildFile; fileRef = 9FD5112FEC695B4A661BCA3C /* NLPService.swift */; };
		CBF9C8130BF0B92ACFE419F8 /* introduction-story-mouth-lottie.json in Resources */ = {isa = PBXBuildFile; fileRef = 2F29E3B8F064F33693137407 /* introduction-story-mouth-lottie.json */; };
		CF1CFF50B8769999BB9A5A04 /* Lottie in Frameworks */ = {isa = PBXBuildFile; productRef = C1B2A406145A00EB9AEC563F /* Lottie */; };
		D0961BB9735692A463FAFDEB /* storyProblem1.mp3 in Resources */ = {isa = PBXBuildFile; fileRef = C8027C07E72C7836D2AC3053 /* storyProblem1.mp3 */; };
		D0D6DF65F68B813028787B05 /* RatingButton.swift in Sources */ = {isa = PBXBuildFile; fileRef = E4863008C271925946CAD80A /* RatingButton.swift */; };
		D0F30E052911BDCFC572BA64 /* SignInView.swift in Sources */ = {isa = PBXBuildFile; fileRef = 2219177FFF1B09D62FA4DA22 /* SignInView.swift */; };
		D48503FF92E5A474F164C048 /* HistoryCloudKitService.swift in Sources */ = {isa = PBXBuildFile; fileRef = FC20C4604943A215C8604916 /* HistoryCloudKitService.swift */; };
		D4A2D94DA00F296C6399F8D5 /* MascotAlignment.swift in Sources */ = {isa = PBXBuildFile; fileRef = 8C8D464BCB300240BE4D8256 /* MascotAlignment.swift */; };
		D5FC6D7E0D8EC78802658001 /* MenuButtonType.swift in Sources */ = {isa = PBXBuildFile; fileRef = 2DF260FF5CF4429EC94D5D31 /* MenuButtonType.swift */; };
		D8FB8ABE273A172E42CB50B5 /* ReflectionInputView.swift in Sources */ = {isa = PBXBuildFile; fileRef = 8473CE3986541B07C032E6F1 /* ReflectionInputView.swift */; };
		DBB81546753952D3F9F94C27 /* RoundedCornerExtension.swift in Sources */ = {isa = PBXBuildFile; fileRef = 10D56E1A3547CCE942180C14 /* RoundedCornerExtension.swift */; };
		DC7EDDD2193FDF11798F72D9 /* a-scene-2.json in Resources */ = {isa = PBXBuildFile; fileRef = 050B574E5A48C1E12A098099 /* a-scene-2.json */; };
		DDCA59CF4AFC1098795EAE9B /* SelfAffirmationViewModel.swift in Sources */ = {isa = PBXBuildFile; fileRef = 7EAC8E7EE5104CDFC8040B6F /* SelfAffirmationViewModel.swift */; };
		DE6921E3AD96E9F2AE2C1006 /* PermissionViewModel.swift in Sources */ = {isa = PBXBuildFile; fileRef = C0278296C5C6B3803B3FA27D /* PermissionViewModel.swift */; };
		E015BF29C9B652FA3421B272 /* MascotText.swift in Sources */ = {isa = PBXBuildFile; fileRef = 256229CABC1516796AB563DD /* MascotText.swift */; };
		E3E2536ACAB7C729C82FD0DD /* OnboardingView.swift in Sources */ = {isa = PBXBuildFile; fileRef = 9171258F06FEEF6B0E955448 /* OnboardingView.swift */; };
		E6E162C87F5CD58E9E1E0A81 /* BreathingView.swift in Sources */ = {isa = PBXBuildFile; fileRef = 5BC97CB2F78548EB26D92B17 /* BreathingView.swift */; };
		E769CA294F31B5704E941E8A /* TextArea.swift in Sources */ = {isa = PBXBuildFile; fileRef = FAE0041F1567196D9E16E0A1 /* TextArea.swift */; };
		E784541B6E5C47BE9D003E81 /* introduction-story-lottie.json in Resources */ = {isa = PBXBuildFile; fileRef = 2E59EE03F1FE1E8A08DFEF77 /* introduction-story-lottie.json */; };
		E97146A414F9934D678E8F5B /* AppStorageService.swift in Sources */ = {isa = PBXBuildFile; fileRef = 00C49981CB8304024136C41C /* AppStorageService.swift */; };
		EC3127070E24EDB1E4C61D2C /* meditation.mp3 in Resources */ = {isa = PBXBuildFile; fileRef = 84DD4105C10F9FECCC79D057 /* meditation.mp3 */; };
		EED74D62F5A1C589512E5315 /* problem4.mp3 in Resources */ = {isa = PBXBuildFile; fileRef = E1889D9DA23FBF78F6FF36CD /* problem4.mp3 */; };
		F0382B3614022B868BF725C3 /* ReflectionInputViewModel.swift in Sources */ = {isa = PBXBuildFile; fileRef = 233ED3193C899F751E26661F /* ReflectionInputViewModel.swift */; };
		F14DCD392E3AEE73365B5182 /* APIType.swift in Sources */ = {isa = PBXBuildFile; fileRef = CC3BF0A2F665C5D3C69D36B6 /* APIType.swift */; };
		F5CE79608B474F6B8033CBFD /* BodyText.swift in Sources */ = {isa = PBXBuildFile; fileRef = 21F3072F3FCC2B5186A86CF7 /* BodyText.swift */; };
		F74D0A1F01B0C221F11EB65D /* DateComponentsFormatter.swift in Sources */ = {isa = PBXBuildFile; fileRef = 6AA74BADD2DEEBB741F1F374 /* DateComponentsFormatter.swift */; };
		F78D5B2B26187F6D74564372 /* TextToSpeech.swift in Sources */ = {isa = PBXBuildFile; fileRef = 3668098F9E54D75D4C93117E /* TextToSpeech.swift */; };
		F8F02941A943C6DD89693C6A /* BubbleText.swift in Sources */ = {isa = PBXBuildFile; fileRef = 3E12E31C40CA6FC8F4417DBB /* BubbleText.swift */; };
		F9E46D7115A3A66FD6E99ED7 /* problem1.mp3 in Resources */ = {isa = PBXBuildFile; fileRef = 410511395EF693690CE70B36 /* problem1.mp3 */; };
		FB168C61D2FC7439197E5835 /* UserInputType.swift in Sources */ = {isa = PBXBuildFile; fileRef = 8EA9E539625A9184523CED23 /* UserInputType.swift */; };
		FE6B6C37F545F26FFB945167 /* problem3.mp3 in Resources */ = {isa = PBXBuildFile; fileRef = 72B663DDBB2097442C73A648 /* problem3.mp3 */; };
		FF0EDFA3C92BB8BEFED019D0 /* ViewPath.swift in Sources */ = {isa = PBXBuildFile; fileRef = E1E78D36F406A33DB0640571 /* ViewPath.swift */; };
/* End PBXBuildFile section */

/* Begin PBXFileReference section */
		00C49981CB8304024136C41C /* AppStorageService.swift */ = {isa = PBXFileReference; lastKnownFileType = sourcecode.swift; path = AppStorageService.swift; sourceTree = "<group>"; };
		01C9144049DCEB50A8DBF787 /* MC3App.swift */ = {isa = PBXFileReference; lastKnownFileType = sourcecode.swift; path = MC3App.swift; sourceTree = "<group>"; };
		03DB609AE6C22016450A2113 /* PlayTextViewModel.swift */ = {isa = PBXFileReference; lastKnownFileType = sourcecode.swift; path = PlayTextViewModel.swift; sourceTree = "<group>"; };
		050B574E5A48C1E12A098099 /* a-scene-2.json */ = {isa = PBXFileReference; lastKnownFileType = text.json; path = "a-scene-2.json"; sourceTree = "<group>"; };
		05251D4FEFC308D1DD1D644D /* APIManager.swift */ = {isa = PBXFileReference; lastKnownFileType = sourcecode.swift; path = APIManager.swift; sourceTree = "<group>"; };
		052F77F409D6AA72A13909DF /* breathing-lottie.json */ = {isa = PBXFileReference; lastKnownFileType = text.json; path = "breathing-lottie.json"; sourceTree = "<group>"; };
		070A9C1296B814B2E596BF94 /* RecordType.swift */ = {isa = PBXFileReference; lastKnownFileType = sourcecode.swift; path = RecordType.swift; sourceTree = "<group>"; };
		07166E4A25EE46934FFF168F /* StoryCloudKitService.swift */ = {isa = PBXFileReference; lastKnownFileType = sourcecode.swift; path = StoryCloudKitService.swift; sourceTree = "<group>"; };
		09EBE55869CF199C3FE1FDC7 /* SoundCloudKitService.swift */ = {isa = PBXFileReference; lastKnownFileType = sourcecode.swift; path = SoundCloudKitService.swift; sourceTree = "<group>"; };
		0B53D7342D25D330827E604C /* StoryIntroductionView.swift */ = {isa = PBXFileReference; lastKnownFileType = sourcecode.swift; path = StoryIntroductionView.swift; sourceTree = "<group>"; };
		0C8EF80B8A182C96C22F069B /* StoryRecapView.swift */ = {isa = PBXFileReference; lastKnownFileType = sourcecode.swift; path = StoryRecapView.swift; sourceTree = "<group>"; };
		0F656C5EA3326B1EC4827D62 /* SpeechRecognizer.swift */ = {isa = PBXFileReference; lastKnownFileType = sourcecode.swift; path = SpeechRecognizer.swift; sourceTree = "<group>"; };
		10D56E1A3547CCE942180C14 /* RoundedCornerExtension.swift */ = {isa = PBXFileReference; lastKnownFileType = sourcecode.swift; path = RoundedCornerExtension.swift; sourceTree = "<group>"; };
		166C61A28EC8914FF3CEF135 /* MC3.app */ = {isa = PBXFileReference; explicitFileType = wrapper.application; includeInIndex = 0; path = MC3.app; sourceTree = BUILT_PRODUCTS_DIR; };
		186879D8BA519BB4492DDC00 /* AffirmationModel.swift */ = {isa = PBXFileReference; lastKnownFileType = sourcecode.swift; path = AffirmationModel.swift; sourceTree = "<group>"; };
		1AD32C51F9257AC6C281807C /* AudioManager.swift */ = {isa = PBXFileReference; lastKnownFileType = sourcecode.swift; path = AudioManager.swift; sourceTree = "<group>"; };
		1B52961A21A36C6BCC53EA9E /* StoryRecapViewModel.swift */ = {isa = PBXFileReference; lastKnownFileType = sourcecode.swift; path = StoryRecapViewModel.swift; sourceTree = "<group>"; };
		1E2ABEB5423D716CF3E2F30A /* MainView.swift */ = {isa = PBXFileReference; lastKnownFileType = sourcecode.swift; path = MainView.swift; sourceTree = "<group>"; };
		1F5EFF667064D9CA67205AF0 /* storyReflection2.mp3 */ = {isa = PBXFileReference; lastKnownFileType = audio.mp3; path = storyReflection2.mp3; sourceTree = "<group>"; };
		202AB065B018462D0672B9B9 /* ControlButton.swift */ = {isa = PBXFileReference; lastKnownFileType = sourcecode.swift; path = ControlButton.swift; sourceTree = "<group>"; };
		21F3072F3FCC2B5186A86CF7 /* BodyText.swift */ = {isa = PBXFileReference; lastKnownFileType = sourcecode.swift; path = BodyText.swift; sourceTree = "<group>"; };
		2219177FFF1B09D62FA4DA22 /* SignInView.swift */ = {isa = PBXFileReference; lastKnownFileType = sourcecode.swift; path = SignInView.swift; sourceTree = "<group>"; };
		233ED3193C899F751E26661F /* ReflectionInputViewModel.swift */ = {isa = PBXFileReference; lastKnownFileType = sourcecode.swift; path = ReflectionInputViewModel.swift; sourceTree = "<group>"; };
		256229CABC1516796AB563DD /* MascotText.swift */ = {isa = PBXFileReference; lastKnownFileType = sourcecode.swift; path = MascotText.swift; sourceTree = "<group>"; };
		26624417B69DADAE07B2DE65 /* StoryView.swift */ = {isa = PBXFileReference; lastKnownFileType = sourcecode.swift; path = StoryView.swift; sourceTree = "<group>"; };
		26706FFF39D6B11C9D400EBF /* CloudKitManager.swift */ = {isa = PBXFileReference; lastKnownFileType = sourcecode.swift; path = CloudKitManager.swift; sourceTree = "<group>"; };
		275EB4D57AA4F8B6663B57C1 /* a-scene-3.json */ = {isa = PBXFileReference; lastKnownFileType = text.json; path = "a-scene-3.json"; sourceTree = "<group>"; };
		29C7592F6D23C16626EC1187 /* OnboardingType.swift */ = {isa = PBXFileReference; lastKnownFileType = sourcecode.swift; path = OnboardingType.swift; sourceTree = "<group>"; };
		2BC5DC85C5A8085AD62A0334 /* SingleTextField.swift */ = {isa = PBXFileReference; lastKnownFileType = sourcecode.swift; path = SingleTextField.swift; sourceTree = "<group>"; };
		2DF260FF5CF4429EC94D5D31 /* MenuButtonType.swift */ = {isa = PBXFileReference; lastKnownFileType = sourcecode.swift; path = MenuButtonType.swift; sourceTree = "<group>"; };
		2E59EE03F1FE1E8A08DFEF77 /* introduction-story-lottie.json */ = {isa = PBXFileReference; lastKnownFileType = text.json; path = "introduction-story-lottie.json"; sourceTree = "<group>"; };
		2ECB91196FC474D577B75F0C /* HistoryModel.swift */ = {isa = PBXFileReference; lastKnownFileType = sourcecode.swift; path = HistoryModel.swift; sourceTree = "<group>"; };
		2F29E3B8F064F33693137407 /* introduction-story-mouth-lottie.json */ = {isa = PBXFileReference; lastKnownFileType = text.json; path = "introduction-story-mouth-lottie.json"; sourceTree = "<group>"; };
		2F350FC7B90F169FCCFFDEAD /* BreathingViewModel.swift */ = {isa = PBXFileReference; lastKnownFileType = sourcecode.swift; path = BreathingViewModel.swift; sourceTree = "<group>"; };
		304E0B30C7338EEC5B8BE2F5 /* MenuButton.swift */ = {isa = PBXFileReference; lastKnownFileType = sourcecode.swift; path = MenuButton.swift; sourceTree = "<group>"; };
		30BC7D9D3EF1F0887EA466CA /* StoryProblemType.swift */ = {isa = PBXFileReference; lastKnownFileType = sourcecode.swift; path = StoryProblemType.swift; sourceTree = "<group>"; };
		3258556AE7936A8A1B4C45AB /* Mascot.swift */ = {isa = PBXFileReference; lastKnownFileType = sourcecode.swift; path = Mascot.swift; sourceTree = "<group>"; };
		334122CD36A392F819F717BD /* selfAffirmation.mp3 */ = {isa = PBXFileReference; lastKnownFileType = audio.mp3; path = selfAffirmation.mp3; sourceTree = "<group>"; };
		3668098F9E54D75D4C93117E /* TextToSpeech.swift */ = {isa = PBXFileReference; lastKnownFileType = sourcecode.swift; path = TextToSpeech.swift; sourceTree = "<group>"; };
		3E12E31C40CA6FC8F4417DBB /* BubbleText.swift */ = {isa = PBXFileReference; lastKnownFileType = sourcecode.swift; path = BubbleText.swift; sourceTree = "<group>"; };
		3E9B158E02CF623507902F0B /* IntroductionToStoryView.swift */ = {isa = PBXFileReference; lastKnownFileType = sourcecode.swift; path = IntroductionToStoryView.swift; sourceTree = "<group>"; };
		4079CDA0F70F2C64CF4CD41D /* RatingModel.swift */ = {isa = PBXFileReference; lastKnownFileType = sourcecode.swift; path = RatingModel.swift; sourceTree = "<group>"; };
		410511395EF693690CE70B36 /* problem1.mp3 */ = {isa = PBXFileReference; lastKnownFileType = audio.mp3; path = problem1.mp3; sourceTree = "<group>"; };
		424846C34B36D85C3F2C46E0 /* MusicModel.swift */ = {isa = PBXFileReference; lastKnownFileType = sourcecode.swift; path = MusicModel.swift; sourceTree = "<group>"; };
		4995A677D67753A526E61906 /* Assets.xcassets */ = {isa = PBXFileReference; lastKnownFileType = folder.assetcatalog; path = Assets.xcassets; sourceTree = "<group>"; };
		4B30C88FF2ED6705441E7B97 /* StoryProblemView.swift */ = {isa = PBXFileReference; lastKnownFileType = sourcecode.swift; path = StoryProblemView.swift; sourceTree = "<group>"; };
		4D6F9C57BC0FF60AE6B1654F /* MainViewModel.swift */ = {isa = PBXFileReference; lastKnownFileType = sourcecode.swift; path = MainViewModel.swift; sourceTree = "<group>"; };
		5A69FD2092B9DDACCEBF11CC /* LottieController.swift */ = {isa = PBXFileReference; lastKnownFileType = sourcecode.swift; path = LottieController.swift; sourceTree = "<group>"; };
		5BC97CB2F78548EB26D92B17 /* BreathingView.swift */ = {isa = PBXFileReference; lastKnownFileType = sourcecode.swift; path = BreathingView.swift; sourceTree = "<group>"; };
		6197872975F6429938A757D9 /* ValidateProblemView.swift */ = {isa = PBXFileReference; lastKnownFileType = sourcecode.swift; path = ValidateProblemView.swift; sourceTree = "<group>"; };
		6451CD132AA84E2D61177064 /* PublicFigureModel.swift */ = {isa = PBXFileReference; lastKnownFileType = sourcecode.swift; path = PublicFigureModel.swift; sourceTree = "<group>"; };
		6AA74BADD2DEEBB741F1F374 /* DateComponentsFormatter.swift */ = {isa = PBXFileReference; lastKnownFileType = sourcecode.swift; path = DateComponentsFormatter.swift; sourceTree = "<group>"; };
		6F86BA0BC43B0A743E491C47 /* StoryIntroductionViewModel.swift */ = {isa = PBXFileReference; lastKnownFileType = sourcecode.swift; path = StoryIntroductionViewModel.swift; sourceTree = "<group>"; };
		72B663DDBB2097442C73A648 /* problem3.mp3 */ = {isa = PBXFileReference; lastKnownFileType = audio.mp3; path = problem3.mp3; sourceTree = "<group>"; };
		72CD91F1A1BCDFF9255DF4BC /* Preview Assets.xcassets */ = {isa = PBXFileReference; lastKnownFileType = folder.assetcatalog; path = "Preview Assets.xcassets"; sourceTree = "<group>"; };
		7846C06719CCEA5328E35171 /* SoundModel.swift */ = {isa = PBXFileReference; lastKnownFileType = sourcecode.swift; path = SoundModel.swift; sourceTree = "<group>"; };
		79465DAE2D77B39B169EA711 /* TitleText.swift */ = {isa = PBXFileReference; lastKnownFileType = sourcecode.swift; path = TitleText.swift; sourceTree = "<group>"; };
		7EAC8E7EE5104CDFC8040B6F /* SelfAffirmationViewModel.swift */ = {isa = PBXFileReference; lastKnownFileType = sourcecode.swift; path = SelfAffirmationViewModel.swift; sourceTree = "<group>"; };
		7F576E298BB7CB1EA2EBFC68 /* InputProblemView.swift */ = {isa = PBXFileReference; lastKnownFileType = sourcecode.swift; path = InputProblemView.swift; sourceTree = "<group>"; };
		81593BA4C88DE1DCAC87FDEF /* UserCoreDataService.swift */ = {isa = PBXFileReference; lastKnownFileType = sourcecode.swift; path = UserCoreDataService.swift; sourceTree = "<group>"; };
		8473CE3986541B07C032E6F1 /* ReflectionInputView.swift */ = {isa = PBXFileReference; lastKnownFileType = sourcecode.swift; path = ReflectionInputView.swift; sourceTree = "<group>"; };
		84DD4105C10F9FECCC79D057 /* meditation.mp3 */ = {isa = PBXFileReference; lastKnownFileType = audio.mp3; path = meditation.mp3; sourceTree = "<group>"; };
		85B29ED074EB6C291B357754 /* RatingCloudKitService.swift */ = {isa = PBXFileReference; lastKnownFileType = sourcecode.swift; path = RatingCloudKitService.swift; sourceTree = "<group>"; };
		861CFED72FDE82A8C140AE07 /* KeyboardService.swift */ = {isa = PBXFileReference; lastKnownFileType = sourcecode.swift; path = KeyboardService.swift; sourceTree = "<group>"; };
		8684176D453F8B18737479B3 /* problem2.mp3 */ = {isa = PBXFileReference; lastKnownFileType = audio.mp3; path = problem2.mp3; sourceTree = "<group>"; };
		8698F4D2D6B0E7E5F6A905E9 /* StoryViewModel.swift */ = {isa = PBXFileReference; lastKnownFileType = sourcecode.swift; path = StoryViewModel.swift; sourceTree = "<group>"; };
		892C5F702DB97163C626B256 /* charachter-animation-lottie.json */ = {isa = PBXFileReference; lastKnownFileType = text.json; path = "charachter-animation-lottie.json"; sourceTree = "<group>"; };
		8C8D464BCB300240BE4D8256 /* MascotAlignment.swift */ = {isa = PBXFileReference; lastKnownFileType = sourcecode.swift; path = MascotAlignment.swift; sourceTree = "<group>"; };
		8EA9E539625A9184523CED23 /* UserInputType.swift */ = {isa = PBXFileReference; lastKnownFileType = sourcecode.swift; path = UserInputType.swift; sourceTree = "<group>"; };
		8F1DBC05F8A2116472D35E2D /* ChatGPTStoryModel.swift */ = {isa = PBXFileReference; lastKnownFileType = sourcecode.swift; path = ChatGPTStoryModel.swift; sourceTree = "<group>"; };
		9103D3B18A2A6F1E474BD398 /* ElevenLabsAPIService.swift */ = {isa = PBXFileReference; lastKnownFileType = sourcecode.swift; path = ElevenLabsAPIService.swift; sourceTree = "<group>"; };
		911F338012FB3D895D9EB6FA /* UserCloudKitService.swift */ = {isa = PBXFileReference; lastKnownFileType = sourcecode.swift; path = UserCloudKitService.swift; sourceTree = "<group>"; };
		9171258F06FEEF6B0E955448 /* OnboardingView.swift */ = {isa = PBXFileReference; lastKnownFileType = sourcecode.swift; path = OnboardingView.swift; sourceTree = "<group>"; };
		940BC9E5E97FA211B9C74118 /* MeditationModel.swift */ = {isa = PBXFileReference; lastKnownFileType = sourcecode.swift; path = MeditationModel.swift; sourceTree = "<group>"; };
		9641B3A9E5B8A4F16617B34B /* LottieView.swift */ = {isa = PBXFileReference; lastKnownFileType = sourcecode.swift; path = LottieView.swift; sourceTree = "<group>"; };
		99068F7B27651DDA315EA459 /* UserModel.swift */ = {isa = PBXFileReference; lastKnownFileType = sourcecode.swift; path = UserModel.swift; sourceTree = "<group>"; };
		9A3E8B3540D85CCB918AC858 /* a-scene-1.json */ = {isa = PBXFileReference; lastKnownFileType = text.json; path = "a-scene-1.json"; sourceTree = "<group>"; };
		9B20D09978AFD5FD7F3B24DD /* ChatBubble.swift */ = {isa = PBXFileReference; lastKnownFileType = sourcecode.swift; path = ChatBubble.swift; sourceTree = "<group>"; };
		9D0A256A74CE66FFF9A9E2F3 /* motivation.mp3 */ = {isa = PBXFileReference; lastKnownFileType = audio.mp3; path = motivation.mp3; sourceTree = "<group>"; };
		9ECA11DC11426F723C34996C /* CategoryModel.swift */ = {isa = PBXFileReference; lastKnownFileType = sourcecode.swift; path = CategoryModel.swift; sourceTree = "<group>"; };
		9EEED52665EB001AC805F9A7 /* HomeViewModel.swift */ = {isa = PBXFileReference; lastKnownFileType = sourcecode.swift; path = HomeViewModel.swift; sourceTree = "<group>"; };
		9FC5E2AC11C76590E5C0DD6A /* ReflectionCompleteView.swift */ = {isa = PBXFileReference; lastKnownFileType = sourcecode.swift; path = ReflectionCompleteView.swift; sourceTree = "<group>"; };
		9FD5112FEC695B4A661BCA3C /* NLPService.swift */ = {isa = PBXFileReference; lastKnownFileType = sourcecode.swift; path = NLPService.swift; sourceTree = "<group>"; };
		A175E5F18D630161C3732330 /* SceneView.swift */ = {isa = PBXFileReference; lastKnownFileType = sourcecode.swift; path = SceneView.swift; sourceTree = "<group>"; };
		A1D4B27EA599914C697D4061 /* HomeView.swift */ = {isa = PBXFileReference; lastKnownFileType = sourcecode.swift; path = HomeView.swift; sourceTree = "<group>"; };
		A6745C6A8280FD98E300DF3D /* storyProblem3.mp3 */ = {isa = PBXFileReference; lastKnownFileType = audio.mp3; path = storyProblem3.mp3; sourceTree = "<group>"; };
		A75BF0EBA79319784567F321 /* OnboardingViewModel.swift */ = {isa = PBXFileReference; lastKnownFileType = sourcecode.swift; path = OnboardingViewModel.swift; sourceTree = "<group>"; };
		AAA35790FA4A20BB792DFBCA /* PathStore.swift */ = {isa = PBXFileReference; lastKnownFileType = sourcecode.swift; path = PathStore.swift; sourceTree = "<group>"; };
		B443EEBCCF0AFB01B445245B /* ContentView.swift */ = {isa = PBXFileReference; lastKnownFileType = sourcecode.swift; path = ContentView.swift; sourceTree = "<group>"; };
		B553D3F8CCFC6F12B16A1F01 /* storyProblem4.mp3 */ = {isa = PBXFileReference; lastKnownFileType = audio.mp3; path = storyProblem4.mp3; sourceTree = "<group>"; };
		B964F6BFD3A1BE9C49738C47 /* MC3.xcdatamodel */ = {isa = PBXFileReference; lastKnownFileType = wrapper.xcdatamodel; path = MC3.xcdatamodel; sourceTree = "<group>"; };
		B9D091E66CFF4E13FE6A9B02 /* MascotViewModel.swift */ = {isa = PBXFileReference; lastKnownFileType = sourcecode.swift; path = MascotViewModel.swift; sourceTree = "<group>"; };
		BC3E65DD923F8F020D7B7442 /* ReflectionDetailView.swift */ = {isa = PBXFileReference; lastKnownFileType = sourcecode.swift; path = ReflectionDetailView.swift; sourceTree = "<group>"; };
		BF788A36412F887CCFAD30F6 /* SelfAffirmationView.swift */ = {isa = PBXFileReference; lastKnownFileType = sourcecode.swift; path = SelfAffirmationView.swift; sourceTree = "<group>"; };
		BFD9B18C653120D2B88DD567 /* ChatGPTService.swift */ = {isa = PBXFileReference; lastKnownFileType = sourcecode.swift; path = ChatGPTService.swift; sourceTree = "<group>"; };
		C0278296C5C6B3803B3FA27D /* PermissionViewModel.swift */ = {isa = PBXFileReference; lastKnownFileType = sourcecode.swift; path = PermissionViewModel.swift; sourceTree = "<group>"; };
		C07D2ECB2B9CA1E2534C22D1 /* Info.plist */ = {isa = PBXFileReference; lastKnownFileType = text.plist; path = Info.plist; sourceTree = "<group>"; };
		C8027C07E72C7836D2AC3053 /* storyProblem1.mp3 */ = {isa = PBXFileReference; lastKnownFileType = audio.mp3; path = storyProblem1.mp3; sourceTree = "<group>"; };
		CB5FE91BE0C62F474C6FA2EE /* storyProblem2.mp3 */ = {isa = PBXFileReference; lastKnownFileType = audio.mp3; path = storyProblem2.mp3; sourceTree = "<group>"; };
		CC3BF0A2F665C5D3C69D36B6 /* APIType.swift */ = {isa = PBXFileReference; lastKnownFileType = sourcecode.swift; path = APIType.swift; sourceTree = "<group>"; };
		D0EAF825C01E9259DECE43CF /* ButtonType.swift */ = {isa = PBXFileReference; lastKnownFileType = sourcecode.swift; path = ButtonType.swift; sourceTree = "<group>"; };
		D3B7774BBA0A73448DFD3DF0 /* SecondaryButton.swift */ = {isa = PBXFileReference; lastKnownFileType = sourcecode.swift; path = SecondaryButton.swift; sourceTree = "<group>"; };
		D41693CD3F89EA7FA9778052 /* CoreDataManager.swift */ = {isa = PBXFileReference; lastKnownFileType = sourcecode.swift; path = CoreDataManager.swift; sourceTree = "<group>"; };
		D67412C3F3353A0B703FE2F9 /* mouth-animation-lottie.json */ = {isa = PBXFileReference; lastKnownFileType = text.json; path = "mouth-animation-lottie.json"; sourceTree = "<group>"; };
		D67A9401FA21301F28928D36 /* PrimaryButton.swift */ = {isa = PBXFileReference; lastKnownFileType = sourcecode.swift; path = PrimaryButton.swift; sourceTree = "<group>"; };
		DA314EC238F5D4315E485800 /* UserViewModel.swift */ = {isa = PBXFileReference; lastKnownFileType = sourcecode.swift; path = UserViewModel.swift; sourceTree = "<group>"; };
		DA5D206D606EF02399A2950F /* SignInViewModel.swift */ = {isa = PBXFileReference; lastKnownFileType = sourcecode.swift; path = SignInViewModel.swift; sourceTree = "<group>"; };
		DBB002861B70E90841F9CED9 /* Persistence.swift */ = {isa = PBXFileReference; lastKnownFileType = sourcecode.swift; path = Persistence.swift; sourceTree = "<group>"; };
		DD69EC9AABF6C24710B7D7BD /* MoreStoryView.swift */ = {isa = PBXFileReference; lastKnownFileType = sourcecode.swift; path = MoreStoryView.swift; sourceTree = "<group>"; };
		E1889D9DA23FBF78F6FF36CD /* problem4.mp3 */ = {isa = PBXFileReference; lastKnownFileType = audio.mp3; path = problem4.mp3; sourceTree = "<group>"; };
		E1E78D36F406A33DB0640571 /* ViewPath.swift */ = {isa = PBXFileReference; lastKnownFileType = sourcecode.swift; path = ViewPath.swift; sourceTree = "<group>"; };
		E3C39A434D8D91405E7AD01D /* storyReflection1.mp3 */ = {isa = PBXFileReference; lastKnownFileType = audio.mp3; path = storyReflection1.mp3; sourceTree = "<group>"; };
		E4863008C271925946CAD80A /* RatingButton.swift */ = {isa = PBXFileReference; lastKnownFileType = sourcecode.swift; path = RatingButton.swift; sourceTree = "<group>"; };
		E649DE2D034892FFEA4F816B /* PermissionView.swift */ = {isa = PBXFileReference; lastKnownFileType = sourcecode.swift; path = PermissionView.swift; sourceTree = "<group>"; };
		E861774A4FB3039A06A37308 /* IntroductionView.swift */ = {isa = PBXFileReference; lastKnownFileType = sourcecode.swift; path = IntroductionView.swift; sourceTree = "<group>"; };
		EB30653C524ACD1EF39549F8 /* InputProblemViewModel.swift */ = {isa = PBXFileReference; lastKnownFileType = sourcecode.swift; path = InputProblemViewModel.swift; sourceTree = "<group>"; };
		ED30BA852CDF8DED1B4D52B4 /* StoryProblemViewModel.swift */ = {isa = PBXFileReference; lastKnownFileType = sourcecode.swift; path = StoryProblemViewModel.swift; sourceTree = "<group>"; };
		ED54870053CE38845B5FFAF0 /* StoryModel.swift */ = {isa = PBXFileReference; lastKnownFileType = sourcecode.swift; path = StoryModel.swift; sourceTree = "<group>"; };
		EF0ABD723E8ECA14B5FE706A /* SoundCoreDataService.swift */ = {isa = PBXFileReference; lastKnownFileType = sourcecode.swift; path = SoundCoreDataService.swift; sourceTree = "<group>"; };
		F29082F8947A98DA937638E7 /* storyIntroduction1.mp3 */ = {isa = PBXFileReference; lastKnownFileType = audio.mp3; path = storyIntroduction1.mp3; sourceTree = "<group>"; };
		FAE0041F1567196D9E16E0A1 /* TextArea.swift */ = {isa = PBXFileReference; lastKnownFileType = sourcecode.swift; path = TextArea.swift; sourceTree = "<group>"; };
		FC20C4604943A215C8604916 /* HistoryCloudKitService.swift */ = {isa = PBXFileReference; lastKnownFileType = sourcecode.swift; path = HistoryCloudKitService.swift; sourceTree = "<group>"; };
		FEE21FF18307BCCE53658D68 /* MC3.entitlements */ = {isa = PBXFileReference; lastKnownFileType = text.plist.entitlements; path = MC3.entitlements; sourceTree = "<group>"; };
/* End PBXFileReference section */

/* Begin PBXFrameworksBuildPhase section */
		13856413DBF3ACFF28616093 /* Frameworks */ = {
			isa = PBXFrameworksBuildPhase;
			buildActionMask = 2147483647;
			files = (
				CF1CFF50B8769999BB9A5A04 /* Lottie in Frameworks */,
			);
			runOnlyForDeploymentPostprocessing = 0;
		};
/* End PBXFrameworksBuildPhase section */

/* Begin PBXGroup section */
		016CE9D32C596A703AD631D6 /* Services */ = {
			isa = PBXGroup;
			children = (
				00C49981CB8304024136C41C /* AppStorageService.swift */,
				1AD32C51F9257AC6C281807C /* AudioManager.swift */,
				861CFED72FDE82A8C140AE07 /* KeyboardService.swift */,
				9FD5112FEC695B4A661BCA3C /* NLPService.swift */,
				41EE65D0A42C019A4F984A60 /* API */,
				B3F9179371504BA14DF43A3E /* CloudKit */,
				B99E3B097E1B83E050437A9F /* CoreData */,
			);
			path = Services;
			sourceTree = "<group>";
		};
		01BDF1F3CC5C459B3A02E1A0 /* Onboarding */ = {
			isa = PBXGroup;
			children = (
				29C7592F6D23C16626EC1187 /* OnboardingType.swift */,
				9171258F06FEEF6B0E955448 /* OnboardingView.swift */,
				D281A09190D4FDEC8883CD42 /* Introduction */,
				1BC1826EA0892841CCBAED27 /* Permission */,
				718B0B09B9DCF22D92CAC854 /* SignIn */,
			);
			path = Onboarding;
			sourceTree = "<group>";
		};
		0265268496E06567BFF60F2E /* Reflection */ = {
			isa = PBXGroup;
			children = (
				9FC5E2AC11C76590E5C0DD6A /* ReflectionCompleteView.swift */,
				BC3E65DD923F8F020D7B7442 /* ReflectionDetailView.swift */,
				8473CE3986541B07C032E6F1 /* ReflectionInputView.swift */,
			);
			path = Reflection;
			sourceTree = "<group>";
		};
		02D2A387022294CEAB24A59E /* StoryIntroduction */ = {
			isa = PBXGroup;
			children = (
				3E9B158E02CF623507902F0B /* IntroductionToStoryView.swift */,
				0B53D7342D25D330827E604C /* StoryIntroductionView.swift */,
			);
			path = StoryIntroduction;
			sourceTree = "<group>";
		};
		04C8CB85B9B133879F254DED /* MC3 */ = {
			isa = PBXGroup;
			children = (
				4995A677D67753A526E61906 /* Assets.xcassets */,
				B443EEBCCF0AFB01B445245B /* ContentView.swift */,
				C07D2ECB2B9CA1E2534C22D1 /* Info.plist */,
				FEE21FF18307BCCE53658D68 /* MC3.entitlements */,
				0E16D09F48F547D52473BDA4 /* MC3.xcdatamodeld */,
				01C9144049DCEB50A8DBF787 /* MC3App.swift */,
				DBB002861B70E90841F9CED9 /* Persistence.swift */,
				D893A337A5AA17F7E23AE717 /* Models */,
				3AD1249E35712BD2241D2CB4 /* Presenter */,
				68FE0954F0B599DE4C811E83 /* Preview Content */,
				4A7DEA5BD354F1B1DD29DDA2 /* Sound */,
				12D355F1A6988E787A226F65 /* Utilities */,
			);
			path = MC3;
			sourceTree = "<group>";
		};
		0538E3FD109C6B82A67BBCCE /* Routings */ = {
			isa = PBXGroup;
			children = (
				AAA35790FA4A20BB792DFBCA /* PathStore.swift */,
				E1E78D36F406A33DB0640571 /* ViewPath.swift */,
			);
			path = Routings;
			sourceTree = "<group>";
		};
		0DF7585CF1612816F597BDE0 /* Problem */ = {
			isa = PBXGroup;
			children = (
				EB30653C524ACD1EF39549F8 /* InputProblemViewModel.swift */,
			);
			path = Problem;
			sourceTree = "<group>";
		};
		0E8BB7A2580DE8E48872029E /* TextField */ = {
			isa = PBXGroup;
			children = (
				2BC5DC85C5A8085AD62A0334 /* SingleTextField.swift */,
				FAE0041F1567196D9E16E0A1 /* TextArea.swift */,
			);
			path = TextField;
			sourceTree = "<group>";
		};
		12D355F1A6988E787A226F65 /* Utilities */ = {
			isa = PBXGroup;
			children = (
				E65240D931FCB35DE1362BE4 /* Constant */,
				3550BD383366F4E44862A792 /* Enums */,
				CC1151F9628EF9CC094BDFD8 /* Extensions */,
				0538E3FD109C6B82A67BBCCE /* Routings */,
				016CE9D32C596A703AD631D6 /* Services */,
			);
			path = Utilities;
			sourceTree = "<group>";
		};
		173A8BEB71DD94085F2B5256 /* Story */ = {
			isa = PBXGroup;
			children = (
				26624417B69DADAE07B2DE65 /* StoryView.swift */,
				9601A2F8328657A485C70D5C /* Scene */,
			);
			path = Story;
			sourceTree = "<group>";
		};
		188C59AE1DE321FEF5BAA523 /* Reflection */ = {
			isa = PBXGroup;
			children = (
				233ED3193C899F751E26661F /* ReflectionInputViewModel.swift */,
			);
			path = Reflection;
			sourceTree = "<group>";
		};
		1BC1826EA0892841CCBAED27 /* Permission */ = {
			isa = PBXGroup;
			children = (
				E649DE2D034892FFEA4F816B /* PermissionView.swift */,
			);
			path = Permission;
			sourceTree = "<group>";
		};
		24DADF74D716FC8BDF7A2CC0 /* SignIn */ = {
			isa = PBXGroup;
			children = (
				DA5D206D606EF02399A2950F /* SignInViewModel.swift */,
			);
			path = SignIn;
			sourceTree = "<group>";
		};
		266961900954DAAFDB5A51B8 /* Data */ = {
			isa = PBXGroup;
			children = (
				9A3E8B3540D85CCB918AC858 /* a-scene-1.json */,
				050B574E5A48C1E12A098099 /* a-scene-2.json */,
				275EB4D57AA4F8B6663B57C1 /* a-scene-3.json */,
				052F77F409D6AA72A13909DF /* breathing-lottie.json */,
				892C5F702DB97163C626B256 /* charachter-animation-lottie.json */,
				2E59EE03F1FE1E8A08DFEF77 /* introduction-story-lottie.json */,
				2F29E3B8F064F33693137407 /* introduction-story-mouth-lottie.json */,
				D67412C3F3353A0B703FE2F9 /* mouth-animation-lottie.json */,
			);
			path = Data;
			sourceTree = "<group>";
		};
		275DA4DBA7CD4F0CFE30F714 /* Breathing */ = {
			isa = PBXGroup;
			children = (
				2F350FC7B90F169FCCFFDEAD /* BreathingViewModel.swift */,
			);
			path = Breathing;
			sourceTree = "<group>";
		};
		2AC80984236B4FC91A8EDDC5 /* StoryRecap */ = {
			isa = PBXGroup;
			children = (
				0C8EF80B8A182C96C22F069B /* StoryRecapView.swift */,
			);
			path = StoryRecap;
			sourceTree = "<group>";
		};
		31C282A3CD4FE5BAAA7E6217 /* StoryProblem */ = {
			isa = PBXGroup;
			children = (
				30BC7D9D3EF1F0887EA466CA /* StoryProblemType.swift */,
				4B30C88FF2ED6705441E7B97 /* StoryProblemView.swift */,
				F3C006F6D215F74750358EF8 /* Problem */,
				C46C4CFD6DCC00549D2CD840 /* ValidateProblem */,
			);
			path = StoryProblem;
			sourceTree = "<group>";
		};
		33F1F83CCFC4B52D083D5840 /* Problem */ = {
			isa = PBXGroup;
			children = (
				C8027C07E72C7836D2AC3053 /* storyProblem1.mp3 */,
				CB5FE91BE0C62F474C6FA2EE /* storyProblem2.mp3 */,
				A6745C6A8280FD98E300DF3D /* storyProblem3.mp3 */,
				B553D3F8CCFC6F12B16A1F01 /* storyProblem4.mp3 */,
			);
			path = Problem;
			sourceTree = "<group>";
		};
		3550BD383366F4E44862A792 /* Enums */ = {
			isa = PBXGroup;
			children = (
				D0EAF825C01E9259DECE43CF /* ButtonType.swift */,
				8C8D464BCB300240BE4D8256 /* MascotAlignment.swift */,
				2DF260FF5CF4429EC94D5D31 /* MenuButtonType.swift */,
				8EA9E539625A9184523CED23 /* UserInputType.swift */,
			);
			path = Enums;
			sourceTree = "<group>";
		};
		378FAC5AAA076D28C2FE86DB /* SelfAffirmation */ = {
			isa = PBXGroup;
			children = (
				BF788A36412F887CCFAD30F6 /* SelfAffirmationView.swift */,
			);
			path = SelfAffirmation;
			sourceTree = "<group>";
		};
		3AD1249E35712BD2241D2CB4 /* Presenter */ = {
			isa = PBXGroup;
			children = (
				ECF1155BA8912DE8A00D669C /* Components */,
				E48564B6C0E24DFD77246505 /* ViewModels */,
				BE8DEF9957197BF3CEEAB42E /* Views */,
			);
			path = Presenter;
			sourceTree = "<group>";
		};
		3D2E6B944EE2C1D29A4C3E84 /* Products */ = {
			isa = PBXGroup;
			children = (
				166C61A28EC8914FF3CEF135 /* MC3.app */,
			);
			name = Products;
			sourceTree = "<group>";
		};
		41EE65D0A42C019A4F984A60 /* API */ = {
			isa = PBXGroup;
			children = (
				05251D4FEFC308D1DD1D644D /* APIManager.swift */,
				CC3BF0A2F665C5D3C69D36B6 /* APIType.swift */,
				BFD9B18C653120D2B88DD567 /* ChatGPTService.swift */,
				9103D3B18A2A6F1E474BD398 /* ElevenLabsAPIService.swift */,
			);
			path = API;
			sourceTree = "<group>";
		};
		429661CA23F56DCEEF0516EF /* Button */ = {
			isa = PBXGroup;
			children = (
				202AB065B018462D0672B9B9 /* ControlButton.swift */,
				304E0B30C7338EEC5B8BE2F5 /* MenuButton.swift */,
				D67A9401FA21301F28928D36 /* PrimaryButton.swift */,
				E4863008C271925946CAD80A /* RatingButton.swift */,
				D3B7774BBA0A73448DFD3DF0 /* SecondaryButton.swift */,
			);
			path = Button;
			sourceTree = "<group>";
		};
		48A2D09A8893942B079C13C5 /* Story */ = {
			isa = PBXGroup;
			children = (
				8698F4D2D6B0E7E5F6A905E9 /* StoryViewModel.swift */,
				906EEC89367285052171A86A /* Scene */,
			);
			path = Story;
			sourceTree = "<group>";
		};
		4A7DEA5BD354F1B1DD29DDA2 /* Sound */ = {
			isa = PBXGroup;
			children = (
				84DD4105C10F9FECCC79D057 /* meditation.mp3 */,
				9D0A256A74CE66FFF9A9E2F3 /* motivation.mp3 */,
				A862D130405948727ED6EAF9 /* Problem */,
				FAF784DB278AB2A63D9CB32C /* SelfAffirmation */,
				79170DD22A57642F54D9D994 /* Story */,
			);
			path = Sound;
			sourceTree = "<group>";
		};
		4DB7F8E9DA4E380D64BE365C /* Home */ = {
			isa = PBXGroup;
			children = (
				9EEED52665EB001AC805F9A7 /* HomeViewModel.swift */,
			);
			path = Home;
			sourceTree = "<group>";
		};
		4FF8FD006170F6C89FC47F47 /* Lottie */ = {
			isa = PBXGroup;
			children = (
				5A69FD2092B9DDACCEBF11CC /* LottieController.swift */,
				9641B3A9E5B8A4F16617B34B /* LottieView.swift */,
				266961900954DAAFDB5A51B8 /* Data */,
			);
			path = Lottie;
			sourceTree = "<group>";
		};
		59836529DE007FBA22BE74A9 /* Reflection */ = {
			isa = PBXGroup;
			children = (
				E3C39A434D8D91405E7AD01D /* storyReflection1.mp3 */,
				1F5EFF667064D9CA67205AF0 /* storyReflection2.mp3 */,
			);
			path = Reflection;
			sourceTree = "<group>";
		};
		68FE0954F0B599DE4C811E83 /* Preview Content */ = {
			isa = PBXGroup;
			children = (
				72CD91F1A1BCDFF9255DF4BC /* Preview Assets.xcassets */,
			);
			path = "Preview Content";
			sourceTree = "<group>";
		};
		718B0B09B9DCF22D92CAC854 /* SignIn */ = {
			isa = PBXGroup;
			children = (
				2219177FFF1B09D62FA4DA22 /* SignInView.swift */,
			);
			path = SignIn;
			sourceTree = "<group>";
		};
		761ACC1DF378EBDF8903CC18 /* Permission */ = {
			isa = PBXGroup;
			children = (
				C0278296C5C6B3803B3FA27D /* PermissionViewModel.swift */,
			);
			path = Permission;
			sourceTree = "<group>";
		};
		79170DD22A57642F54D9D994 /* Story */ = {
			isa = PBXGroup;
			children = (
				E63878ACA0BBE48ACEBEC52D /* Introduction */,
				33F1F83CCFC4B52D083D5840 /* Problem */,
				59836529DE007FBA22BE74A9 /* Reflection */,
			);
			path = Story;
			sourceTree = "<group>";
		};
		80AED0DCB7540C3C0EC1924B /* StoryIntroduction */ = {
			isa = PBXGroup;
			children = (
				6F86BA0BC43B0A743E491C47 /* StoryIntroductionViewModel.swift */,
			);
			path = StoryIntroduction;
			sourceTree = "<group>";
		};
		8B48862B90550A8C4DA5517D /* Text */ = {
			isa = PBXGroup;
			children = (
				21F3072F3FCC2B5186A86CF7 /* BodyText.swift */,
				3E12E31C40CA6FC8F4417DBB /* BubbleText.swift */,
				79465DAE2D77B39B169EA711 /* TitleText.swift */,
			);
			path = Text;
			sourceTree = "<group>";
		};
		906EEC89367285052171A86A /* Scene */ = {
			isa = PBXGroup;
			children = (
				03DB609AE6C22016450A2113 /* PlayTextViewModel.swift */,
			);
			path = Scene;
			sourceTree = "<group>";
		};
		9601A2F8328657A485C70D5C /* Scene */ = {
			isa = PBXGroup;
			children = (
				A175E5F18D630161C3732330 /* SceneView.swift */,
			);
			path = Scene;
			sourceTree = "<group>";
		};
		A862D130405948727ED6EAF9 /* Problem */ = {
			isa = PBXGroup;
			children = (
				410511395EF693690CE70B36 /* problem1.mp3 */,
				8684176D453F8B18737479B3 /* problem2.mp3 */,
				72B663DDBB2097442C73A648 /* problem3.mp3 */,
				E1889D9DA23FBF78F6FF36CD /* problem4.mp3 */,
			);
			path = Problem;
			sourceTree = "<group>";
		};
		B24DC1080EB41BEBEC481EE3 /* Main */ = {
			isa = PBXGroup;
			children = (
				4D6F9C57BC0FF60AE6B1654F /* MainViewModel.swift */,
			);
			path = Main;
			sourceTree = "<group>";
		};
		B3F9179371504BA14DF43A3E /* CloudKit */ = {
			isa = PBXGroup;
			children = (
				26706FFF39D6B11C9D400EBF /* CloudKitManager.swift */,
				FC20C4604943A215C8604916 /* HistoryCloudKitService.swift */,
				85B29ED074EB6C291B357754 /* RatingCloudKitService.swift */,
				070A9C1296B814B2E596BF94 /* RecordType.swift */,
				09EBE55869CF199C3FE1FDC7 /* SoundCloudKitService.swift */,
				07166E4A25EE46934FFF168F /* StoryCloudKitService.swift */,
				911F338012FB3D895D9EB6FA /* UserCloudKitService.swift */,
			);
			path = CloudKit;
			sourceTree = "<group>";
		};
		B582D1724C9F7864390E1ABA /* StoryProblem */ = {
			isa = PBXGroup;
			children = (
				ED30BA852CDF8DED1B4D52B4 /* StoryProblemViewModel.swift */,
			);
			path = StoryProblem;
			sourceTree = "<group>";
		};
		B89DCEFE2F309279D6D506A5 /* Main */ = {
			isa = PBXGroup;
			children = (
				1E2ABEB5423D716CF3E2F30A /* MainView.swift */,
			);
			path = Main;
			sourceTree = "<group>";
		};
		B99E3B097E1B83E050437A9F /* CoreData */ = {
			isa = PBXGroup;
			children = (
				D41693CD3F89EA7FA9778052 /* CoreDataManager.swift */,
				EF0ABD723E8ECA14B5FE706A /* SoundCoreDataService.swift */,
				81593BA4C88DE1DCAC87FDEF /* UserCoreDataService.swift */,
			);
			path = CoreData;
			sourceTree = "<group>";
		};
		BE8DEF9957197BF3CEEAB42E /* Views */ = {
			isa = PBXGroup;
			children = (
				DD69EC9AABF6C24710B7D7BD /* MoreStoryView.swift */,
				F6AA9CF63A173BA9308B6E4F /* Breathing */,
				FF25AC79C3227FD84E304908 /* Home */,
				B89DCEFE2F309279D6D506A5 /* Main */,
				01BDF1F3CC5C459B3A02E1A0 /* Onboarding */,
				0265268496E06567BFF60F2E /* Reflection */,
				378FAC5AAA076D28C2FE86DB /* SelfAffirmation */,
				173A8BEB71DD94085F2B5256 /* Story */,
				02D2A387022294CEAB24A59E /* StoryIntroduction */,
				31C282A3CD4FE5BAAA7E6217 /* StoryProblem */,
				2AC80984236B4FC91A8EDDC5 /* StoryRecap */,
			);
			path = Views;
			sourceTree = "<group>";
		};
		C46C4CFD6DCC00549D2CD840 /* ValidateProblem */ = {
			isa = PBXGroup;
			children = (
				6197872975F6429938A757D9 /* ValidateProblemView.swift */,
			);
			path = ValidateProblem;
			sourceTree = "<group>";
		};
		CAE95333A8AD5CEEC7498EF8 /* SelfAffirmation */ = {
			isa = PBXGroup;
			children = (
				7EAC8E7EE5104CDFC8040B6F /* SelfAffirmationViewModel.swift */,
			);
			path = SelfAffirmation;
			sourceTree = "<group>";
		};
		CC1151F9628EF9CC094BDFD8 /* Extensions */ = {
			isa = PBXGroup;
			children = (
				6AA74BADD2DEEBB741F1F374 /* DateComponentsFormatter.swift */,
				10D56E1A3547CCE942180C14 /* RoundedCornerExtension.swift */,
			);
			path = Extensions;
			sourceTree = "<group>";
		};
		CFB5CE8BADFAE741FDBED020 /* Shape */ = {
			isa = PBXGroup;
			children = (
				9B20D09978AFD5FD7F3B24DD /* ChatBubble.swift */,
			);
			path = Shape;
			sourceTree = "<group>";
		};
		D281A09190D4FDEC8883CD42 /* Introduction */ = {
			isa = PBXGroup;
			children = (
				E861774A4FB3039A06A37308 /* IntroductionView.swift */,
			);
			path = Introduction;
			sourceTree = "<group>";
		};
		D893A337A5AA17F7E23AE717 /* Models */ = {
			isa = PBXGroup;
			children = (
				186879D8BA519BB4492DDC00 /* AffirmationModel.swift */,
				9ECA11DC11426F723C34996C /* CategoryModel.swift */,
				8F1DBC05F8A2116472D35E2D /* ChatGPTStoryModel.swift */,
				2ECB91196FC474D577B75F0C /* HistoryModel.swift */,
				940BC9E5E97FA211B9C74118 /* MeditationModel.swift */,
				424846C34B36D85C3F2C46E0 /* MusicModel.swift */,
				6451CD132AA84E2D61177064 /* PublicFigureModel.swift */,
				4079CDA0F70F2C64CF4CD41D /* RatingModel.swift */,
				7846C06719CCEA5328E35171 /* SoundModel.swift */,
				ED54870053CE38845B5FFAF0 /* StoryModel.swift */,
				99068F7B27651DDA315EA459 /* UserModel.swift */,
			);
			path = Models;
			sourceTree = "<group>";
		};
		D8ED53AE8197FAEB69DFB52A = {
			isa = PBXGroup;
			children = (
				04C8CB85B9B133879F254DED /* MC3 */,
				3D2E6B944EE2C1D29A4C3E84 /* Products */,
			);
			sourceTree = "<group>";
		};
		DA12A1CF3E072C43EAF30426 /* StoryRecap */ = {
			isa = PBXGroup;
			children = (
				1B52961A21A36C6BCC53EA9E /* StoryRecapViewModel.swift */,
			);
			path = StoryRecap;
			sourceTree = "<group>";
		};
		DF0543A0634B81703EDC61A5 /* Onboarding */ = {
			isa = PBXGroup;
			children = (
				A75BF0EBA79319784567F321 /* OnboardingViewModel.swift */,
				761ACC1DF378EBDF8903CC18 /* Permission */,
				24DADF74D716FC8BDF7A2CC0 /* SignIn */,
			);
			path = Onboarding;
			sourceTree = "<group>";
		};
		E48564B6C0E24DFD77246505 /* ViewModels */ = {
			isa = PBXGroup;
			children = (
				0F656C5EA3326B1EC4827D62 /* SpeechRecognizer.swift */,
				3668098F9E54D75D4C93117E /* TextToSpeech.swift */,
				DA314EC238F5D4315E485800 /* UserViewModel.swift */,
				275DA4DBA7CD4F0CFE30F714 /* Breathing */,
				4DB7F8E9DA4E380D64BE365C /* Home */,
				B24DC1080EB41BEBEC481EE3 /* Main */,
				DF0543A0634B81703EDC61A5 /* Onboarding */,
				0DF7585CF1612816F597BDE0 /* Problem */,
				188C59AE1DE321FEF5BAA523 /* Reflection */,
				CAE95333A8AD5CEEC7498EF8 /* SelfAffirmation */,
				48A2D09A8893942B079C13C5 /* Story */,
				80AED0DCB7540C3C0EC1924B /* StoryIntroduction */,
				B582D1724C9F7864390E1ABA /* StoryProblem */,
				DA12A1CF3E072C43EAF30426 /* StoryRecap */,
			);
			path = ViewModels;
			sourceTree = "<group>";
		};
		E63878ACA0BBE48ACEBEC52D /* Introduction */ = {
			isa = PBXGroup;
			children = (
				F29082F8947A98DA937638E7 /* storyIntroduction1.mp3 */,
			);
			path = Introduction;
			sourceTree = "<group>";
		};
		E65240D931FCB35DE1362BE4 /* Constant */ = {
			isa = PBXGroup;
			children = (
				256229CABC1516796AB563DD /* MascotText.swift */,
			);
			path = Constant;
			sourceTree = "<group>";
		};
		ECF1155BA8912DE8A00D669C /* Components */ = {
			isa = PBXGroup;
			children = (
				429661CA23F56DCEEF0516EF /* Button */,
				4FF8FD006170F6C89FC47F47 /* Lottie */,
				F9770CF2C08AC356B08CC76E /* Mascot */,
				CFB5CE8BADFAE741FDBED020 /* Shape */,
				8B48862B90550A8C4DA5517D /* Text */,
				0E8BB7A2580DE8E48872029E /* TextField */,
			);
			path = Components;
			sourceTree = "<group>";
		};
		F3C006F6D215F74750358EF8 /* Problem */ = {
			isa = PBXGroup;
			children = (
				7F576E298BB7CB1EA2EBFC68 /* InputProblemView.swift */,
			);
			path = Problem;
			sourceTree = "<group>";
		};
		F6AA9CF63A173BA9308B6E4F /* Breathing */ = {
			isa = PBXGroup;
			children = (
				5BC97CB2F78548EB26D92B17 /* BreathingView.swift */,
			);
			path = Breathing;
			sourceTree = "<group>";
		};
		F9770CF2C08AC356B08CC76E /* Mascot */ = {
			isa = PBXGroup;
			children = (
				3258556AE7936A8A1B4C45AB /* Mascot.swift */,
				B9D091E66CFF4E13FE6A9B02 /* MascotViewModel.swift */,
			);
			path = Mascot;
			sourceTree = "<group>";
		};
		FAF784DB278AB2A63D9CB32C /* SelfAffirmation */ = {
			isa = PBXGroup;
			children = (
				334122CD36A392F819F717BD /* selfAffirmation.mp3 */,
			);
			path = SelfAffirmation;
			sourceTree = "<group>";
		};
		FF25AC79C3227FD84E304908 /* Home */ = {
			isa = PBXGroup;
			children = (
				A1D4B27EA599914C697D4061 /* HomeView.swift */,
			);
			path = Home;
			sourceTree = "<group>";
		};
/* End PBXGroup section */

/* Begin PBXNativeTarget section */
		7831FC0C75AB52506A4FB8F0 /* MC3 */ = {
			isa = PBXNativeTarget;
			buildConfigurationList = 75465DD817A4F632B9791C36 /* Build configuration list for PBXNativeTarget "MC3" */;
			buildPhases = (
				C6AE7987A150A33AC9F7C640 /* Sources */,
				78AF3C85DADA8AA461DF2594 /* Resources */,
				13856413DBF3ACFF28616093 /* Frameworks */,
			);
			buildRules = (
			);
			dependencies = (
			);
			name = MC3;
			packageProductDependencies = (
				C1B2A406145A00EB9AEC563F /* Lottie */,
			);
			productName = MC3;
			productReference = 166C61A28EC8914FF3CEF135 /* MC3.app */;
			productType = "com.apple.product-type.application";
		};
/* End PBXNativeTarget section */

/* Begin PBXProject section */
		0912D371B052015428139AF0 /* Project object */ = {
			isa = PBXProject;
			attributes = {
				LastUpgradeCheck = 1200;
			};
			buildConfigurationList = B6661133C31680B80940EA65 /* Build configuration list for PBXProject "MC3" */;
			compatibilityVersion = "Xcode 11.0";
			developmentRegion = en;
			hasScannedForEncodings = 0;
			knownRegions = (
				Base,
				en,
			);
			mainGroup = D8ED53AE8197FAEB69DFB52A;
			packageReferences = (
				584C31B066D930171B65E0B6 /* XCRemoteSwiftPackageReference "lottie-spm" */,
			);
			projectDirPath = "";
			projectRoot = "";
			targets = (
				7831FC0C75AB52506A4FB8F0 /* MC3 */,
			);
		};
/* End PBXProject section */

/* Begin PBXResourcesBuildPhase section */
		78AF3C85DADA8AA461DF2594 /* Resources */ = {
			isa = PBXResourcesBuildPhase;
			buildActionMask = 2147483647;
			files = (
				4BC0B7E3C37A0857AA36A856 /* Assets.xcassets in Resources */,
				B64C632FE35D03B4BD5FBB82 /* Preview Assets.xcassets in Resources */,
				17CBF368EEEF50891CF72375 /* a-scene-1.json in Resources */,
				DC7EDDD2193FDF11798F72D9 /* a-scene-2.json in Resources */,
				2881238DA7E101F14C75D896 /* a-scene-3.json in Resources */,
				9D9D58119B5D493F87AE2162 /* breathing-lottie.json in Resources */,
				7B50F147FFEF89FEFC3ED2AC /* charachter-animation-lottie.json in Resources */,
				E784541B6E5C47BE9D003E81 /* introduction-story-lottie.json in Resources */,
				CBF9C8130BF0B92ACFE419F8 /* introduction-story-mouth-lottie.json in Resources */,
				EC3127070E24EDB1E4C61D2C /* meditation.mp3 in Resources */,
				8C9EB828894BF5F5129DE5F1 /* motivation.mp3 in Resources */,
				84BF7B11F2FEC66C376F1D59 /* mouth-animation-lottie.json in Resources */,
				F9E46D7115A3A66FD6E99ED7 /* problem1.mp3 in Resources */,
				BA33BF7793CFC728427AE458 /* problem2.mp3 in Resources */,
				FE6B6C37F545F26FFB945167 /* problem3.mp3 in Resources */,
				EED74D62F5A1C589512E5315 /* problem4.mp3 in Resources */,
				9B2955A5BF2527EB133B621E /* selfAffirmation.mp3 in Resources */,
				51D45EBE2D62153BE51A082B /* storyIntroduction1.mp3 in Resources */,
				D0961BB9735692A463FAFDEB /* storyProblem1.mp3 in Resources */,
				737E55A32BC33B9D311A7DF4 /* storyProblem2.mp3 in Resources */,
				2B0ED1C3882504CB2B5D7560 /* storyProblem3.mp3 in Resources */,
				00277095D2E477A315F3A11C /* storyProblem4.mp3 in Resources */,
				56DA165ACD7BD099329E7859 /* storyReflection1.mp3 in Resources */,
				3F0AEDFB52D920B64C7F98D9 /* storyReflection2.mp3 in Resources */,
			);
			runOnlyForDeploymentPostprocessing = 0;
		};
/* End PBXResourcesBuildPhase section */

/* Begin PBXSourcesBuildPhase section */
		C6AE7987A150A33AC9F7C640 /* Sources */ = {
			isa = PBXSourcesBuildPhase;
			buildActionMask = 2147483647;
			files = (
				7FA10F47309A567FB11E0A3C /* APIManager.swift in Sources */,
				F14DCD392E3AEE73365B5182 /* APIType.swift in Sources */,
				470897E8D7DFB6B9D8843DAF /* AffirmationModel.swift in Sources */,
				E97146A414F9934D678E8F5B /* AppStorageService.swift in Sources */,
				B55D57DBADA14D544C5B96FA /* AudioManager.swift in Sources */,
				F5CE79608B474F6B8033CBFD /* BodyText.swift in Sources */,
				E6E162C87F5CD58E9E1E0A81 /* BreathingView.swift in Sources */,
				5CF8F08C8DDEB05D3E3BB4B8 /* BreathingViewModel.swift in Sources */,
				F8F02941A943C6DD89693C6A /* BubbleText.swift in Sources */,
				A5E3C330457943C1967A04F0 /* ButtonType.swift in Sources */,
				5B4755B5C7CC6EA60669284A /* CategoryModel.swift in Sources */,
				15B77C83CA76332FEBE0CE84 /* ChatBubble.swift in Sources */,
				AAF715D2F1EF530354802EBF /* ChatGPTService.swift in Sources */,
				228132B016AFDAEBBB5A35C9 /* ChatGPTStoryModel.swift in Sources */,
				555772164820F68471A9DC3A /* CloudKitManager.swift in Sources */,
				05B4E60A9E3A477291A747BE /* ContentView.swift in Sources */,
				28927E71898462420C2A7690 /* ControlButton.swift in Sources */,
				766772C9E186B4C9580E9CCD /* CoreDataManager.swift in Sources */,
				F74D0A1F01B0C221F11EB65D /* DateComponentsFormatter.swift in Sources */,
				67DD6A5B2EB35877080CBBA2 /* ElevenLabsAPIService.swift in Sources */,
				D48503FF92E5A474F164C048 /* HistoryCloudKitService.swift in Sources */,
				9258E14AA809C1ABF0B24D42 /* HistoryModel.swift in Sources */,
				1731726D5F8F5B24400BC639 /* HomeView.swift in Sources */,
				C4429098AA7D6410B6F5D1C4 /* HomeViewModel.swift in Sources */,
				B942FCE79864463451A4378C /* InputProblemView.swift in Sources */,
				0657260F948DA6EC81C64C0F /* InputProblemViewModel.swift in Sources */,
				9E48BAA7BD0C7626474C26C8 /* IntroductionToStoryView.swift in Sources */,
				03F74381D14A4330583F2FA5 /* IntroductionView.swift in Sources */,
				149F2560D94EB4B38C11EC1C /* KeyboardService.swift in Sources */,
				98BD93D95E1041175F6CC0C3 /* LottieController.swift in Sources */,
				8D754CBADE665C8F42378B2E /* LottieView.swift in Sources */,
				ADD4386AE0BA2CC316304256 /* MC3.xcdatamodeld in Sources */,
				6C67FE8B7663C4FD35669A05 /* MC3App.swift in Sources */,
				4B1E91993B5E4C245B250470 /* MainView.swift in Sources */,
				BBFEBD06BE30C6ED9045C475 /* MainViewModel.swift in Sources */,
				7E815A72B45ED3A35B393D27 /* Mascot.swift in Sources */,
				D4A2D94DA00F296C6399F8D5 /* MascotAlignment.swift in Sources */,
				E015BF29C9B652FA3421B272 /* MascotText.swift in Sources */,
				01387E83F9CD53079B37B3DE /* MascotViewModel.swift in Sources */,
				3645A4C68579E776FC1E5F86 /* MeditationModel.swift in Sources */,
				6E216E3BCE41305103878215 /* MenuButton.swift in Sources */,
				D5FC6D7E0D8EC78802658001 /* MenuButtonType.swift in Sources */,
				620060E534645E74020CB355 /* MoreStoryView.swift in Sources */,
				7561C34BE8F1E641679C2EC5 /* MusicModel.swift in Sources */,
				C97D676E8FD1AF44D558364E /* NLPService.swift in Sources */,
				C16BD572FDD3D90A63C4092F /* OnboardingType.swift in Sources */,
				E3E2536ACAB7C729C82FD0DD /* OnboardingView.swift in Sources */,
				97DA8D05276205178455D2C6 /* OnboardingViewModel.swift in Sources */,
				0F18C114510B61A25B579DE2 /* PathStore.swift in Sources */,
				952D1D34E5CF906C94DBF158 /* PermissionView.swift in Sources */,
				DE6921E3AD96E9F2AE2C1006 /* PermissionViewModel.swift in Sources */,
				53C17987007F56EA703D4B8B /* Persistence.swift in Sources */,
				4272562FB625A34A62C0C69C /* PlayTextViewModel.swift in Sources */,
				467FD9E2DB03D88682FBCD6D /* PrimaryButton.swift in Sources */,
				7899FAE69EDC506730D5CF87 /* PublicFigureModel.swift in Sources */,
				D0D6DF65F68B813028787B05 /* RatingButton.swift in Sources */,
				6C66DD210F836F757C409035 /* RatingCloudKitService.swift in Sources */,
				51E350E8A5FE9378D6B0BE41 /* RatingModel.swift in Sources */,
				3FD6E821E5840911D087D858 /* RecordType.swift in Sources */,
				1D8E1BFBDF6FD77DF420EB7F /* ReflectionCompleteView.swift in Sources */,
				6994DD93AD8708F530D083CB /* ReflectionDetailView.swift in Sources */,
				D8FB8ABE273A172E42CB50B5 /* ReflectionInputView.swift in Sources */,
				F0382B3614022B868BF725C3 /* ReflectionInputViewModel.swift in Sources */,
				DBB81546753952D3F9F94C27 /* RoundedCornerExtension.swift in Sources */,
				BB550EE23C5B681085757871 /* SceneView.swift in Sources */,
				C8EED0450C3D8980F4D14988 /* SecondaryButton.swift in Sources */,
				237D3734DC854D55B3257051 /* SelfAffirmationView.swift in Sources */,
				DDCA59CF4AFC1098795EAE9B /* SelfAffirmationViewModel.swift in Sources */,
				D0F30E052911BDCFC572BA64 /* SignInView.swift in Sources */,
				2ACEAD7B6DD876F584293B44 /* SignInViewModel.swift in Sources */,
				40EB77E18D3D3B47243315A8 /* SingleTextField.swift in Sources */,
				2E8D7B258C73378D7714871C /* SoundCloudKitService.swift in Sources */,
				55E80C51E178604410878280 /* SoundCoreDataService.swift in Sources */,
				B512EC7591767201F982E0A9 /* SoundModel.swift in Sources */,
				3A908A859A9033802AB929C4 /* SpeechRecognizer.swift in Sources */,
				49E6C9BD6ECE326B570FA072 /* StoryCloudKitService.swift in Sources */,
				728ADBCB4C602C617A16C337 /* StoryIntroductionView.swift in Sources */,
				AD217FB9FFAEB861ED8A06AE /* StoryIntroductionViewModel.swift in Sources */,
				533054DA05DC47E8C4315C17 /* StoryModel.swift in Sources */,
				6C87DCCD72CC4FD8604EE772 /* StoryProblemType.swift in Sources */,
				72BF357FD46437ECC1E2D638 /* StoryProblemView.swift in Sources */,
				9991BF8A3E16370CD2C40C90 /* StoryProblemViewModel.swift in Sources */,
				53A396D202DA612E33BC0666 /* StoryRecapView.swift in Sources */,
				88AC1A01AA6FE6428D160F1A /* StoryRecapViewModel.swift in Sources */,
				974EA306243A97FBDB5446CA /* StoryView.swift in Sources */,
				A3646A1625433A28B71061F5 /* StoryViewModel.swift in Sources */,
				E769CA294F31B5704E941E8A /* TextArea.swift in Sources */,
				F78D5B2B26187F6D74564372 /* TextToSpeech.swift in Sources */,
				7B89A6F5F55B99B299944B01 /* TitleText.swift in Sources */,
				7BE72DDA7EC1546A60C3847B /* UserCloudKitService.swift in Sources */,
				983AC0B374BDC677E006FC7D /* UserCoreDataService.swift in Sources */,
				FB168C61D2FC7439197E5835 /* UserInputType.swift in Sources */,
				199B1711741B4B0716E61CA6 /* UserModel.swift in Sources */,
				A944A33DF6CFFD9B4DBABAB0 /* UserViewModel.swift in Sources */,
				912F1C32E1BA98F77D6567CA /* ValidateProblemView.swift in Sources */,
				FF0EDFA3C92BB8BEFED019D0 /* ViewPath.swift in Sources */,
			);
			runOnlyForDeploymentPostprocessing = 0;
		};
/* End PBXSourcesBuildPhase section */

/* Begin XCBuildConfiguration section */
		0ED2B216E9E5AD3C6B11D536 /* Debug */ = {
			isa = XCBuildConfiguration;
			buildSettings = {
				ALWAYS_SEARCH_USER_PATHS = NO;
				CLANG_ANALYZER_NONNULL = YES;
				CLANG_ANALYZER_NUMBER_OBJECT_CONVERSION = YES_AGGRESSIVE;
				CLANG_CXX_LANGUAGE_STANDARD = "gnu++14";
				CLANG_CXX_LIBRARY = "libc++";
				CLANG_ENABLE_MODULES = YES;
				CLANG_ENABLE_OBJC_ARC = YES;
				CLANG_ENABLE_OBJC_WEAK = YES;
				CLANG_WARN_BLOCK_CAPTURE_AUTORELEASING = YES;
				CLANG_WARN_BOOL_CONVERSION = YES;
				CLANG_WARN_COMMA = YES;
				CLANG_WARN_CONSTANT_CONVERSION = YES;
				CLANG_WARN_DEPRECATED_OBJC_IMPLEMENTATIONS = YES;
				CLANG_WARN_DIRECT_OBJC_ISA_USAGE = YES_ERROR;
				CLANG_WARN_DOCUMENTATION_COMMENTS = YES;
				CLANG_WARN_EMPTY_BODY = YES;
				CLANG_WARN_ENUM_CONVERSION = YES;
				CLANG_WARN_INFINITE_RECURSION = YES;
				CLANG_WARN_INT_CONVERSION = YES;
				CLANG_WARN_NON_LITERAL_NULL_CONVERSION = YES;
				CLANG_WARN_OBJC_IMPLICIT_RETAIN_SELF = YES;
				CLANG_WARN_OBJC_LITERAL_CONVERSION = YES;
				CLANG_WARN_OBJC_ROOT_CLASS = YES_ERROR;
				CLANG_WARN_QUOTED_INCLUDE_IN_FRAMEWORK_HEADER = YES;
				CLANG_WARN_RANGE_LOOP_ANALYSIS = YES;
				CLANG_WARN_STRICT_PROTOTYPES = YES;
				CLANG_WARN_SUSPICIOUS_MOVE = YES;
				CLANG_WARN_UNGUARDED_AVAILABILITY = YES_AGGRESSIVE;
				CLANG_WARN_UNREACHABLE_CODE = YES;
				CLANG_WARN__DUPLICATE_METHOD_MATCH = YES;
				COPY_PHASE_STRIP = NO;
				DEBUG_INFORMATION_FORMAT = dwarf;
				ENABLE_STRICT_OBJC_MSGSEND = YES;
				ENABLE_TESTABILITY = YES;
				GCC_C_LANGUAGE_STANDARD = gnu11;
				GCC_DYNAMIC_NO_PIC = NO;
				GCC_NO_COMMON_BLOCKS = YES;
				GCC_OPTIMIZATION_LEVEL = 0;
				GCC_PREPROCESSOR_DEFINITIONS = (
					"$(inherited)",
					"DEBUG=1",
				);
				GCC_WARN_64_TO_32_BIT_CONVERSION = YES;
				GCC_WARN_ABOUT_RETURN_TYPE = YES_ERROR;
				GCC_WARN_UNDECLARED_SELECTOR = YES;
				GCC_WARN_UNINITIALIZED_AUTOS = YES_AGGRESSIVE;
				GCC_WARN_UNUSED_FUNCTION = YES;
				GCC_WARN_UNUSED_VARIABLE = YES;
				MTL_ENABLE_DEBUG_INFO = INCLUDE_SOURCE;
				MTL_FAST_MATH = YES;
				ONLY_ACTIVE_ARCH = YES;
				PRODUCT_NAME = "$(TARGET_NAME)";
				SDKROOT = iphoneos;
				SWIFT_ACTIVE_COMPILATION_CONDITIONS = DEBUG;
				SWIFT_OPTIMIZATION_LEVEL = "-Onone";
				SWIFT_VERSION = 5.0;
			};
			name = Debug;
		};
		4D4A4D3EE68D370818BD2A5D /* Debug */ = {
			isa = XCBuildConfiguration;
			buildSettings = {
				ASSETCATALOG_COMPILER_APPICON_NAME = AppIcon;
				CODE_SIGN_ENTITLEMENTS = MC3/MC3.entitlements;
				CODE_SIGN_IDENTITY = "iPhone Developer";
				CURRENT_PROJECT_VERSION = 1;
				DEVELOPMENT_TEAM = 57DDT5D7L5;
				INFOPLIST_FILE = MC3/Info.plist;
				IPHONEOS_DEPLOYMENT_TARGET = 16.4;
				LD_RUNPATH_SEARCH_PATHS = (
					"$(inherited)",
					"@executable_path/Frameworks",
				);
				MARKETING_VERSION = 1.0.0;
				PRODUCT_BUNDLE_IDENTIFIER = "com.Vincent-Gunawan.MC3";
				SDKROOT = iphoneos;
				TARGETED_DEVICE_FAMILY = "1,2";
			};
			name = Debug;
		};
		5B48B67A07145CE2EF2424CF /* Release */ = {
			isa = XCBuildConfiguration;
			buildSettings = {
				ASSETCATALOG_COMPILER_APPICON_NAME = AppIcon;
				CODE_SIGN_ENTITLEMENTS = MC3/MC3.entitlements;
				CODE_SIGN_IDENTITY = "iPhone Developer";
				CURRENT_PROJECT_VERSION = 1;
				DEVELOPMENT_TEAM = 57DDT5D7L5;
				INFOPLIST_FILE = MC3/Info.plist;
				IPHONEOS_DEPLOYMENT_TARGET = 16.4;
				LD_RUNPATH_SEARCH_PATHS = (
					"$(inherited)",
					"@executable_path/Frameworks",
				);
				MARKETING_VERSION = 1.0.0;
				PRODUCT_BUNDLE_IDENTIFIER = "com.Vincent-Gunawan.MC3";
				SDKROOT = iphoneos;
				TARGETED_DEVICE_FAMILY = "1,2";
			};
			name = Release;
		};
		85AA2FC091BA3CBDA5656A65 /* Release */ = {
			isa = XCBuildConfiguration;
			buildSettings = {
				ALWAYS_SEARCH_USER_PATHS = NO;
				CLANG_ANALYZER_NONNULL = YES;
				CLANG_ANALYZER_NUMBER_OBJECT_CONVERSION = YES_AGGRESSIVE;
				CLANG_CXX_LANGUAGE_STANDARD = "gnu++14";
				CLANG_CXX_LIBRARY = "libc++";
				CLANG_ENABLE_MODULES = YES;
				CLANG_ENABLE_OBJC_ARC = YES;
				CLANG_ENABLE_OBJC_WEAK = YES;
				CLANG_WARN_BLOCK_CAPTURE_AUTORELEASING = YES;
				CLANG_WARN_BOOL_CONVERSION = YES;
				CLANG_WARN_COMMA = YES;
				CLANG_WARN_CONSTANT_CONVERSION = YES;
				CLANG_WARN_DEPRECATED_OBJC_IMPLEMENTATIONS = YES;
				CLANG_WARN_DIRECT_OBJC_ISA_USAGE = YES_ERROR;
				CLANG_WARN_DOCUMENTATION_COMMENTS = YES;
				CLANG_WARN_EMPTY_BODY = YES;
				CLANG_WARN_ENUM_CONVERSION = YES;
				CLANG_WARN_INFINITE_RECURSION = YES;
				CLANG_WARN_INT_CONVERSION = YES;
				CLANG_WARN_NON_LITERAL_NULL_CONVERSION = YES;
				CLANG_WARN_OBJC_IMPLICIT_RETAIN_SELF = YES;
				CLANG_WARN_OBJC_LITERAL_CONVERSION = YES;
				CLANG_WARN_OBJC_ROOT_CLASS = YES_ERROR;
				CLANG_WARN_QUOTED_INCLUDE_IN_FRAMEWORK_HEADER = YES;
				CLANG_WARN_RANGE_LOOP_ANALYSIS = YES;
				CLANG_WARN_STRICT_PROTOTYPES = YES;
				CLANG_WARN_SUSPICIOUS_MOVE = YES;
				CLANG_WARN_UNGUARDED_AVAILABILITY = YES_AGGRESSIVE;
				CLANG_WARN_UNREACHABLE_CODE = YES;
				CLANG_WARN__DUPLICATE_METHOD_MATCH = YES;
				COPY_PHASE_STRIP = NO;
				DEBUG_INFORMATION_FORMAT = "dwarf-with-dsym";
				ENABLE_NS_ASSERTIONS = NO;
				ENABLE_STRICT_OBJC_MSGSEND = YES;
				GCC_C_LANGUAGE_STANDARD = gnu11;
				GCC_NO_COMMON_BLOCKS = YES;
				GCC_WARN_64_TO_32_BIT_CONVERSION = YES;
				GCC_WARN_ABOUT_RETURN_TYPE = YES_ERROR;
				GCC_WARN_UNDECLARED_SELECTOR = YES;
				GCC_WARN_UNINITIALIZED_AUTOS = YES_AGGRESSIVE;
				GCC_WARN_UNUSED_FUNCTION = YES;
				GCC_WARN_UNUSED_VARIABLE = YES;
				MTL_ENABLE_DEBUG_INFO = NO;
				MTL_FAST_MATH = YES;
				PRODUCT_NAME = "$(TARGET_NAME)";
				SDKROOT = iphoneos;
				SWIFT_COMPILATION_MODE = wholemodule;
				SWIFT_OPTIMIZATION_LEVEL = "-O";
				SWIFT_VERSION = 5.0;
			};
			name = Release;
		};
/* End XCBuildConfiguration section */

/* Begin XCConfigurationList section */
		75465DD817A4F632B9791C36 /* Build configuration list for PBXNativeTarget "MC3" */ = {
			isa = XCConfigurationList;
			buildConfigurations = (
				4D4A4D3EE68D370818BD2A5D /* Debug */,
				5B48B67A07145CE2EF2424CF /* Release */,
			);
			defaultConfigurationIsVisible = 0;
			defaultConfigurationName = Debug;
		};
		B6661133C31680B80940EA65 /* Build configuration list for PBXProject "MC3" */ = {
			isa = XCConfigurationList;
			buildConfigurations = (
				0ED2B216E9E5AD3C6B11D536 /* Debug */,
				85AA2FC091BA3CBDA5656A65 /* Release */,
			);
			defaultConfigurationIsVisible = 0;
			defaultConfigurationName = Debug;
		};
/* End XCConfigurationList section */

/* Begin XCRemoteSwiftPackageReference section */
		584C31B066D930171B65E0B6 /* XCRemoteSwiftPackageReference "lottie-spm" */ = {
			isa = XCRemoteSwiftPackageReference;
			repositoryURL = "https://github.com/airbnb/lottie-spm.git";
			requirement = {
				kind = upToNextMinorVersion;
				minimumVersion = 4.2.0;
			};
		};
/* End XCRemoteSwiftPackageReference section */

/* Begin XCSwiftPackageProductDependency section */
		C1B2A406145A00EB9AEC563F /* Lottie */ = {
			isa = XCSwiftPackageProductDependency;
			package = 584C31B066D930171B65E0B6 /* XCRemoteSwiftPackageReference "lottie-spm" */;
			productName = Lottie;
		};
/* End XCSwiftPackageProductDependency section */

/* Begin XCVersionGroup section */
		0E16D09F48F547D52473BDA4 /* MC3.xcdatamodeld */ = {
			isa = XCVersionGroup;
			children = (
				B964F6BFD3A1BE9C49738C47 /* MC3.xcdatamodel */,
			);
			currentVersion = B964F6BFD3A1BE9C49738C47 /* MC3.xcdatamodel */;
			path = MC3.xcdatamodeld;
			sourceTree = "<group>";
			versionGroupType = wrapper.xcdatamodel;
		};
/* End XCVersionGroup section */
	};
	rootObject = 0912D371B052015428139AF0 /* Project object */;
}
