// !$*UTF8*$!
{
	archiveVersion = 1;
	classes = {
	};
	objectVersion = 52;
	objects = {

/* Begin PBXBuildFile section */
		021E936FFA4C19664EE36BB0 /* introduction-story-mouth-lottie.json in Resources */ = {isa = PBXBuildFile; fileRef = 47D1266F6A955DF973574B26 /* introduction-story-mouth-lottie.json */; };
		0496C06C32D466E83F671164 /* OnboardingFirstView.swift in Sources */ = {isa = PBXBuildFile; fileRef = 6BAB0701118B9A5B0955F3E4 /* OnboardingFirstView.swift */; };
		07874D6E0FA29B15D065AC25 /* MascotAlignment.swift in Sources */ = {isa = PBXBuildFile; fileRef = 329891F216982D6528EDF4CC /* MascotAlignment.swift */; };
		07970AC5BE8FCB06415BF51B /* breathing-lottie.json in Resources */ = {isa = PBXBuildFile; fileRef = A8069D3DE77E0944FE3BEB10 /* breathing-lottie.json */; };
		0E1284E546CF84E2C48AD1F3 /* a-scene-3.json in Resources */ = {isa = PBXBuildFile; fileRef = 35FABA556CE497F4B3963F8A /* a-scene-3.json */; };
		113D325548F308BB81BE37CA /* BreathingViewModel.swift in Sources */ = {isa = PBXBuildFile; fileRef = 992A770DB7408F299B1E9091 /* BreathingViewModel.swift */; };
		11524D31E1014858A10F44DB /* StoryViewModel.swift in Sources */ = {isa = PBXBuildFile; fileRef = 52792E69EE27E464F8CF5F7D /* StoryViewModel.swift */; };
		11C7AC04E1460E31C92C6446 /* RatingModel.swift in Sources */ = {isa = PBXBuildFile; fileRef = 81CF700B59F859499D0F8E42 /* RatingModel.swift */; };
		12BE0743E50683C4D6EC6B92 /* SoundCloudKitService.swift in Sources */ = {isa = PBXBuildFile; fileRef = 00BE919DC95F8CAB0F4AF2D1 /* SoundCloudKitService.swift */; };
		13EA78C7161F3C4482318798 /* HistoryCloudKitService.swift in Sources */ = {isa = PBXBuildFile; fileRef = 01EE947F0AF98BF15699E34A /* HistoryCloudKitService.swift */; };
		15A5C12B4CB1144826EFEC79 /* IntroductionView.swift in Sources */ = {isa = PBXBuildFile; fileRef = 8BB6E401B63806BD84F4EF0B /* IntroductionView.swift */; };
		163D32D9F26E81392E4C5446 /* StoryProblemView.swift in Sources */ = {isa = PBXBuildFile; fileRef = 869018E39C76D967776F055F /* StoryProblemView.swift */; };
		174CFFCCE849C7F64388669E /* APIManager.swift in Sources */ = {isa = PBXBuildFile; fileRef = 44CAAFD41445FCAFDFB1B258 /* APIManager.swift */; };
		183250C80BF4C4B59C3AD3C5 /* a-scene-1.json in Resources */ = {isa = PBXBuildFile; fileRef = 6193A554998C3B55E4D69BA4 /* a-scene-1.json */; };
		1A97F3B8D7DAE42494C71EA8 /* UserViewModel.swift in Sources */ = {isa = PBXBuildFile; fileRef = 4CE8194AE71D22E09C51EBFA /* UserViewModel.swift */; };
		1F8F223DDAB56C928325C62E /* ButtonType.swift in Sources */ = {isa = PBXBuildFile; fileRef = E3663D9CB076C4B3FFCDA5A1 /* ButtonType.swift */; };
		20D5A256243B4587E084E4C8 /* MascotText.swift in Sources */ = {isa = PBXBuildFile; fileRef = 166F912647AB96290ED3F2F0 /* MascotText.swift */; };
		22A100CEFDAFE868789295F0 /* storyReflection2.mp3 in Resources */ = {isa = PBXBuildFile; fileRef = 65947238E5980F6D4FC612A9 /* storyReflection2.mp3 */; };
		23853EBDCA8ADB13F575BD00 /* MainViewModel.swift in Sources */ = {isa = PBXBuildFile; fileRef = 6A6E2659BF84091A278BEEFD /* MainViewModel.swift */; };
		24C1FEC2446295C9435C5691 /* quote4.mp3 in Resources */ = {isa = PBXBuildFile; fileRef = 8FFEF8E1F7C246DD674F158E /* quote4.mp3 */; };
		284EBC67E5A6CBCCA2FE25F7 /* UserModel.swift in Sources */ = {isa = PBXBuildFile; fileRef = 6CCB8AD8716EC4ADC87496BB /* UserModel.swift */; };
		2C5D287FEA4AC7C25E2B0798 /* Assets.xcassets in Resources */ = {isa = PBXBuildFile; fileRef = 5DFB931AD62898C3CA4D0C4D /* Assets.xcassets */; };
		2F8A043F1EE2102688BEB323 /* CoreDataManager.swift in Sources */ = {isa = PBXBuildFile; fileRef = 6C7D88CF86EAB0A3BFF8DBA9 /* CoreDataManager.swift */; };
		30B171CD993C7DE7F27EBE7F /* UserCloudKitService.swift in Sources */ = {isa = PBXBuildFile; fileRef = 95A1FC98DD477D217E9BA392 /* UserCloudKitService.swift */; };
		3312D5D7DACC15A04B86DA26 /* a-scene-2.json in Resources */ = {isa = PBXBuildFile; fileRef = B993D1D5CE12B649ABB5B6F8 /* a-scene-2.json */; };
		33E6CE2369B9849EFED9CDD8 /* InputProblemViewModel.swift in Sources */ = {isa = PBXBuildFile; fileRef = 5A5559D40704575382F86347 /* InputProblemViewModel.swift */; };
		33FEB4DE693D9B1B834A8244 /* PublicFigureModel.swift in Sources */ = {isa = PBXBuildFile; fileRef = AE9C8DE06B0B87A1AE53F502 /* PublicFigureModel.swift */; };
		3884679844F64D41CEBA3A66 /* StoryIntroductionViewModel.swift in Sources */ = {isa = PBXBuildFile; fileRef = ACE4DCFBF1CAB816078172C6 /* StoryIntroductionViewModel.swift */; };
		393710081C59EA59B6540808 /* MyReflectionView.swift in Sources */ = {isa = PBXBuildFile; fileRef = 8E7257913DE58AEA8D70075D /* MyReflectionView.swift */; };
		3B2A48247365A026CA119283 /* APIType.swift in Sources */ = {isa = PBXBuildFile; fileRef = CE1E9C6FC538FBF5132E010C /* APIType.swift */; };
		3EAE414DEB0602945BA6D215 /* problem3.mp3 in Resources */ = {isa = PBXBuildFile; fileRef = 18C8965F4036FD49FCE99376 /* problem3.mp3 */; };
		3F8F76B80FBFB8116F0EAC08 /* quote3.mp3 in Resources */ = {isa = PBXBuildFile; fileRef = 25F3B0B98B1F3D5B8E30E711 /* quote3.mp3 */; };
		3FF1463A283EBBC94A61184D /* AudioManager.swift in Sources */ = {isa = PBXBuildFile; fileRef = B0BCE7DE865B6FD649A516D3 /* AudioManager.swift */; };
		430C6836DA03546B54789B17 /* mouth-animation-lottie.json in Resources */ = {isa = PBXBuildFile; fileRef = BC5E69357AF5A11E192F1C58 /* mouth-animation-lottie.json */; };
		48E3985055E0E27ADE25CD47 /* UserInputType.swift in Sources */ = {isa = PBXBuildFile; fileRef = 6E5C9E0F2327EF4B11D84A6A /* UserInputType.swift */; };
		4AC22A7A1130044057DCD4A2 /* NLPService.swift in Sources */ = {isa = PBXBuildFile; fileRef = A79375A742D2A1E0B9005A58 /* NLPService.swift */; };
		4AD571FF9C663EBAC63DDD54 /* quote2.mp3 in Resources */ = {isa = PBXBuildFile; fileRef = 077A76F32FD44D6A35759738 /* quote2.mp3 */; };
		517606DB750BB43862732A20 /* PathStore.swift in Sources */ = {isa = PBXBuildFile; fileRef = 6ABF8B11A080A0715B598C3C /* PathStore.swift */; };
		586031A5CB78EA5FF3D57992 /* storyIntroduction1.mp3 in Resources */ = {isa = PBXBuildFile; fileRef = 1086E8F31450566790A1261A /* storyIntroduction1.mp3 */; };
		58D81C03EF28BB7829FB83F8 /* PrimaryButton.swift in Sources */ = {isa = PBXBuildFile; fileRef = 5CD0BADBA6D69F8694228C34 /* PrimaryButton.swift */; };
		5A80B34A6EDE3FC24611C27D /* Card.swift in Sources */ = {isa = PBXBuildFile; fileRef = 7021CEF46B9C3A9811CDF93F /* Card.swift */; };
		5C442060E82FF01B9378379E /* StoryView.swift in Sources */ = {isa = PBXBuildFile; fileRef = CE8D7AD9E534C883EA58A8DA /* StoryView.swift */; };
		5DE8B57D7B00A0439935CD63 /* MC3.xcdatamodeld in Sources */ = {isa = PBXBuildFile; fileRef = CA2DF0389847E0743D4CCB09 /* MC3.xcdatamodeld */; };
		5F9235AFBA7449C489A3BC57 /* BubbleText.swift in Sources */ = {isa = PBXBuildFile; fileRef = F4C7E82A8DD0641B4403C507 /* BubbleText.swift */; };
		63645F627F1F803DE0D630E6 /* storyProblem2.mp3 in Resources */ = {isa = PBXBuildFile; fileRef = 1F189A78C12C160AD2585524 /* storyProblem2.mp3 */; };
		63AB167D01DFC7BE2DA79621 /* CategoryModel.swift in Sources */ = {isa = PBXBuildFile; fileRef = 7F6D4CD8036FF96A0E1618C3 /* CategoryModel.swift */; };
		66286935A73EC407D6BEEBDD /* MenuButtonType.swift in Sources */ = {isa = PBXBuildFile; fileRef = 7D815E067EFD70448993FF6B /* MenuButtonType.swift */; };
		677F6F98A42D140AC22EC6CE /* home2.mp3 in Resources */ = {isa = PBXBuildFile; fileRef = EC7C33DEC58AFBD1B0694749 /* home2.mp3 */; };
		692F5C6C5D35039974E0B085 /* DateComponentsFormatter.swift in Sources */ = {isa = PBXBuildFile; fileRef = E55F0A2DB98E48EC7742F3FF /* DateComponentsFormatter.swift */; };
		69DF665DE58953AB2DEB3E28 /* PlayTextViewModel.swift in Sources */ = {isa = PBXBuildFile; fileRef = EAF1285164F673D0B6D02B58 /* PlayTextViewModel.swift */; };
		6A5EA383086AC2A44D1BC317 /* problem1.mp3 in Resources */ = {isa = PBXBuildFile; fileRef = DDB9BD9B2E9B058C9DA6AF0F /* problem1.mp3 */; };
		6B0CB14487004AC6E4E26804 /* ControlButton.swift in Sources */ = {isa = PBXBuildFile; fileRef = C581F8AEFE363441EAF5613E /* ControlButton.swift */; };
		6BF2D3DD2526995D916A2240 /* home1.mp3 in Resources */ = {isa = PBXBuildFile; fileRef = 7B806C9D8E09207B8BE1610F /* home1.mp3 */; };
		6CDD281BDA7AC6149F38F77F /* Mascot.swift in Sources */ = {isa = PBXBuildFile; fileRef = 0880A2A713B1B783CAEF2B1A /* Mascot.swift */; };
		6FA3B5ACC51860D4D4F8130C /* StoryProblemViewModel.swift in Sources */ = {isa = PBXBuildFile; fileRef = 5783545020677AB905740D17 /* StoryProblemViewModel.swift */; };
		700F5EDB9D5C14C98AC7F6CC /* HistoryModel.swift in Sources */ = {isa = PBXBuildFile; fileRef = 409C845094478C09F88938F3 /* HistoryModel.swift */; };
		7083B80743524FFC16503724 /* PermissionViewModel.swift in Sources */ = {isa = PBXBuildFile; fileRef = 662916B4D56BC967A80552A6 /* PermissionViewModel.swift */; };
		71681609676F098EBA71FB93 /* RoundedCornerExtension.swift in Sources */ = {isa = PBXBuildFile; fileRef = 95CC8C3BB5EE28E76F97791F /* RoundedCornerExtension.swift */; };
		72B1AD5626CF00D0BEA4C9C3 /* MeditationModel.swift in Sources */ = {isa = PBXBuildFile; fileRef = 3E0FB8027AABE327E37F4F20 /* MeditationModel.swift */; };
		731CF4114ACD1F8E342660CA /* OnboardingType.swift in Sources */ = {isa = PBXBuildFile; fileRef = 2580B9E6E8DFC487B3BCB6C9 /* OnboardingType.swift */; };
		746FAB0FAAC1D99D6FE795D0 /* MascotViewModel.swift in Sources */ = {isa = PBXBuildFile; fileRef = C8FD2F4D2F464B1C8F46A945 /* MascotViewModel.swift */; };
		760864E2CE0F96DFFA7FA188 /* storyProblem3.mp3 in Resources */ = {isa = PBXBuildFile; fileRef = 5E26B9EC532616565CB509FB /* storyProblem3.mp3 */; };
		7714B7E066B819962FC7BD78 /* problem2.mp3 in Resources */ = {isa = PBXBuildFile; fileRef = 6A484F40F620C3F515422EF1 /* problem2.mp3 */; };
		7A7875B24B84DD4CFFC8B040 /* ContentView.swift in Sources */ = {isa = PBXBuildFile; fileRef = 086E4EBD7BBF395E383C4A14 /* ContentView.swift */; };
		7CA931371D5917FFBB5AE914 /* MyReflectionViewModel.swift in Sources */ = {isa = PBXBuildFile; fileRef = 623B1FB9947D5B0E3D48612F /* MyReflectionViewModel.swift */; };
		7EDE96E6ED96401EC913A554 /* SignInViewModel.swift in Sources */ = {isa = PBXBuildFile; fileRef = 3804DA470AB8B2CC61F3A952 /* SignInViewModel.swift */; };
		8111CC5462CF11D64D3575A4 /* MainView.swift in Sources */ = {isa = PBXBuildFile; fileRef = 40E0151F1113B2C066F95455 /* MainView.swift */; };
		818F4DD19673398EBD3A9C38 /* InputProblemView.swift in Sources */ = {isa = PBXBuildFile; fileRef = 32A907ABF9D03325DC316F20 /* InputProblemView.swift */; };
		81A4BFB81177D5AF8D28381C /* SecondaryButton.swift in Sources */ = {isa = PBXBuildFile; fileRef = CB95F2AABCB8E38EB6C4E35F /* SecondaryButton.swift */; };
		825DE2C6F99CB1D1646DF693 /* TitleText.swift in Sources */ = {isa = PBXBuildFile; fileRef = 2E4EC18D562A66BB21744CFE /* TitleText.swift */; };
		8602B328D4C979C137183C88 /* quote1.mp3 in Resources */ = {isa = PBXBuildFile; fileRef = AA61F7408AB96133BD108E47 /* quote1.mp3 */; };
		860BD202DD7C5CFBCBAAFBBD /* SelfAffirmationView.swift in Sources */ = {isa = PBXBuildFile; fileRef = 83251F47FDFE5723E4EC2940 /* SelfAffirmationView.swift */; };
		869EA07D80C82BF9F36D3158 /* StoryModel.swift in Sources */ = {isa = PBXBuildFile; fileRef = 63000BCA6622C354E37E2061 /* StoryModel.swift */; };
		8A49F020F57C9C4C2BB1CAE6 /* PermissionView.swift in Sources */ = {isa = PBXBuildFile; fileRef = 2CA1360D1F5C19BD46E90D3E /* PermissionView.swift */; };
		8C045ADBB4994964F9E3A166 /* introduction-story-lottie.json in Resources */ = {isa = PBXBuildFile; fileRef = 0FE3984F89F243C3E0656D2B /* introduction-story-lottie.json */; };
		8D812B2EFFB06A3884F9628F /* storyProblem4.mp3 in Resources */ = {isa = PBXBuildFile; fileRef = 798E07DF778166452574B2BD /* storyProblem4.mp3 */; };
		8E4AC0598F388CB049DD820F /* ReflectionInputView.swift in Sources */ = {isa = PBXBuildFile; fileRef = 9F743B5B303DE0A510DA5F05 /* ReflectionInputView.swift */; };
		90B09BFC6A07FF267D11E07B /* StoryRecapViewModel.swift in Sources */ = {isa = PBXBuildFile; fileRef = CC76D49917CC6A610B4EAA40 /* StoryRecapViewModel.swift */; };
		9107EFDD18778F19F950FDF3 /* motivation.mp3 in Resources */ = {isa = PBXBuildFile; fileRef = 42376A033938104D18ECC1AC /* motivation.mp3 */; };
		917ED67E16519E5001290D88 /* RecordType.swift in Sources */ = {isa = PBXBuildFile; fileRef = 671B79EBEF7CADF761A2C7DB /* RecordType.swift */; };
		9288E4CFBC906712259F0327 /* OnboardingViewModel.swift in Sources */ = {isa = PBXBuildFile; fileRef = 7CD004403D1C8F8501843BF3 /* OnboardingViewModel.swift */; };
		9348FE6DFB3CDBF5F0209DBA /* ElevenLabsAPIService.swift in Sources */ = {isa = PBXBuildFile; fileRef = 4A57C39BE5301B6B3C8DCF24 /* ElevenLabsAPIService.swift */; };
		934DF2C2206EF9B17D453105 /* SoundModel.swift in Sources */ = {isa = PBXBuildFile; fileRef = 5EF737E5476A470F4AB0DBAD /* SoundModel.swift */; };
		97E47B23467914BCDCBDFE6A /* meditation.mp3 in Resources */ = {isa = PBXBuildFile; fileRef = 2CC2023317018EECB4E6CCA3 /* meditation.mp3 */; };
		9A35A677C9B33560A9BA2FE8 /* UserCoreDataService.swift in Sources */ = {isa = PBXBuildFile; fileRef = 8423D701306AF8A4BE5B6662 /* UserCoreDataService.swift */; };
		9A91BB199C8CCD979A3B2CD2 /* StoryRecapView.swift in Sources */ = {isa = PBXBuildFile; fileRef = 30EBCB4FD3915E26016A1F43 /* StoryRecapView.swift */; };
		9E2287FD123AFBC48753D3DA /* charachter-animation-lottie.json in Resources */ = {isa = PBXBuildFile; fileRef = F137669727367FE80EFA5B9A /* charachter-animation-lottie.json */; };
		A0A3142F3F04D469A64B9D83 /* BodyText.swift in Sources */ = {isa = PBXBuildFile; fileRef = 05384F89A0269540B46A8545 /* BodyText.swift */; };
		A3A9FA0EF051ADB4DE967C30 /* ReflectionInputViewModel.swift in Sources */ = {isa = PBXBuildFile; fileRef = 0BFA37DDE66F8EA8CA3AF9B5 /* ReflectionInputViewModel.swift */; };
		AE83939BA12714C2E1760F76 /* problem4.mp3 in Resources */ = {isa = PBXBuildFile; fileRef = A9889953ACF49B2D1985B0B4 /* problem4.mp3 */; };
		B307F72517A8EEBEDBDBB711 /* SignInView.swift in Sources */ = {isa = PBXBuildFile; fileRef = 3D42F431359379795BCBB83A /* SignInView.swift */; };
		B53286F5A549D15B65D9762E /* SpeechRecognizer.swift in Sources */ = {isa = PBXBuildFile; fileRef = 2E6B78E1FF7C273FDF05E13D /* SpeechRecognizer.swift */; };
		B6B4743B10B66ADB9409AF3F /* HomeView.swift in Sources */ = {isa = PBXBuildFile; fileRef = 04FF5B2101A141866CF061F5 /* HomeView.swift */; };
		B70FB066E9B7E8744303CFFD /* MC3App.swift in Sources */ = {isa = PBXBuildFile; fileRef = C37DF4C75BDC4C9C1AAF33E4 /* MC3App.swift */; };
		B84ED4972EC0E16B1AFAE46F /* ChatGPTService.swift in Sources */ = {isa = PBXBuildFile; fileRef = D64B39D6E26C8472829A998B /* ChatGPTService.swift */; };
		B8933646E4494CFD4B54B9B0 /* BreathingView.swift in Sources */ = {isa = PBXBuildFile; fileRef = EB6272B19DB6BC9506AF8BCD /* BreathingView.swift */; };
		B99840967F2A6E4D41DDF432 /* ChatGPTStoryModel.swift in Sources */ = {isa = PBXBuildFile; fileRef = 286DBDEFB115B876AAC25077 /* ChatGPTStoryModel.swift */; };
		BC52024F65B0149B8FC660D9 /* selfAffirmation.mp3 in Resources */ = {isa = PBXBuildFile; fileRef = B0795CCD5A09DA63C86EF8EF /* selfAffirmation.mp3 */; };
		BDD58073BC2653EBB519B811 /* SingleTextField.swift in Sources */ = {isa = PBXBuildFile; fileRef = 733E1C139B0B028A6BA8B2DF /* SingleTextField.swift */; };
		BEF2010F8F8CE5A65ABB991B /* MusicModel.swift in Sources */ = {isa = PBXBuildFile; fileRef = 5A97EB8E52558D4F0F2C0451 /* MusicModel.swift */; };
		C79F2B2AEAC19882F98A1619 /* AppStorageService.swift in Sources */ = {isa = PBXBuildFile; fileRef = E98F68FEE99E02DF6CD1E7E1 /* AppStorageService.swift */; };
		C7CEFA36900353B438FBE447 /* LottieController.swift in Sources */ = {isa = PBXBuildFile; fileRef = 132519FF6BBDD70AF3A9DA9D /* LottieController.swift */; };
		C7F51B93EB60FA97BB39D285 /* RatingButton.swift in Sources */ = {isa = PBXBuildFile; fileRef = DBAE9025995644897B5955E8 /* RatingButton.swift */; };
		C969549C6F480C6E0A797B51 /* IntroductionToStoryView.swift in Sources */ = {isa = PBXBuildFile; fileRef = 89C31E8960B80953AFCCF1B4 /* IntroductionToStoryView.swift */; };
		C9D0CFF20FAB06CD5DC18156 /* MoreStoryView.swift in Sources */ = {isa = PBXBuildFile; fileRef = 76990347B49F90EF832F83B9 /* MoreStoryView.swift */; };
		CFC46B8E17A97F4B5B82A603 /* KeyboardService.swift in Sources */ = {isa = PBXBuildFile; fileRef = 5DF3AD2CE76E02DE30D95AD7 /* KeyboardService.swift */; };
		D0E17F791B64827DA40AA306 /* AffirmationModel.swift in Sources */ = {isa = PBXBuildFile; fileRef = C19035269FAC542BE53F0619 /* AffirmationModel.swift */; };
		D1B9E0F1F0E54198C799EA6C /* LottieView.swift in Sources */ = {isa = PBXBuildFile; fileRef = 1F5668F823CD58E6DD591BCC /* LottieView.swift */; };
		D2BAADC5E60DEA419C69D945 /* storyProblem1.mp3 in Resources */ = {isa = PBXBuildFile; fileRef = C67273B96C429F32FA4F3DB0 /* storyProblem1.mp3 */; };
		D54ADDC8E9C33AA6EDC15435 /* StoryIntroductionView.swift in Sources */ = {isa = PBXBuildFile; fileRef = 088EE1F77AD10758AF3F38F5 /* StoryIntroductionView.swift */; };
		D635103CCA14E1836AC93030 /* CloudKitManager.swift in Sources */ = {isa = PBXBuildFile; fileRef = E4798D9DD7B62EA83BE3F330 /* CloudKitManager.swift */; };
		D7E02372AAA717BBDEA31CE6 /* TextToSpeech.swift in Sources */ = {isa = PBXBuildFile; fileRef = 0ADE8E93A106D9F2712B9E46 /* TextToSpeech.swift */; };
		D82622A225A0F053D07CF599 /* ReflectionCompleteView.swift in Sources */ = {isa = PBXBuildFile; fileRef = B490060B359AE69AC9BCB220 /* ReflectionCompleteView.swift */; };
		DA4664DBA65742DAABFDE5C7 /* ReflectionDetailView.swift in Sources */ = {isa = PBXBuildFile; fileRef = DE6358B287B7FE17A88495E7 /* ReflectionDetailView.swift */; };
		DC15878FF2055F43843FA380 /* MenuButton.swift in Sources */ = {isa = PBXBuildFile; fileRef = D4B3A6D0D9B92EDCF23616C6 /* MenuButton.swift */; };
		DCC76E23441DCAF3C1D05FCA /* RatingCloudKitService.swift in Sources */ = {isa = PBXBuildFile; fileRef = 7367DBA163DE9AE223B76E96 /* RatingCloudKitService.swift */; };
		DCF3CBFCB56962620A58FC5E /* Preview Assets.xcassets in Resources */ = {isa = PBXBuildFile; fileRef = 62CE1327C064DF0ECBB08BDA /* Preview Assets.xcassets */; };
		DD6A72AB2D95723E1CCD3EA7 /* SoundCoreDataService.swift in Sources */ = {isa = PBXBuildFile; fileRef = 3FC8A3D238F3C41BEA38A36B /* SoundCoreDataService.swift */; };
		E29B7F0EC4648D1C2CE1083C /* HomeViewModel.swift in Sources */ = {isa = PBXBuildFile; fileRef = 3CD0A911BE1B38BB657E20AC /* HomeViewModel.swift */; };
		E51F249CA1097B7110B068B6 /* ValidateProblemView.swift in Sources */ = {isa = PBXBuildFile; fileRef = A7A0D20D3F5FA5E2C4629FA2 /* ValidateProblemView.swift */; };
		E68E7EA64CCEF689E428CED4 /* StoryCloudKitService.swift in Sources */ = {isa = PBXBuildFile; fileRef = FB3FC88B71B2229079B528E7 /* StoryCloudKitService.swift */; };
		E7E124315928606140B4F370 /* TextArea.swift in Sources */ = {isa = PBXBuildFile; fileRef = 0CD3A0853C570392ADD770A4 /* TextArea.swift */; };
		E8B547813349DC7375EFD3DC /* ViewPath.swift in Sources */ = {isa = PBXBuildFile; fileRef = 24DF1580C9620E1BC2458F76 /* ViewPath.swift */; };
		EEA95B1A565C182AFBE594B0 /* storyReflection1.mp3 in Resources */ = {isa = PBXBuildFile; fileRef = 57263D61EF0CF53C2EA559AF /* storyReflection1.mp3 */; };
		F051EA5ECB96F2B1F1ACFADC /* StoryProblemType.swift in Sources */ = {isa = PBXBuildFile; fileRef = 8EEBC131D1891B20DE38F955 /* StoryProblemType.swift */; };
		F55D68B7FCADC21CE7FCE885 /* OnboardingView.swift in Sources */ = {isa = PBXBuildFile; fileRef = 1575C714768B955920D010B6 /* OnboardingView.swift */; };
		F59D8DEFD4CEB342F387A76F /* SelfAffirmationViewModel.swift in Sources */ = {isa = PBXBuildFile; fileRef = C86DE402206BD216F63C6B04 /* SelfAffirmationViewModel.swift */; };
		F70E46D25CA05D171F51336E /* SceneView.swift in Sources */ = {isa = PBXBuildFile; fileRef = 4736999EB6FADE28FF44904A /* SceneView.swift */; };
		F8E2C8AAFB7DB44441079CA0 /* ChatBubble.swift in Sources */ = {isa = PBXBuildFile; fileRef = 0E06B5717661679FEC8B0D9F /* ChatBubble.swift */; };
		FF4230138E7EB698BDFAF040 /* Persistence.swift in Sources */ = {isa = PBXBuildFile; fileRef = E0145CDE1C62273D4EDE3D21 /* Persistence.swift */; };
		FFC61192439CB727E09F8693 /* Lottie in Frameworks */ = {isa = PBXBuildFile; productRef = 8F218D1DB08F59840D5AE4B1 /* Lottie */; };
/* End PBXBuildFile section */

/* Begin PBXFileReference section */
		00BE919DC95F8CAB0F4AF2D1 /* SoundCloudKitService.swift */ = {isa = PBXFileReference; lastKnownFileType = sourcecode.swift; path = SoundCloudKitService.swift; sourceTree = "<group>"; };
		01EE947F0AF98BF15699E34A /* HistoryCloudKitService.swift */ = {isa = PBXFileReference; lastKnownFileType = sourcecode.swift; path = HistoryCloudKitService.swift; sourceTree = "<group>"; };
		04FF5B2101A141866CF061F5 /* HomeView.swift */ = {isa = PBXFileReference; lastKnownFileType = sourcecode.swift; path = HomeView.swift; sourceTree = "<group>"; };
		05384F89A0269540B46A8545 /* BodyText.swift */ = {isa = PBXFileReference; lastKnownFileType = sourcecode.swift; path = BodyText.swift; sourceTree = "<group>"; };
		077A76F32FD44D6A35759738 /* quote2.mp3 */ = {isa = PBXFileReference; lastKnownFileType = audio.mp3; path = quote2.mp3; sourceTree = "<group>"; };
		086E4EBD7BBF395E383C4A14 /* ContentView.swift */ = {isa = PBXFileReference; lastKnownFileType = sourcecode.swift; path = ContentView.swift; sourceTree = "<group>"; };
		0880A2A713B1B783CAEF2B1A /* Mascot.swift */ = {isa = PBXFileReference; lastKnownFileType = sourcecode.swift; path = Mascot.swift; sourceTree = "<group>"; };
		088EE1F77AD10758AF3F38F5 /* StoryIntroductionView.swift */ = {isa = PBXFileReference; lastKnownFileType = sourcecode.swift; path = StoryIntroductionView.swift; sourceTree = "<group>"; };
		0ADE8E93A106D9F2712B9E46 /* TextToSpeech.swift */ = {isa = PBXFileReference; lastKnownFileType = sourcecode.swift; path = TextToSpeech.swift; sourceTree = "<group>"; };
		0BFA37DDE66F8EA8CA3AF9B5 /* ReflectionInputViewModel.swift */ = {isa = PBXFileReference; lastKnownFileType = sourcecode.swift; path = ReflectionInputViewModel.swift; sourceTree = "<group>"; };
		0CD3A0853C570392ADD770A4 /* TextArea.swift */ = {isa = PBXFileReference; lastKnownFileType = sourcecode.swift; path = TextArea.swift; sourceTree = "<group>"; };
		0E06B5717661679FEC8B0D9F /* ChatBubble.swift */ = {isa = PBXFileReference; lastKnownFileType = sourcecode.swift; path = ChatBubble.swift; sourceTree = "<group>"; };
		0FE3984F89F243C3E0656D2B /* introduction-story-lottie.json */ = {isa = PBXFileReference; lastKnownFileType = text.json; path = "introduction-story-lottie.json"; sourceTree = "<group>"; };
		1086E8F31450566790A1261A /* storyIntroduction1.mp3 */ = {isa = PBXFileReference; lastKnownFileType = audio.mp3; path = storyIntroduction1.mp3; sourceTree = "<group>"; };
		132519FF6BBDD70AF3A9DA9D /* LottieController.swift */ = {isa = PBXFileReference; lastKnownFileType = sourcecode.swift; path = LottieController.swift; sourceTree = "<group>"; };
		1575C714768B955920D010B6 /* OnboardingView.swift */ = {isa = PBXFileReference; lastKnownFileType = sourcecode.swift; path = OnboardingView.swift; sourceTree = "<group>"; };
		166F912647AB96290ED3F2F0 /* MascotText.swift */ = {isa = PBXFileReference; lastKnownFileType = sourcecode.swift; path = MascotText.swift; sourceTree = "<group>"; };
		18C8965F4036FD49FCE99376 /* problem3.mp3 */ = {isa = PBXFileReference; lastKnownFileType = audio.mp3; path = problem3.mp3; sourceTree = "<group>"; };
		1F189A78C12C160AD2585524 /* storyProblem2.mp3 */ = {isa = PBXFileReference; lastKnownFileType = audio.mp3; path = storyProblem2.mp3; sourceTree = "<group>"; };
		1F5668F823CD58E6DD591BCC /* LottieView.swift */ = {isa = PBXFileReference; lastKnownFileType = sourcecode.swift; path = LottieView.swift; sourceTree = "<group>"; };
		24DF1580C9620E1BC2458F76 /* ViewPath.swift */ = {isa = PBXFileReference; lastKnownFileType = sourcecode.swift; path = ViewPath.swift; sourceTree = "<group>"; };
		2580B9E6E8DFC487B3BCB6C9 /* OnboardingType.swift */ = {isa = PBXFileReference; lastKnownFileType = sourcecode.swift; path = OnboardingType.swift; sourceTree = "<group>"; };
		25F3B0B98B1F3D5B8E30E711 /* quote3.mp3 */ = {isa = PBXFileReference; lastKnownFileType = audio.mp3; path = quote3.mp3; sourceTree = "<group>"; };
		286DBDEFB115B876AAC25077 /* ChatGPTStoryModel.swift */ = {isa = PBXFileReference; lastKnownFileType = sourcecode.swift; path = ChatGPTStoryModel.swift; sourceTree = "<group>"; };
		2CA1360D1F5C19BD46E90D3E /* PermissionView.swift */ = {isa = PBXFileReference; lastKnownFileType = sourcecode.swift; path = PermissionView.swift; sourceTree = "<group>"; };
		2CC2023317018EECB4E6CCA3 /* meditation.mp3 */ = {isa = PBXFileReference; lastKnownFileType = audio.mp3; path = meditation.mp3; sourceTree = "<group>"; };
		2E4EC18D562A66BB21744CFE /* TitleText.swift */ = {isa = PBXFileReference; lastKnownFileType = sourcecode.swift; path = TitleText.swift; sourceTree = "<group>"; };
		2E6B78E1FF7C273FDF05E13D /* SpeechRecognizer.swift */ = {isa = PBXFileReference; lastKnownFileType = sourcecode.swift; path = SpeechRecognizer.swift; sourceTree = "<group>"; };
		30EBCB4FD3915E26016A1F43 /* StoryRecapView.swift */ = {isa = PBXFileReference; lastKnownFileType = sourcecode.swift; path = StoryRecapView.swift; sourceTree = "<group>"; };
		329891F216982D6528EDF4CC /* MascotAlignment.swift */ = {isa = PBXFileReference; lastKnownFileType = sourcecode.swift; path = MascotAlignment.swift; sourceTree = "<group>"; };
		32A907ABF9D03325DC316F20 /* InputProblemView.swift */ = {isa = PBXFileReference; lastKnownFileType = sourcecode.swift; path = InputProblemView.swift; sourceTree = "<group>"; };
		35FABA556CE497F4B3963F8A /* a-scene-3.json */ = {isa = PBXFileReference; lastKnownFileType = text.json; path = "a-scene-3.json"; sourceTree = "<group>"; };
		3804DA470AB8B2CC61F3A952 /* SignInViewModel.swift */ = {isa = PBXFileReference; lastKnownFileType = sourcecode.swift; path = SignInViewModel.swift; sourceTree = "<group>"; };
		3CD0A911BE1B38BB657E20AC /* HomeViewModel.swift */ = {isa = PBXFileReference; lastKnownFileType = sourcecode.swift; path = HomeViewModel.swift; sourceTree = "<group>"; };
		3D42F431359379795BCBB83A /* SignInView.swift */ = {isa = PBXFileReference; lastKnownFileType = sourcecode.swift; path = SignInView.swift; sourceTree = "<group>"; };
		3E0FB8027AABE327E37F4F20 /* MeditationModel.swift */ = {isa = PBXFileReference; lastKnownFileType = sourcecode.swift; path = MeditationModel.swift; sourceTree = "<group>"; };
		3FC8A3D238F3C41BEA38A36B /* SoundCoreDataService.swift */ = {isa = PBXFileReference; lastKnownFileType = sourcecode.swift; path = SoundCoreDataService.swift; sourceTree = "<group>"; };
		409C845094478C09F88938F3 /* HistoryModel.swift */ = {isa = PBXFileReference; lastKnownFileType = sourcecode.swift; path = HistoryModel.swift; sourceTree = "<group>"; };
		40E0151F1113B2C066F95455 /* MainView.swift */ = {isa = PBXFileReference; lastKnownFileType = sourcecode.swift; path = MainView.swift; sourceTree = "<group>"; };
		42376A033938104D18ECC1AC /* motivation.mp3 */ = {isa = PBXFileReference; lastKnownFileType = audio.mp3; path = motivation.mp3; sourceTree = "<group>"; };
		44CAAFD41445FCAFDFB1B258 /* APIManager.swift */ = {isa = PBXFileReference; lastKnownFileType = sourcecode.swift; path = APIManager.swift; sourceTree = "<group>"; };
		4736999EB6FADE28FF44904A /* SceneView.swift */ = {isa = PBXFileReference; lastKnownFileType = sourcecode.swift; path = SceneView.swift; sourceTree = "<group>"; };
		47D1266F6A955DF973574B26 /* introduction-story-mouth-lottie.json */ = {isa = PBXFileReference; lastKnownFileType = text.json; path = "introduction-story-mouth-lottie.json"; sourceTree = "<group>"; };
		4A57C39BE5301B6B3C8DCF24 /* ElevenLabsAPIService.swift */ = {isa = PBXFileReference; lastKnownFileType = sourcecode.swift; path = ElevenLabsAPIService.swift; sourceTree = "<group>"; };
		4CE8194AE71D22E09C51EBFA /* UserViewModel.swift */ = {isa = PBXFileReference; lastKnownFileType = sourcecode.swift; path = UserViewModel.swift; sourceTree = "<group>"; };
		52792E69EE27E464F8CF5F7D /* StoryViewModel.swift */ = {isa = PBXFileReference; lastKnownFileType = sourcecode.swift; path = StoryViewModel.swift; sourceTree = "<group>"; };
		57263D61EF0CF53C2EA559AF /* storyReflection1.mp3 */ = {isa = PBXFileReference; lastKnownFileType = audio.mp3; path = storyReflection1.mp3; sourceTree = "<group>"; };
		5783545020677AB905740D17 /* StoryProblemViewModel.swift */ = {isa = PBXFileReference; lastKnownFileType = sourcecode.swift; path = StoryProblemViewModel.swift; sourceTree = "<group>"; };
		5A5559D40704575382F86347 /* InputProblemViewModel.swift */ = {isa = PBXFileReference; lastKnownFileType = sourcecode.swift; path = InputProblemViewModel.swift; sourceTree = "<group>"; };
		5A97EB8E52558D4F0F2C0451 /* MusicModel.swift */ = {isa = PBXFileReference; lastKnownFileType = sourcecode.swift; path = MusicModel.swift; sourceTree = "<group>"; };
		5CD0BADBA6D69F8694228C34 /* PrimaryButton.swift */ = {isa = PBXFileReference; lastKnownFileType = sourcecode.swift; path = PrimaryButton.swift; sourceTree = "<group>"; };
		5DF3AD2CE76E02DE30D95AD7 /* KeyboardService.swift */ = {isa = PBXFileReference; lastKnownFileType = sourcecode.swift; path = KeyboardService.swift; sourceTree = "<group>"; };
		5DFB931AD62898C3CA4D0C4D /* Assets.xcassets */ = {isa = PBXFileReference; lastKnownFileType = folder.assetcatalog; path = Assets.xcassets; sourceTree = "<group>"; };
		5E26B9EC532616565CB509FB /* storyProblem3.mp3 */ = {isa = PBXFileReference; lastKnownFileType = audio.mp3; path = storyProblem3.mp3; sourceTree = "<group>"; };
		5EF737E5476A470F4AB0DBAD /* SoundModel.swift */ = {isa = PBXFileReference; lastKnownFileType = sourcecode.swift; path = SoundModel.swift; sourceTree = "<group>"; };
		6193A554998C3B55E4D69BA4 /* a-scene-1.json */ = {isa = PBXFileReference; lastKnownFileType = text.json; path = "a-scene-1.json"; sourceTree = "<group>"; };
		623B1FB9947D5B0E3D48612F /* MyReflectionViewModel.swift */ = {isa = PBXFileReference; lastKnownFileType = sourcecode.swift; path = MyReflectionViewModel.swift; sourceTree = "<group>"; };
		62CE1327C064DF0ECBB08BDA /* Preview Assets.xcassets */ = {isa = PBXFileReference; lastKnownFileType = folder.assetcatalog; path = "Preview Assets.xcassets"; sourceTree = "<group>"; };
		63000BCA6622C354E37E2061 /* StoryModel.swift */ = {isa = PBXFileReference; lastKnownFileType = sourcecode.swift; path = StoryModel.swift; sourceTree = "<group>"; };
		65947238E5980F6D4FC612A9 /* storyReflection2.mp3 */ = {isa = PBXFileReference; lastKnownFileType = audio.mp3; path = storyReflection2.mp3; sourceTree = "<group>"; };
		662916B4D56BC967A80552A6 /* PermissionViewModel.swift */ = {isa = PBXFileReference; lastKnownFileType = sourcecode.swift; path = PermissionViewModel.swift; sourceTree = "<group>"; };
		671B79EBEF7CADF761A2C7DB /* RecordType.swift */ = {isa = PBXFileReference; lastKnownFileType = sourcecode.swift; path = RecordType.swift; sourceTree = "<group>"; };
		6A484F40F620C3F515422EF1 /* problem2.mp3 */ = {isa = PBXFileReference; lastKnownFileType = audio.mp3; path = problem2.mp3; sourceTree = "<group>"; };
		6A6E2659BF84091A278BEEFD /* MainViewModel.swift */ = {isa = PBXFileReference; lastKnownFileType = sourcecode.swift; path = MainViewModel.swift; sourceTree = "<group>"; };
		6ABF8B11A080A0715B598C3C /* PathStore.swift */ = {isa = PBXFileReference; lastKnownFileType = sourcecode.swift; path = PathStore.swift; sourceTree = "<group>"; };
		6BAB0701118B9A5B0955F3E4 /* OnboardingFirstView.swift */ = {isa = PBXFileReference; lastKnownFileType = sourcecode.swift; path = OnboardingFirstView.swift; sourceTree = "<group>"; };
		6C7D88CF86EAB0A3BFF8DBA9 /* CoreDataManager.swift */ = {isa = PBXFileReference; lastKnownFileType = sourcecode.swift; path = CoreDataManager.swift; sourceTree = "<group>"; };
		6CCB8AD8716EC4ADC87496BB /* UserModel.swift */ = {isa = PBXFileReference; lastKnownFileType = sourcecode.swift; path = UserModel.swift; sourceTree = "<group>"; };
		6E5C9E0F2327EF4B11D84A6A /* UserInputType.swift */ = {isa = PBXFileReference; lastKnownFileType = sourcecode.swift; path = UserInputType.swift; sourceTree = "<group>"; };
		7021CEF46B9C3A9811CDF93F /* Card.swift */ = {isa = PBXFileReference; lastKnownFileType = sourcecode.swift; path = Card.swift; sourceTree = "<group>"; };
		733E1C139B0B028A6BA8B2DF /* SingleTextField.swift */ = {isa = PBXFileReference; lastKnownFileType = sourcecode.swift; path = SingleTextField.swift; sourceTree = "<group>"; };
		7367DBA163DE9AE223B76E96 /* RatingCloudKitService.swift */ = {isa = PBXFileReference; lastKnownFileType = sourcecode.swift; path = RatingCloudKitService.swift; sourceTree = "<group>"; };
		76990347B49F90EF832F83B9 /* MoreStoryView.swift */ = {isa = PBXFileReference; lastKnownFileType = sourcecode.swift; path = MoreStoryView.swift; sourceTree = "<group>"; };
		791351E7068BE1E8DEC18469 /* MC3.xcdatamodel */ = {isa = PBXFileReference; lastKnownFileType = wrapper.xcdatamodel; path = MC3.xcdatamodel; sourceTree = "<group>"; };
		798E07DF778166452574B2BD /* storyProblem4.mp3 */ = {isa = PBXFileReference; lastKnownFileType = audio.mp3; path = storyProblem4.mp3; sourceTree = "<group>"; };
		7B806C9D8E09207B8BE1610F /* home1.mp3 */ = {isa = PBXFileReference; lastKnownFileType = audio.mp3; path = home1.mp3; sourceTree = "<group>"; };
		7CD004403D1C8F8501843BF3 /* OnboardingViewModel.swift */ = {isa = PBXFileReference; lastKnownFileType = sourcecode.swift; path = OnboardingViewModel.swift; sourceTree = "<group>"; };
		7D815E067EFD70448993FF6B /* MenuButtonType.swift */ = {isa = PBXFileReference; lastKnownFileType = sourcecode.swift; path = MenuButtonType.swift; sourceTree = "<group>"; };
		7F6D4CD8036FF96A0E1618C3 /* CategoryModel.swift */ = {isa = PBXFileReference; lastKnownFileType = sourcecode.swift; path = CategoryModel.swift; sourceTree = "<group>"; };
		81CF700B59F859499D0F8E42 /* RatingModel.swift */ = {isa = PBXFileReference; lastKnownFileType = sourcecode.swift; path = RatingModel.swift; sourceTree = "<group>"; };
		83251F47FDFE5723E4EC2940 /* SelfAffirmationView.swift */ = {isa = PBXFileReference; lastKnownFileType = sourcecode.swift; path = SelfAffirmationView.swift; sourceTree = "<group>"; };
		8423D701306AF8A4BE5B6662 /* UserCoreDataService.swift */ = {isa = PBXFileReference; lastKnownFileType = sourcecode.swift; path = UserCoreDataService.swift; sourceTree = "<group>"; };
		869018E39C76D967776F055F /* StoryProblemView.swift */ = {isa = PBXFileReference; lastKnownFileType = sourcecode.swift; path = StoryProblemView.swift; sourceTree = "<group>"; };
		8872BE397C3C45950EC55C91 /* TalesOfBrave.app */ = {isa = PBXFileReference; explicitFileType = wrapper.application; includeInIndex = 0; path = TalesOfBrave.app; sourceTree = BUILT_PRODUCTS_DIR; };
		89C31E8960B80953AFCCF1B4 /* IntroductionToStoryView.swift */ = {isa = PBXFileReference; lastKnownFileType = sourcecode.swift; path = IntroductionToStoryView.swift; sourceTree = "<group>"; };
		8BB6E401B63806BD84F4EF0B /* IntroductionView.swift */ = {isa = PBXFileReference; lastKnownFileType = sourcecode.swift; path = IntroductionView.swift; sourceTree = "<group>"; };
		8E7257913DE58AEA8D70075D /* MyReflectionView.swift */ = {isa = PBXFileReference; lastKnownFileType = sourcecode.swift; path = MyReflectionView.swift; sourceTree = "<group>"; };
		8EEBC131D1891B20DE38F955 /* StoryProblemType.swift */ = {isa = PBXFileReference; lastKnownFileType = sourcecode.swift; path = StoryProblemType.swift; sourceTree = "<group>"; };
		8FFEF8E1F7C246DD674F158E /* quote4.mp3 */ = {isa = PBXFileReference; lastKnownFileType = audio.mp3; path = quote4.mp3; sourceTree = "<group>"; };
		95A1FC98DD477D217E9BA392 /* UserCloudKitService.swift */ = {isa = PBXFileReference; lastKnownFileType = sourcecode.swift; path = UserCloudKitService.swift; sourceTree = "<group>"; };
		95CC8C3BB5EE28E76F97791F /* RoundedCornerExtension.swift */ = {isa = PBXFileReference; lastKnownFileType = sourcecode.swift; path = RoundedCornerExtension.swift; sourceTree = "<group>"; };
		992A770DB7408F299B1E9091 /* BreathingViewModel.swift */ = {isa = PBXFileReference; lastKnownFileType = sourcecode.swift; path = BreathingViewModel.swift; sourceTree = "<group>"; };
		9F743B5B303DE0A510DA5F05 /* ReflectionInputView.swift */ = {isa = PBXFileReference; lastKnownFileType = sourcecode.swift; path = ReflectionInputView.swift; sourceTree = "<group>"; };
		A79375A742D2A1E0B9005A58 /* NLPService.swift */ = {isa = PBXFileReference; lastKnownFileType = sourcecode.swift; path = NLPService.swift; sourceTree = "<group>"; };
		A7A0D20D3F5FA5E2C4629FA2 /* ValidateProblemView.swift */ = {isa = PBXFileReference; lastKnownFileType = sourcecode.swift; path = ValidateProblemView.swift; sourceTree = "<group>"; };
		A8069D3DE77E0944FE3BEB10 /* breathing-lottie.json */ = {isa = PBXFileReference; lastKnownFileType = text.json; path = "breathing-lottie.json"; sourceTree = "<group>"; };
		A92B51F0A6C214EBF6EDADF7 /* TalesOfBrave.entitlements */ = {isa = PBXFileReference; lastKnownFileType = text.plist.entitlements; path = TalesOfBrave.entitlements; sourceTree = "<group>"; };
		A9889953ACF49B2D1985B0B4 /* problem4.mp3 */ = {isa = PBXFileReference; lastKnownFileType = audio.mp3; path = problem4.mp3; sourceTree = "<group>"; };
		AA61F7408AB96133BD108E47 /* quote1.mp3 */ = {isa = PBXFileReference; lastKnownFileType = audio.mp3; path = quote1.mp3; sourceTree = "<group>"; };
		AB459640835C460685EB8F68 /* Info.plist */ = {isa = PBXFileReference; lastKnownFileType = text.plist; path = Info.plist; sourceTree = "<group>"; };
		ACE4DCFBF1CAB816078172C6 /* StoryIntroductionViewModel.swift */ = {isa = PBXFileReference; lastKnownFileType = sourcecode.swift; path = StoryIntroductionViewModel.swift; sourceTree = "<group>"; };
		AE9C8DE06B0B87A1AE53F502 /* PublicFigureModel.swift */ = {isa = PBXFileReference; lastKnownFileType = sourcecode.swift; path = PublicFigureModel.swift; sourceTree = "<group>"; };
		B0795CCD5A09DA63C86EF8EF /* selfAffirmation.mp3 */ = {isa = PBXFileReference; lastKnownFileType = audio.mp3; path = selfAffirmation.mp3; sourceTree = "<group>"; };
		B0BCE7DE865B6FD649A516D3 /* AudioManager.swift */ = {isa = PBXFileReference; lastKnownFileType = sourcecode.swift; path = AudioManager.swift; sourceTree = "<group>"; };
		B490060B359AE69AC9BCB220 /* ReflectionCompleteView.swift */ = {isa = PBXFileReference; lastKnownFileType = sourcecode.swift; path = ReflectionCompleteView.swift; sourceTree = "<group>"; };
		B993D1D5CE12B649ABB5B6F8 /* a-scene-2.json */ = {isa = PBXFileReference; lastKnownFileType = text.json; path = "a-scene-2.json"; sourceTree = "<group>"; };
		BC5E69357AF5A11E192F1C58 /* mouth-animation-lottie.json */ = {isa = PBXFileReference; lastKnownFileType = text.json; path = "mouth-animation-lottie.json"; sourceTree = "<group>"; };
		C19035269FAC542BE53F0619 /* AffirmationModel.swift */ = {isa = PBXFileReference; lastKnownFileType = sourcecode.swift; path = AffirmationModel.swift; sourceTree = "<group>"; };
		C37DF4C75BDC4C9C1AAF33E4 /* MC3App.swift */ = {isa = PBXFileReference; lastKnownFileType = sourcecode.swift; path = MC3App.swift; sourceTree = "<group>"; };
		C581F8AEFE363441EAF5613E /* ControlButton.swift */ = {isa = PBXFileReference; lastKnownFileType = sourcecode.swift; path = ControlButton.swift; sourceTree = "<group>"; };
		C67273B96C429F32FA4F3DB0 /* storyProblem1.mp3 */ = {isa = PBXFileReference; lastKnownFileType = audio.mp3; path = storyProblem1.mp3; sourceTree = "<group>"; };
		C86DE402206BD216F63C6B04 /* SelfAffirmationViewModel.swift */ = {isa = PBXFileReference; lastKnownFileType = sourcecode.swift; path = SelfAffirmationViewModel.swift; sourceTree = "<group>"; };
		C8FD2F4D2F464B1C8F46A945 /* MascotViewModel.swift */ = {isa = PBXFileReference; lastKnownFileType = sourcecode.swift; path = MascotViewModel.swift; sourceTree = "<group>"; };
		CB95F2AABCB8E38EB6C4E35F /* SecondaryButton.swift */ = {isa = PBXFileReference; lastKnownFileType = sourcecode.swift; path = SecondaryButton.swift; sourceTree = "<group>"; };
		CC76D49917CC6A610B4EAA40 /* StoryRecapViewModel.swift */ = {isa = PBXFileReference; lastKnownFileType = sourcecode.swift; path = StoryRecapViewModel.swift; sourceTree = "<group>"; };
		CE1E9C6FC538FBF5132E010C /* APIType.swift */ = {isa = PBXFileReference; lastKnownFileType = sourcecode.swift; path = APIType.swift; sourceTree = "<group>"; };
		CE8D7AD9E534C883EA58A8DA /* StoryView.swift */ = {isa = PBXFileReference; lastKnownFileType = sourcecode.swift; path = StoryView.swift; sourceTree = "<group>"; };
		D4B3A6D0D9B92EDCF23616C6 /* MenuButton.swift */ = {isa = PBXFileReference; lastKnownFileType = sourcecode.swift; path = MenuButton.swift; sourceTree = "<group>"; };
		D64B39D6E26C8472829A998B /* ChatGPTService.swift */ = {isa = PBXFileReference; lastKnownFileType = sourcecode.swift; path = ChatGPTService.swift; sourceTree = "<group>"; };
		DBAE9025995644897B5955E8 /* RatingButton.swift */ = {isa = PBXFileReference; lastKnownFileType = sourcecode.swift; path = RatingButton.swift; sourceTree = "<group>"; };
		DDB9BD9B2E9B058C9DA6AF0F /* problem1.mp3 */ = {isa = PBXFileReference; lastKnownFileType = audio.mp3; path = problem1.mp3; sourceTree = "<group>"; };
		DE6358B287B7FE17A88495E7 /* ReflectionDetailView.swift */ = {isa = PBXFileReference; lastKnownFileType = sourcecode.swift; path = ReflectionDetailView.swift; sourceTree = "<group>"; };
		E0145CDE1C62273D4EDE3D21 /* Persistence.swift */ = {isa = PBXFileReference; lastKnownFileType = sourcecode.swift; path = Persistence.swift; sourceTree = "<group>"; };
		E3663D9CB076C4B3FFCDA5A1 /* ButtonType.swift */ = {isa = PBXFileReference; lastKnownFileType = sourcecode.swift; path = ButtonType.swift; sourceTree = "<group>"; };
		E4798D9DD7B62EA83BE3F330 /* CloudKitManager.swift */ = {isa = PBXFileReference; lastKnownFileType = sourcecode.swift; path = CloudKitManager.swift; sourceTree = "<group>"; };
		E55F0A2DB98E48EC7742F3FF /* DateComponentsFormatter.swift */ = {isa = PBXFileReference; lastKnownFileType = sourcecode.swift; path = DateComponentsFormatter.swift; sourceTree = "<group>"; };
		E98F68FEE99E02DF6CD1E7E1 /* AppStorageService.swift */ = {isa = PBXFileReference; lastKnownFileType = sourcecode.swift; path = AppStorageService.swift; sourceTree = "<group>"; };
		EAF1285164F673D0B6D02B58 /* PlayTextViewModel.swift */ = {isa = PBXFileReference; lastKnownFileType = sourcecode.swift; path = PlayTextViewModel.swift; sourceTree = "<group>"; };
		EB6272B19DB6BC9506AF8BCD /* BreathingView.swift */ = {isa = PBXFileReference; lastKnownFileType = sourcecode.swift; path = BreathingView.swift; sourceTree = "<group>"; };
		EC7C33DEC58AFBD1B0694749 /* home2.mp3 */ = {isa = PBXFileReference; lastKnownFileType = audio.mp3; path = home2.mp3; sourceTree = "<group>"; };
		F137669727367FE80EFA5B9A /* charachter-animation-lottie.json */ = {isa = PBXFileReference; lastKnownFileType = text.json; path = "charachter-animation-lottie.json"; sourceTree = "<group>"; };
		F4C7E82A8DD0641B4403C507 /* BubbleText.swift */ = {isa = PBXFileReference; lastKnownFileType = sourcecode.swift; path = BubbleText.swift; sourceTree = "<group>"; };
		FB3FC88B71B2229079B528E7 /* StoryCloudKitService.swift */ = {isa = PBXFileReference; lastKnownFileType = sourcecode.swift; path = StoryCloudKitService.swift; sourceTree = "<group>"; };
/* End PBXFileReference section */

/* Begin PBXFrameworksBuildPhase section */
		DF14795FCB66E7FA29194B3C /* Frameworks */ = {
			isa = PBXFrameworksBuildPhase;
			buildActionMask = 2147483647;
			files = (
				FFC61192439CB727E09F8693 /* Lottie in Frameworks */,
			);
			runOnlyForDeploymentPostprocessing = 0;
		};
/* End PBXFrameworksBuildPhase section */

/* Begin PBXGroup section */
		0A0B5791395EE9F036C74D90 /* StoryRecap */ = {
			isa = PBXGroup;
			children = (
				30EBCB4FD3915E26016A1F43 /* StoryRecapView.swift */,
			);
			path = StoryRecap;
			sourceTree = "<group>";
		};
		0B98487C265E7D70C9C18E16 /* Button */ = {
			isa = PBXGroup;
			children = (
				C581F8AEFE363441EAF5613E /* ControlButton.swift */,
				D4B3A6D0D9B92EDCF23616C6 /* MenuButton.swift */,
				5CD0BADBA6D69F8694228C34 /* PrimaryButton.swift */,
				DBAE9025995644897B5955E8 /* RatingButton.swift */,
				CB95F2AABCB8E38EB6C4E35F /* SecondaryButton.swift */,
			);
			path = Button;
			sourceTree = "<group>";
		};
		0E568D62DDE0A278D9CD88BE = {
			isa = PBXGroup;
			children = (
				22EF4426A71E61E862E665B5 /* TalesOfBrave */,
				22904604C4C8B003261461B5 /* Products */,
			);
			sourceTree = "<group>";
		};
		14206B89B2BF380CBB15A4B8 /* Main */ = {
			isa = PBXGroup;
			children = (
				6A6E2659BF84091A278BEEFD /* MainViewModel.swift */,
			);
			path = Main;
			sourceTree = "<group>";
		};
		157D27C2735D7FA00D191FB9 /* Home */ = {
			isa = PBXGroup;
			children = (
				3CD0A911BE1B38BB657E20AC /* HomeViewModel.swift */,
			);
			path = Home;
			sourceTree = "<group>";
		};
		16159788F76479E72A60D654 /* Extensions */ = {
			isa = PBXGroup;
			children = (
				E55F0A2DB98E48EC7742F3FF /* DateComponentsFormatter.swift */,
				95CC8C3BB5EE28E76F97791F /* RoundedCornerExtension.swift */,
			);
			path = Extensions;
			sourceTree = "<group>";
		};
		1698F5BC0F4DAFA60428A9F5 /* Breathing */ = {
			isa = PBXGroup;
			children = (
				EB6272B19DB6BC9506AF8BCD /* BreathingView.swift */,
			);
			path = Breathing;
			sourceTree = "<group>";
		};
		1C484918BE23BD6519F889F6 /* Introduction */ = {
			isa = PBXGroup;
			children = (
				1086E8F31450566790A1261A /* storyIntroduction1.mp3 */,
			);
			path = Introduction;
			sourceTree = "<group>";
		};
		1EA627B055ACC924C851F50B /* TextField */ = {
			isa = PBXGroup;
			children = (
				733E1C139B0B028A6BA8B2DF /* SingleTextField.swift */,
				0CD3A0853C570392ADD770A4 /* TextArea.swift */,
			);
			path = TextField;
			sourceTree = "<group>";
		};
		22904604C4C8B003261461B5 /* Products */ = {
			isa = PBXGroup;
			children = (
				8872BE397C3C45950EC55C91 /* TalesOfBrave.app */,
			);
			name = Products;
			sourceTree = "<group>";
		};
		22EF4426A71E61E862E665B5 /* TalesOfBrave */ = {
			isa = PBXGroup;
			children = (
				5DFB931AD62898C3CA4D0C4D /* Assets.xcassets */,
				086E4EBD7BBF395E383C4A14 /* ContentView.swift */,
				AB459640835C460685EB8F68 /* Info.plist */,
				CA2DF0389847E0743D4CCB09 /* MC3.xcdatamodeld */,
				C37DF4C75BDC4C9C1AAF33E4 /* MC3App.swift */,
				E0145CDE1C62273D4EDE3D21 /* Persistence.swift */,
				A92B51F0A6C214EBF6EDADF7 /* TalesOfBrave.entitlements */,
				409F23DF9475B7587DB4DD2F /* Models */,
				6A3D7CBE4942318F159D510E /* Presenter */,
				FA14B47BE22193E2E078C33B /* Preview Content */,
				4C955EC8CE96799E6967AE60 /* Sound */,
				8DA63D2DFA604A43A72977E9 /* Utilities */,
			);
			path = TalesOfBrave;
			sourceTree = "<group>";
		};
		2A0739D2F5403C02741D6345 /* Scene */ = {
			isa = PBXGroup;
			children = (
				4736999EB6FADE28FF44904A /* SceneView.swift */,
			);
			path = Scene;
			sourceTree = "<group>";
		};
		2B769138BDB10636233EB782 /* Introduction */ = {
			isa = PBXGroup;
			children = (
				8BB6E401B63806BD84F4EF0B /* IntroductionView.swift */,
			);
			path = Introduction;
			sourceTree = "<group>";
		};
		327D7ADFB8BBF5CB9FC070C6 /* Enums */ = {
			isa = PBXGroup;
			children = (
				E3663D9CB076C4B3FFCDA5A1 /* ButtonType.swift */,
				329891F216982D6528EDF4CC /* MascotAlignment.swift */,
				7D815E067EFD70448993FF6B /* MenuButtonType.swift */,
				6E5C9E0F2327EF4B11D84A6A /* UserInputType.swift */,
			);
			path = Enums;
			sourceTree = "<group>";
		};
		37259F2FA993B5DC53DB2F70 /* Services */ = {
			isa = PBXGroup;
			children = (
				E98F68FEE99E02DF6CD1E7E1 /* AppStorageService.swift */,
				B0BCE7DE865B6FD649A516D3 /* AudioManager.swift */,
				5DF3AD2CE76E02DE30D95AD7 /* KeyboardService.swift */,
				A79375A742D2A1E0B9005A58 /* NLPService.swift */,
				8FC446395CA846523AB2B86A /* API */,
				E72773E81838C3D61C1B0E09 /* CloudKit */,
				E26B8000456C6DB91BAF40F9 /* CoreData */,
			);
			path = Services;
			sourceTree = "<group>";
		};
		390B875022719C9AFFFA85C3 /* Card */ = {
			isa = PBXGroup;
			children = (
				7021CEF46B9C3A9811CDF93F /* Card.swift */,
			);
			path = Card;
			sourceTree = "<group>";
		};
		3947D5BC21CD8DDD3DD29B74 /* Views */ = {
			isa = PBXGroup;
			children = (
				76990347B49F90EF832F83B9 /* MoreStoryView.swift */,
				1698F5BC0F4DAFA60428A9F5 /* Breathing */,
				3C4D481D0D027A22D2EA8498 /* Home */,
				3A87E88B61028A57C39CDC9C /* Main */,
				E94B02618A2B95EC02E1464A /* MyReflection */,
				9634C49ABBE0FB87395F99D9 /* Onboarding */,
				D9FE0767177A03A95CE83A50 /* SelfAffirmation */,
				A9EC511E51124B67D0343EE6 /* Story */,
				50B99579517D03E556AC5127 /* StoryIntroduction */,
				EAE3D5A20007989DE291B01B /* StoryProblem */,
				0A0B5791395EE9F036C74D90 /* StoryRecap */,
				E2298B05D792AA0753BC6E1B /* StoryReflection */,
			);
			path = Views;
			sourceTree = "<group>";
		};
		3A87E88B61028A57C39CDC9C /* Main */ = {
			isa = PBXGroup;
			children = (
				40E0151F1113B2C066F95455 /* MainView.swift */,
			);
			path = Main;
			sourceTree = "<group>";
		};
		3C4D481D0D027A22D2EA8498 /* Home */ = {
			isa = PBXGroup;
			children = (
				04FF5B2101A141866CF061F5 /* HomeView.swift */,
			);
			path = Home;
			sourceTree = "<group>";
		};
		409F23DF9475B7587DB4DD2F /* Models */ = {
			isa = PBXGroup;
			children = (
				C19035269FAC542BE53F0619 /* AffirmationModel.swift */,
				7F6D4CD8036FF96A0E1618C3 /* CategoryModel.swift */,
				286DBDEFB115B876AAC25077 /* ChatGPTStoryModel.swift */,
				409C845094478C09F88938F3 /* HistoryModel.swift */,
				3E0FB8027AABE327E37F4F20 /* MeditationModel.swift */,
				5A97EB8E52558D4F0F2C0451 /* MusicModel.swift */,
				AE9C8DE06B0B87A1AE53F502 /* PublicFigureModel.swift */,
				81CF700B59F859499D0F8E42 /* RatingModel.swift */,
				5EF737E5476A470F4AB0DBAD /* SoundModel.swift */,
				63000BCA6622C354E37E2061 /* StoryModel.swift */,
				6CCB8AD8716EC4ADC87496BB /* UserModel.swift */,
			);
			path = Models;
			sourceTree = "<group>";
		};
		46F1DCF0D2BB27EC6DD93A1C /* Breathing */ = {
			isa = PBXGroup;
			children = (
				992A770DB7408F299B1E9091 /* BreathingViewModel.swift */,
			);
			path = Breathing;
			sourceTree = "<group>";
		};
		47514B589756A8DDF496B346 /* Text */ = {
			isa = PBXGroup;
			children = (
				05384F89A0269540B46A8545 /* BodyText.swift */,
				F4C7E82A8DD0641B4403C507 /* BubbleText.swift */,
				2E4EC18D562A66BB21744CFE /* TitleText.swift */,
			);
			path = Text;
			sourceTree = "<group>";
		};
		4C4962CEB6933DC946ADA52C /* StoryProblem */ = {
			isa = PBXGroup;
			children = (
				5783545020677AB905740D17 /* StoryProblemViewModel.swift */,
			);
			path = StoryProblem;
			sourceTree = "<group>";
		};
		4C955EC8CE96799E6967AE60 /* Sound */ = {
			isa = PBXGroup;
			children = (
				2CC2023317018EECB4E6CCA3 /* meditation.mp3 */,
				42376A033938104D18ECC1AC /* motivation.mp3 */,
				C1174BB2CD903C74225964CB /* Home */,
				732027A51A254A0E06203435 /* Problem */,
				A4881AC815C311571EDA7E37 /* Quote */,
				7F63A51753CF144B93FD7FCC /* SelfAffirmation */,
				AB509C124289B026161DED8D /* Story */,
			);
			path = Sound;
			sourceTree = "<group>";
		};
		4EAB34223C98EC68BB52C6EF /* SelfAffirmation */ = {
			isa = PBXGroup;
			children = (
				C86DE402206BD216F63C6B04 /* SelfAffirmationViewModel.swift */,
			);
			path = SelfAffirmation;
			sourceTree = "<group>";
		};
		50B99579517D03E556AC5127 /* StoryIntroduction */ = {
			isa = PBXGroup;
			children = (
				89C31E8960B80953AFCCF1B4 /* IntroductionToStoryView.swift */,
				088EE1F77AD10758AF3F38F5 /* StoryIntroductionView.swift */,
			);
			path = StoryIntroduction;
			sourceTree = "<group>";
		};
		5A74EEA26C32D64B877BFA91 /* StoryIntroduction */ = {
			isa = PBXGroup;
			children = (
				ACE4DCFBF1CAB816078172C6 /* StoryIntroductionViewModel.swift */,
			);
			path = StoryIntroduction;
			sourceTree = "<group>";
		};
		626C3AD381F320EE7DDFC705 /* Reflection */ = {
			isa = PBXGroup;
			children = (
				57263D61EF0CF53C2EA559AF /* storyReflection1.mp3 */,
				65947238E5980F6D4FC612A9 /* storyReflection2.mp3 */,
			);
			path = Reflection;
			sourceTree = "<group>";
		};
		6A3D7CBE4942318F159D510E /* Presenter */ = {
			isa = PBXGroup;
			children = (
				8723CDD6A477A5FE577A9D3B /* Components */,
				A4F673CBA75803D456E879BA /* ViewModels */,
				3947D5BC21CD8DDD3DD29B74 /* Views */,
			);
			path = Presenter;
			sourceTree = "<group>";
		};
		732027A51A254A0E06203435 /* Problem */ = {
			isa = PBXGroup;
			children = (
				DDB9BD9B2E9B058C9DA6AF0F /* problem1.mp3 */,
				6A484F40F620C3F515422EF1 /* problem2.mp3 */,
				18C8965F4036FD49FCE99376 /* problem3.mp3 */,
				A9889953ACF49B2D1985B0B4 /* problem4.mp3 */,
			);
			path = Problem;
			sourceTree = "<group>";
		};
		7E37E148F3DEC12E841BD92C /* SignIn */ = {
			isa = PBXGroup;
			children = (
				3804DA470AB8B2CC61F3A952 /* SignInViewModel.swift */,
			);
			path = SignIn;
			sourceTree = "<group>";
		};
		7EF2F8E7C14C5820FBA7520B /* Problem */ = {
			isa = PBXGroup;
			children = (
				5A5559D40704575382F86347 /* InputProblemViewModel.swift */,
			);
			path = Problem;
			sourceTree = "<group>";
		};
		7F63A51753CF144B93FD7FCC /* SelfAffirmation */ = {
			isa = PBXGroup;
			children = (
				B0795CCD5A09DA63C86EF8EF /* selfAffirmation.mp3 */,
			);
			path = SelfAffirmation;
			sourceTree = "<group>";
		};
		81FD302A19775E14FD7D5320 /* StoryRecap */ = {
			isa = PBXGroup;
			children = (
				CC76D49917CC6A610B4EAA40 /* StoryRecapViewModel.swift */,
			);
			path = StoryRecap;
			sourceTree = "<group>";
		};
		8394A3741A3ED28ACF79207A /* Mascot */ = {
			isa = PBXGroup;
			children = (
				0880A2A713B1B783CAEF2B1A /* Mascot.swift */,
				C8FD2F4D2F464B1C8F46A945 /* MascotViewModel.swift */,
			);
			path = Mascot;
			sourceTree = "<group>";
		};
		8723CDD6A477A5FE577A9D3B /* Components */ = {
			isa = PBXGroup;
			children = (
				0B98487C265E7D70C9C18E16 /* Button */,
				390B875022719C9AFFFA85C3 /* Card */,
				D87BCAE1D9558B0FAFB97E62 /* Lottie */,
				8394A3741A3ED28ACF79207A /* Mascot */,
				AA00BE6665491B0F7ED29EAD /* Shape */,
				47514B589756A8DDF496B346 /* Text */,
				1EA627B055ACC924C851F50B /* TextField */,
			);
			path = Components;
			sourceTree = "<group>";
		};
		8DA63D2DFA604A43A72977E9 /* Utilities */ = {
			isa = PBXGroup;
			children = (
				FB3777C67663CC62B50E7ADF /* Constant */,
				327D7ADFB8BBF5CB9FC070C6 /* Enums */,
				16159788F76479E72A60D654 /* Extensions */,
				B71A8D1553858C32CAE00167 /* Routings */,
				37259F2FA993B5DC53DB2F70 /* Services */,
			);
			path = Utilities;
			sourceTree = "<group>";
		};
		8FC446395CA846523AB2B86A /* API */ = {
			isa = PBXGroup;
			children = (
				44CAAFD41445FCAFDFB1B258 /* APIManager.swift */,
				CE1E9C6FC538FBF5132E010C /* APIType.swift */,
				D64B39D6E26C8472829A998B /* ChatGPTService.swift */,
				4A57C39BE5301B6B3C8DCF24 /* ElevenLabsAPIService.swift */,
			);
			path = API;
			sourceTree = "<group>";
		};
		911D2CDABF875E9B3698369D /* ValidateProblem */ = {
			isa = PBXGroup;
			children = (
				A7A0D20D3F5FA5E2C4629FA2 /* ValidateProblemView.swift */,
			);
			path = ValidateProblem;
			sourceTree = "<group>";
		};
		9634C49ABBE0FB87395F99D9 /* Onboarding */ = {
			isa = PBXGroup;
			children = (
				6BAB0701118B9A5B0955F3E4 /* OnboardingFirstView.swift */,
				2580B9E6E8DFC487B3BCB6C9 /* OnboardingType.swift */,
				1575C714768B955920D010B6 /* OnboardingView.swift */,
				2B769138BDB10636233EB782 /* Introduction */,
				FBF06889D4C56FDEAC4CEDA1 /* Permission */,
				FA96C98A105F5BB82C48E2DB /* SignIn */,
			);
			path = Onboarding;
			sourceTree = "<group>";
		};
		A20353304BC88C5645FBE077 /* StoryReflection */ = {
			isa = PBXGroup;
			children = (
				0BFA37DDE66F8EA8CA3AF9B5 /* ReflectionInputViewModel.swift */,
			);
			path = StoryReflection;
			sourceTree = "<group>";
		};
		A4881AC815C311571EDA7E37 /* Quote */ = {
			isa = PBXGroup;
			children = (
				AA61F7408AB96133BD108E47 /* quote1.mp3 */,
				077A76F32FD44D6A35759738 /* quote2.mp3 */,
				25F3B0B98B1F3D5B8E30E711 /* quote3.mp3 */,
				8FFEF8E1F7C246DD674F158E /* quote4.mp3 */,
			);
			path = Quote;
			sourceTree = "<group>";
		};
		A4F673CBA75803D456E879BA /* ViewModels */ = {
			isa = PBXGroup;
			children = (
				2E6B78E1FF7C273FDF05E13D /* SpeechRecognizer.swift */,
				0ADE8E93A106D9F2712B9E46 /* TextToSpeech.swift */,
				4CE8194AE71D22E09C51EBFA /* UserViewModel.swift */,
				46F1DCF0D2BB27EC6DD93A1C /* Breathing */,
				157D27C2735D7FA00D191FB9 /* Home */,
				14206B89B2BF380CBB15A4B8 /* Main */,
				AD3D51D2F037E58B436BB5FE /* MyReflection */,
				D8AB531CFBFA618910980282 /* Onboarding */,
				7EF2F8E7C14C5820FBA7520B /* Problem */,
				4EAB34223C98EC68BB52C6EF /* SelfAffirmation */,
				DAD8797C620B5B45AA842E27 /* Story */,
				5A74EEA26C32D64B877BFA91 /* StoryIntroduction */,
				4C4962CEB6933DC946ADA52C /* StoryProblem */,
				81FD302A19775E14FD7D5320 /* StoryRecap */,
				A20353304BC88C5645FBE077 /* StoryReflection */,
			);
			path = ViewModels;
			sourceTree = "<group>";
		};
		A9EC511E51124B67D0343EE6 /* Story */ = {
			isa = PBXGroup;
			children = (
				CE8D7AD9E534C883EA58A8DA /* StoryView.swift */,
				2A0739D2F5403C02741D6345 /* Scene */,
			);
			path = Story;
			sourceTree = "<group>";
		};
		AA00BE6665491B0F7ED29EAD /* Shape */ = {
			isa = PBXGroup;
			children = (
				0E06B5717661679FEC8B0D9F /* ChatBubble.swift */,
			);
			path = Shape;
			sourceTree = "<group>";
		};
		AB509C124289B026161DED8D /* Story */ = {
			isa = PBXGroup;
			children = (
				1C484918BE23BD6519F889F6 /* Introduction */,
				F9AD5E8FC0A730478B2FF065 /* Problem */,
				626C3AD381F320EE7DDFC705 /* Reflection */,
			);
			path = Story;
			sourceTree = "<group>";
		};
		AD3D51D2F037E58B436BB5FE /* MyReflection */ = {
			isa = PBXGroup;
			children = (
				623B1FB9947D5B0E3D48612F /* MyReflectionViewModel.swift */,
			);
			path = MyReflection;
			sourceTree = "<group>";
		};
		B71A8D1553858C32CAE00167 /* Routings */ = {
			isa = PBXGroup;
			children = (
				6ABF8B11A080A0715B598C3C /* PathStore.swift */,
				24DF1580C9620E1BC2458F76 /* ViewPath.swift */,
			);
			path = Routings;
			sourceTree = "<group>";
		};
		BCE649ADA6A5B44654906FE4 /* Scene */ = {
			isa = PBXGroup;
			children = (
				EAF1285164F673D0B6D02B58 /* PlayTextViewModel.swift */,
			);
			path = Scene;
			sourceTree = "<group>";
		};
		C1174BB2CD903C74225964CB /* Home */ = {
			isa = PBXGroup;
			children = (
				7B806C9D8E09207B8BE1610F /* home1.mp3 */,
				EC7C33DEC58AFBD1B0694749 /* home2.mp3 */,
			);
			path = Home;
			sourceTree = "<group>";
		};
		C5B3C522E588A8FA55A4E201 /* Problem */ = {
			isa = PBXGroup;
			children = (
				32A907ABF9D03325DC316F20 /* InputProblemView.swift */,
			);
			path = Problem;
			sourceTree = "<group>";
		};
		C782C9A2A0026A87E421A478 /* Permission */ = {
			isa = PBXGroup;
			children = (
				662916B4D56BC967A80552A6 /* PermissionViewModel.swift */,
			);
			path = Permission;
			sourceTree = "<group>";
		};
		D6E9C9F66F28F26D7C3DBFD0 /* Data */ = {
			isa = PBXGroup;
			children = (
				6193A554998C3B55E4D69BA4 /* a-scene-1.json */,
				B993D1D5CE12B649ABB5B6F8 /* a-scene-2.json */,
				35FABA556CE497F4B3963F8A /* a-scene-3.json */,
				A8069D3DE77E0944FE3BEB10 /* breathing-lottie.json */,
				F137669727367FE80EFA5B9A /* charachter-animation-lottie.json */,
				0FE3984F89F243C3E0656D2B /* introduction-story-lottie.json */,
				47D1266F6A955DF973574B26 /* introduction-story-mouth-lottie.json */,
				BC5E69357AF5A11E192F1C58 /* mouth-animation-lottie.json */,
			);
			path = Data;
			sourceTree = "<group>";
		};
		D87BCAE1D9558B0FAFB97E62 /* Lottie */ = {
			isa = PBXGroup;
			children = (
				132519FF6BBDD70AF3A9DA9D /* LottieController.swift */,
				1F5668F823CD58E6DD591BCC /* LottieView.swift */,
				D6E9C9F66F28F26D7C3DBFD0 /* Data */,
			);
			path = Lottie;
			sourceTree = "<group>";
		};
		D8AB531CFBFA618910980282 /* Onboarding */ = {
			isa = PBXGroup;
			children = (
				7CD004403D1C8F8501843BF3 /* OnboardingViewModel.swift */,
				C782C9A2A0026A87E421A478 /* Permission */,
				7E37E148F3DEC12E841BD92C /* SignIn */,
			);
			path = Onboarding;
			sourceTree = "<group>";
		};
		D9FE0767177A03A95CE83A50 /* SelfAffirmation */ = {
			isa = PBXGroup;
			children = (
				83251F47FDFE5723E4EC2940 /* SelfAffirmationView.swift */,
			);
			path = SelfAffirmation;
			sourceTree = "<group>";
		};
		DAD8797C620B5B45AA842E27 /* Story */ = {
			isa = PBXGroup;
			children = (
				52792E69EE27E464F8CF5F7D /* StoryViewModel.swift */,
				BCE649ADA6A5B44654906FE4 /* Scene */,
			);
			path = Story;
			sourceTree = "<group>";
		};
		E2298B05D792AA0753BC6E1B /* StoryReflection */ = {
			isa = PBXGroup;
			children = (
				B490060B359AE69AC9BCB220 /* ReflectionCompleteView.swift */,
				DE6358B287B7FE17A88495E7 /* ReflectionDetailView.swift */,
				9F743B5B303DE0A510DA5F05 /* ReflectionInputView.swift */,
			);
			path = StoryReflection;
			sourceTree = "<group>";
		};
		E26B8000456C6DB91BAF40F9 /* CoreData */ = {
			isa = PBXGroup;
			children = (
				6C7D88CF86EAB0A3BFF8DBA9 /* CoreDataManager.swift */,
				3FC8A3D238F3C41BEA38A36B /* SoundCoreDataService.swift */,
				8423D701306AF8A4BE5B6662 /* UserCoreDataService.swift */,
			);
			path = CoreData;
			sourceTree = "<group>";
		};
		E72773E81838C3D61C1B0E09 /* CloudKit */ = {
			isa = PBXGroup;
			children = (
				E4798D9DD7B62EA83BE3F330 /* CloudKitManager.swift */,
				01EE947F0AF98BF15699E34A /* HistoryCloudKitService.swift */,
				7367DBA163DE9AE223B76E96 /* RatingCloudKitService.swift */,
				671B79EBEF7CADF761A2C7DB /* RecordType.swift */,
				00BE919DC95F8CAB0F4AF2D1 /* SoundCloudKitService.swift */,
				FB3FC88B71B2229079B528E7 /* StoryCloudKitService.swift */,
				95A1FC98DD477D217E9BA392 /* UserCloudKitService.swift */,
			);
			path = CloudKit;
			sourceTree = "<group>";
		};
		E94B02618A2B95EC02E1464A /* MyReflection */ = {
			isa = PBXGroup;
			children = (
				8E7257913DE58AEA8D70075D /* MyReflectionView.swift */,
			);
			path = MyReflection;
			sourceTree = "<group>";
		};
		EAE3D5A20007989DE291B01B /* StoryProblem */ = {
			isa = PBXGroup;
			children = (
				8EEBC131D1891B20DE38F955 /* StoryProblemType.swift */,
				869018E39C76D967776F055F /* StoryProblemView.swift */,
				C5B3C522E588A8FA55A4E201 /* Problem */,
				911D2CDABF875E9B3698369D /* ValidateProblem */,
			);
			path = StoryProblem;
			sourceTree = "<group>";
		};
		F9AD5E8FC0A730478B2FF065 /* Problem */ = {
			isa = PBXGroup;
			children = (
				C67273B96C429F32FA4F3DB0 /* storyProblem1.mp3 */,
				1F189A78C12C160AD2585524 /* storyProblem2.mp3 */,
				5E26B9EC532616565CB509FB /* storyProblem3.mp3 */,
				798E07DF778166452574B2BD /* storyProblem4.mp3 */,
			);
			path = Problem;
			sourceTree = "<group>";
		};
		FA14B47BE22193E2E078C33B /* Preview Content */ = {
			isa = PBXGroup;
			children = (
				62CE1327C064DF0ECBB08BDA /* Preview Assets.xcassets */,
			);
			path = "Preview Content";
			sourceTree = "<group>";
		};
		FA96C98A105F5BB82C48E2DB /* SignIn */ = {
			isa = PBXGroup;
			children = (
				3D42F431359379795BCBB83A /* SignInView.swift */,
			);
			path = SignIn;
			sourceTree = "<group>";
		};
		FB3777C67663CC62B50E7ADF /* Constant */ = {
			isa = PBXGroup;
			children = (
				166F912647AB96290ED3F2F0 /* MascotText.swift */,
			);
			path = Constant;
			sourceTree = "<group>";
		};
		FBF06889D4C56FDEAC4CEDA1 /* Permission */ = {
			isa = PBXGroup;
			children = (
				2CA1360D1F5C19BD46E90D3E /* PermissionView.swift */,
			);
			path = Permission;
			sourceTree = "<group>";
		};
/* End PBXGroup section */

/* Begin PBXNativeTarget section */
		D3EC3D0F14DF9715858C4FF5 /* TalesOfBrave */ = {
			isa = PBXNativeTarget;
			buildConfigurationList = B4E56719C28552D61AC048DA /* Build configuration list for PBXNativeTarget "TalesOfBrave" */;
			buildPhases = (
				DACCEB7D3D9DF9AADD00F0A5 /* Sources */,
				F04B96CA870E6C86204AEA8E /* Resources */,
				DF14795FCB66E7FA29194B3C /* Frameworks */,
			);
			buildRules = (
			);
			dependencies = (
			);
			name = TalesOfBrave;
			packageProductDependencies = (
				8F218D1DB08F59840D5AE4B1 /* Lottie */,
			);
			productName = TalesOfBrave;
			productReference = 8872BE397C3C45950EC55C91 /* TalesOfBrave.app */;
			productType = "com.apple.product-type.application";
		};
/* End PBXNativeTarget section */

/* Begin PBXProject section */
		2C2460ACF307E862BE83F354 /* Project object */ = {
			isa = PBXProject;
			attributes = {
				LastUpgradeCheck = 1200;
			};
			buildConfigurationList = D0EAD7872B128F8F23DBB2AB /* Build configuration list for PBXProject "TalesOfBrave" */;
			compatibilityVersion = "Xcode 11.0";
			developmentRegion = en;
			hasScannedForEncodings = 0;
			knownRegions = (
				Base,
				en,
			);
			mainGroup = 0E568D62DDE0A278D9CD88BE;
			packageReferences = (
				378F9BCD95D3DB61686EF5F8 /* XCRemoteSwiftPackageReference "lottie-spm" */,
			);
			projectDirPath = "";
			projectRoot = "";
			targets = (
				D3EC3D0F14DF9715858C4FF5 /* TalesOfBrave */,
			);
		};
/* End PBXProject section */

/* Begin PBXResourcesBuildPhase section */
		F04B96CA870E6C86204AEA8E /* Resources */ = {
			isa = PBXResourcesBuildPhase;
			buildActionMask = 2147483647;
			files = (
				2C5D287FEA4AC7C25E2B0798 /* Assets.xcassets in Resources */,
				DCF3CBFCB56962620A58FC5E /* Preview Assets.xcassets in Resources */,
				183250C80BF4C4B59C3AD3C5 /* a-scene-1.json in Resources */,
				3312D5D7DACC15A04B86DA26 /* a-scene-2.json in Resources */,
				0E1284E546CF84E2C48AD1F3 /* a-scene-3.json in Resources */,
				07970AC5BE8FCB06415BF51B /* breathing-lottie.json in Resources */,
				9E2287FD123AFBC48753D3DA /* charachter-animation-lottie.json in Resources */,
				6BF2D3DD2526995D916A2240 /* home1.mp3 in Resources */,
				677F6F98A42D140AC22EC6CE /* home2.mp3 in Resources */,
				8C045ADBB4994964F9E3A166 /* introduction-story-lottie.json in Resources */,
				021E936FFA4C19664EE36BB0 /* introduction-story-mouth-lottie.json in Resources */,
				97E47B23467914BCDCBDFE6A /* meditation.mp3 in Resources */,
				9107EFDD18778F19F950FDF3 /* motivation.mp3 in Resources */,
				430C6836DA03546B54789B17 /* mouth-animation-lottie.json in Resources */,
				6A5EA383086AC2A44D1BC317 /* problem1.mp3 in Resources */,
				7714B7E066B819962FC7BD78 /* problem2.mp3 in Resources */,
				3EAE414DEB0602945BA6D215 /* problem3.mp3 in Resources */,
				AE83939BA12714C2E1760F76 /* problem4.mp3 in Resources */,
				8602B328D4C979C137183C88 /* quote1.mp3 in Resources */,
				4AD571FF9C663EBAC63DDD54 /* quote2.mp3 in Resources */,
				3F8F76B80FBFB8116F0EAC08 /* quote3.mp3 in Resources */,
				24C1FEC2446295C9435C5691 /* quote4.mp3 in Resources */,
				BC52024F65B0149B8FC660D9 /* selfAffirmation.mp3 in Resources */,
				586031A5CB78EA5FF3D57992 /* storyIntroduction1.mp3 in Resources */,
				D2BAADC5E60DEA419C69D945 /* storyProblem1.mp3 in Resources */,
				63645F627F1F803DE0D630E6 /* storyProblem2.mp3 in Resources */,
				760864E2CE0F96DFFA7FA188 /* storyProblem3.mp3 in Resources */,
				8D812B2EFFB06A3884F9628F /* storyProblem4.mp3 in Resources */,
				EEA95B1A565C182AFBE594B0 /* storyReflection1.mp3 in Resources */,
				22A100CEFDAFE868789295F0 /* storyReflection2.mp3 in Resources */,
			);
			runOnlyForDeploymentPostprocessing = 0;
		};
/* End PBXResourcesBuildPhase section */

/* Begin PBXSourcesBuildPhase section */
		DACCEB7D3D9DF9AADD00F0A5 /* Sources */ = {
			isa = PBXSourcesBuildPhase;
			buildActionMask = 2147483647;
			files = (
				174CFFCCE849C7F64388669E /* APIManager.swift in Sources */,
				3B2A48247365A026CA119283 /* APIType.swift in Sources */,
				D0E17F791B64827DA40AA306 /* AffirmationModel.swift in Sources */,
				C79F2B2AEAC19882F98A1619 /* AppStorageService.swift in Sources */,
				3FF1463A283EBBC94A61184D /* AudioManager.swift in Sources */,
				A0A3142F3F04D469A64B9D83 /* BodyText.swift in Sources */,
				B8933646E4494CFD4B54B9B0 /* BreathingView.swift in Sources */,
				113D325548F308BB81BE37CA /* BreathingViewModel.swift in Sources */,
				5F9235AFBA7449C489A3BC57 /* BubbleText.swift in Sources */,
				1F8F223DDAB56C928325C62E /* ButtonType.swift in Sources */,
				5A80B34A6EDE3FC24611C27D /* Card.swift in Sources */,
				63AB167D01DFC7BE2DA79621 /* CategoryModel.swift in Sources */,
				F8E2C8AAFB7DB44441079CA0 /* ChatBubble.swift in Sources */,
				B84ED4972EC0E16B1AFAE46F /* ChatGPTService.swift in Sources */,
				B99840967F2A6E4D41DDF432 /* ChatGPTStoryModel.swift in Sources */,
				D635103CCA14E1836AC93030 /* CloudKitManager.swift in Sources */,
				7A7875B24B84DD4CFFC8B040 /* ContentView.swift in Sources */,
				6B0CB14487004AC6E4E26804 /* ControlButton.swift in Sources */,
				2F8A043F1EE2102688BEB323 /* CoreDataManager.swift in Sources */,
				692F5C6C5D35039974E0B085 /* DateComponentsFormatter.swift in Sources */,
				9348FE6DFB3CDBF5F0209DBA /* ElevenLabsAPIService.swift in Sources */,
				13EA78C7161F3C4482318798 /* HistoryCloudKitService.swift in Sources */,
				700F5EDB9D5C14C98AC7F6CC /* HistoryModel.swift in Sources */,
				B6B4743B10B66ADB9409AF3F /* HomeView.swift in Sources */,
				E29B7F0EC4648D1C2CE1083C /* HomeViewModel.swift in Sources */,
				818F4DD19673398EBD3A9C38 /* InputProblemView.swift in Sources */,
				33E6CE2369B9849EFED9CDD8 /* InputProblemViewModel.swift in Sources */,
				C969549C6F480C6E0A797B51 /* IntroductionToStoryView.swift in Sources */,
				15A5C12B4CB1144826EFEC79 /* IntroductionView.swift in Sources */,
				CFC46B8E17A97F4B5B82A603 /* KeyboardService.swift in Sources */,
				C7CEFA36900353B438FBE447 /* LottieController.swift in Sources */,
				D1B9E0F1F0E54198C799EA6C /* LottieView.swift in Sources */,
				5DE8B57D7B00A0439935CD63 /* MC3.xcdatamodeld in Sources */,
				B70FB066E9B7E8744303CFFD /* MC3App.swift in Sources */,
				8111CC5462CF11D64D3575A4 /* MainView.swift in Sources */,
				23853EBDCA8ADB13F575BD00 /* MainViewModel.swift in Sources */,
				6CDD281BDA7AC6149F38F77F /* Mascot.swift in Sources */,
				07874D6E0FA29B15D065AC25 /* MascotAlignment.swift in Sources */,
				20D5A256243B4587E084E4C8 /* MascotText.swift in Sources */,
				746FAB0FAAC1D99D6FE795D0 /* MascotViewModel.swift in Sources */,
				72B1AD5626CF00D0BEA4C9C3 /* MeditationModel.swift in Sources */,
				DC15878FF2055F43843FA380 /* MenuButton.swift in Sources */,
				66286935A73EC407D6BEEBDD /* MenuButtonType.swift in Sources */,
				C9D0CFF20FAB06CD5DC18156 /* MoreStoryView.swift in Sources */,
				BEF2010F8F8CE5A65ABB991B /* MusicModel.swift in Sources */,
				393710081C59EA59B6540808 /* MyReflectionView.swift in Sources */,
				7CA931371D5917FFBB5AE914 /* MyReflectionViewModel.swift in Sources */,
				4AC22A7A1130044057DCD4A2 /* NLPService.swift in Sources */,
				0496C06C32D466E83F671164 /* OnboardingFirstView.swift in Sources */,
				731CF4114ACD1F8E342660CA /* OnboardingType.swift in Sources */,
				F55D68B7FCADC21CE7FCE885 /* OnboardingView.swift in Sources */,
				9288E4CFBC906712259F0327 /* OnboardingViewModel.swift in Sources */,
				517606DB750BB43862732A20 /* PathStore.swift in Sources */,
				8A49F020F57C9C4C2BB1CAE6 /* PermissionView.swift in Sources */,
				7083B80743524FFC16503724 /* PermissionViewModel.swift in Sources */,
				FF4230138E7EB698BDFAF040 /* Persistence.swift in Sources */,
				69DF665DE58953AB2DEB3E28 /* PlayTextViewModel.swift in Sources */,
				58D81C03EF28BB7829FB83F8 /* PrimaryButton.swift in Sources */,
				33FEB4DE693D9B1B834A8244 /* PublicFigureModel.swift in Sources */,
				C7F51B93EB60FA97BB39D285 /* RatingButton.swift in Sources */,
				DCC76E23441DCAF3C1D05FCA /* RatingCloudKitService.swift in Sources */,
				11C7AC04E1460E31C92C6446 /* RatingModel.swift in Sources */,
				917ED67E16519E5001290D88 /* RecordType.swift in Sources */,
				D82622A225A0F053D07CF599 /* ReflectionCompleteView.swift in Sources */,
				DA4664DBA65742DAABFDE5C7 /* ReflectionDetailView.swift in Sources */,
				8E4AC0598F388CB049DD820F /* ReflectionInputView.swift in Sources */,
				A3A9FA0EF051ADB4DE967C30 /* ReflectionInputViewModel.swift in Sources */,
				71681609676F098EBA71FB93 /* RoundedCornerExtension.swift in Sources */,
				F70E46D25CA05D171F51336E /* SceneView.swift in Sources */,
				81A4BFB81177D5AF8D28381C /* SecondaryButton.swift in Sources */,
				860BD202DD7C5CFBCBAAFBBD /* SelfAffirmationView.swift in Sources */,
				F59D8DEFD4CEB342F387A76F /* SelfAffirmationViewModel.swift in Sources */,
				B307F72517A8EEBEDBDBB711 /* SignInView.swift in Sources */,
				7EDE96E6ED96401EC913A554 /* SignInViewModel.swift in Sources */,
				BDD58073BC2653EBB519B811 /* SingleTextField.swift in Sources */,
				12BE0743E50683C4D6EC6B92 /* SoundCloudKitService.swift in Sources */,
				DD6A72AB2D95723E1CCD3EA7 /* SoundCoreDataService.swift in Sources */,
				934DF2C2206EF9B17D453105 /* SoundModel.swift in Sources */,
				B53286F5A549D15B65D9762E /* SpeechRecognizer.swift in Sources */,
				E68E7EA64CCEF689E428CED4 /* StoryCloudKitService.swift in Sources */,
				D54ADDC8E9C33AA6EDC15435 /* StoryIntroductionView.swift in Sources */,
				3884679844F64D41CEBA3A66 /* StoryIntroductionViewModel.swift in Sources */,
				869EA07D80C82BF9F36D3158 /* StoryModel.swift in Sources */,
				F051EA5ECB96F2B1F1ACFADC /* StoryProblemType.swift in Sources */,
				163D32D9F26E81392E4C5446 /* StoryProblemView.swift in Sources */,
				6FA3B5ACC51860D4D4F8130C /* StoryProblemViewModel.swift in Sources */,
				9A91BB199C8CCD979A3B2CD2 /* StoryRecapView.swift in Sources */,
				90B09BFC6A07FF267D11E07B /* StoryRecapViewModel.swift in Sources */,
				5C442060E82FF01B9378379E /* StoryView.swift in Sources */,
				11524D31E1014858A10F44DB /* StoryViewModel.swift in Sources */,
				E7E124315928606140B4F370 /* TextArea.swift in Sources */,
				D7E02372AAA717BBDEA31CE6 /* TextToSpeech.swift in Sources */,
				825DE2C6F99CB1D1646DF693 /* TitleText.swift in Sources */,
				30B171CD993C7DE7F27EBE7F /* UserCloudKitService.swift in Sources */,
				9A35A677C9B33560A9BA2FE8 /* UserCoreDataService.swift in Sources */,
				48E3985055E0E27ADE25CD47 /* UserInputType.swift in Sources */,
				284EBC67E5A6CBCCA2FE25F7 /* UserModel.swift in Sources */,
				1A97F3B8D7DAE42494C71EA8 /* UserViewModel.swift in Sources */,
				E51F249CA1097B7110B068B6 /* ValidateProblemView.swift in Sources */,
				E8B547813349DC7375EFD3DC /* ViewPath.swift in Sources */,
			);
			runOnlyForDeploymentPostprocessing = 0;
		};
/* End PBXSourcesBuildPhase section */

/* Begin XCBuildConfiguration section */
		5BF6A21118F24C702A204833 /* Debug */ = {
			isa = XCBuildConfiguration;
			buildSettings = {
				ALWAYS_SEARCH_USER_PATHS = NO;
				CLANG_ANALYZER_NONNULL = YES;
				CLANG_ANALYZER_NUMBER_OBJECT_CONVERSION = YES_AGGRESSIVE;
				CLANG_CXX_LANGUAGE_STANDARD = "gnu++14";
				CLANG_CXX_LIBRARY = "libc++";
				CLANG_ENABLE_MODULES = YES;
				CLANG_ENABLE_OBJC_ARC = YES;
				CLANG_ENABLE_OBJC_WEAK = YES;
				CLANG_WARN_BLOCK_CAPTURE_AUTORELEASING = YES;
				CLANG_WARN_BOOL_CONVERSION = YES;
				CLANG_WARN_COMMA = YES;
				CLANG_WARN_CONSTANT_CONVERSION = YES;
				CLANG_WARN_DEPRECATED_OBJC_IMPLEMENTATIONS = YES;
				CLANG_WARN_DIRECT_OBJC_ISA_USAGE = YES_ERROR;
				CLANG_WARN_DOCUMENTATION_COMMENTS = YES;
				CLANG_WARN_EMPTY_BODY = YES;
				CLANG_WARN_ENUM_CONVERSION = YES;
				CLANG_WARN_INFINITE_RECURSION = YES;
				CLANG_WARN_INT_CONVERSION = YES;
				CLANG_WARN_NON_LITERAL_NULL_CONVERSION = YES;
				CLANG_WARN_OBJC_IMPLICIT_RETAIN_SELF = YES;
				CLANG_WARN_OBJC_LITERAL_CONVERSION = YES;
				CLANG_WARN_OBJC_ROOT_CLASS = YES_ERROR;
				CLANG_WARN_QUOTED_INCLUDE_IN_FRAMEWORK_HEADER = YES;
				CLANG_WARN_RANGE_LOOP_ANALYSIS = YES;
				CLANG_WARN_STRICT_PROTOTYPES = YES;
				CLANG_WARN_SUSPICIOUS_MOVE = YES;
				CLANG_WARN_UNGUARDED_AVAILABILITY = YES_AGGRESSIVE;
				CLANG_WARN_UNREACHABLE_CODE = YES;
				CLANG_WARN__DUPLICATE_METHOD_MATCH = YES;
				COPY_PHASE_STRIP = NO;
				DEBUG_INFORMATION_FORMAT = dwarf;
				ENABLE_STRICT_OBJC_MSGSEND = YES;
				ENABLE_TESTABILITY = YES;
				GCC_C_LANGUAGE_STANDARD = gnu11;
				GCC_DYNAMIC_NO_PIC = NO;
				GCC_NO_COMMON_BLOCKS = YES;
				GCC_OPTIMIZATION_LEVEL = 0;
				GCC_PREPROCESSOR_DEFINITIONS = (
					"$(inherited)",
					"DEBUG=1",
				);
				GCC_WARN_64_TO_32_BIT_CONVERSION = YES;
				GCC_WARN_ABOUT_RETURN_TYPE = YES_ERROR;
				GCC_WARN_UNDECLARED_SELECTOR = YES;
				GCC_WARN_UNINITIALIZED_AUTOS = YES_AGGRESSIVE;
				GCC_WARN_UNUSED_FUNCTION = YES;
				GCC_WARN_UNUSED_VARIABLE = YES;
				MTL_ENABLE_DEBUG_INFO = INCLUDE_SOURCE;
				MTL_FAST_MATH = YES;
				ONLY_ACTIVE_ARCH = YES;
				PRODUCT_NAME = "$(TARGET_NAME)";
				SDKROOT = iphoneos;
				SWIFT_ACTIVE_COMPILATION_CONDITIONS = DEBUG;
				SWIFT_OPTIMIZATION_LEVEL = "-Onone";
				SWIFT_VERSION = 5.0;
			};
			name = Debug;
		};
		672E75A23BF0285434DB331D /* Release */ = {
			isa = XCBuildConfiguration;
			buildSettings = {
				ALWAYS_SEARCH_USER_PATHS = NO;
				CLANG_ANALYZER_NONNULL = YES;
				CLANG_ANALYZER_NUMBER_OBJECT_CONVERSION = YES_AGGRESSIVE;
				CLANG_CXX_LANGUAGE_STANDARD = "gnu++14";
				CLANG_CXX_LIBRARY = "libc++";
				CLANG_ENABLE_MODULES = YES;
				CLANG_ENABLE_OBJC_ARC = YES;
				CLANG_ENABLE_OBJC_WEAK = YES;
				CLANG_WARN_BLOCK_CAPTURE_AUTORELEASING = YES;
				CLANG_WARN_BOOL_CONVERSION = YES;
				CLANG_WARN_COMMA = YES;
				CLANG_WARN_CONSTANT_CONVERSION = YES;
				CLANG_WARN_DEPRECATED_OBJC_IMPLEMENTATIONS = YES;
				CLANG_WARN_DIRECT_OBJC_ISA_USAGE = YES_ERROR;
				CLANG_WARN_DOCUMENTATION_COMMENTS = YES;
				CLANG_WARN_EMPTY_BODY = YES;
				CLANG_WARN_ENUM_CONVERSION = YES;
				CLANG_WARN_INFINITE_RECURSION = YES;
				CLANG_WARN_INT_CONVERSION = YES;
				CLANG_WARN_NON_LITERAL_NULL_CONVERSION = YES;
				CLANG_WARN_OBJC_IMPLICIT_RETAIN_SELF = YES;
				CLANG_WARN_OBJC_LITERAL_CONVERSION = YES;
				CLANG_WARN_OBJC_ROOT_CLASS = YES_ERROR;
				CLANG_WARN_QUOTED_INCLUDE_IN_FRAMEWORK_HEADER = YES;
				CLANG_WARN_RANGE_LOOP_ANALYSIS = YES;
				CLANG_WARN_STRICT_PROTOTYPES = YES;
				CLANG_WARN_SUSPICIOUS_MOVE = YES;
				CLANG_WARN_UNGUARDED_AVAILABILITY = YES_AGGRESSIVE;
				CLANG_WARN_UNREACHABLE_CODE = YES;
				CLANG_WARN__DUPLICATE_METHOD_MATCH = YES;
				COPY_PHASE_STRIP = NO;
				DEBUG_INFORMATION_FORMAT = "dwarf-with-dsym";
				ENABLE_NS_ASSERTIONS = NO;
				ENABLE_STRICT_OBJC_MSGSEND = YES;
				GCC_C_LANGUAGE_STANDARD = gnu11;
				GCC_NO_COMMON_BLOCKS = YES;
				GCC_WARN_64_TO_32_BIT_CONVERSION = YES;
				GCC_WARN_ABOUT_RETURN_TYPE = YES_ERROR;
				GCC_WARN_UNDECLARED_SELECTOR = YES;
				GCC_WARN_UNINITIALIZED_AUTOS = YES_AGGRESSIVE;
				GCC_WARN_UNUSED_FUNCTION = YES;
				GCC_WARN_UNUSED_VARIABLE = YES;
				MTL_ENABLE_DEBUG_INFO = NO;
				MTL_FAST_MATH = YES;
				PRODUCT_NAME = "$(TARGET_NAME)";
				SDKROOT = iphoneos;
				SWIFT_COMPILATION_MODE = wholemodule;
				SWIFT_OPTIMIZATION_LEVEL = "-O";
				SWIFT_VERSION = 5.0;
			};
			name = Release;
		};
		E6EFF684E46AC0B6DE7187BB /* Debug */ = {
			isa = XCBuildConfiguration;
			buildSettings = {
				ASSETCATALOG_COMPILER_APPICON_NAME = AppIcon;
				CODE_SIGN_ENTITLEMENTS = TalesOfBrave/TalesOfBrave.entitlements;
				CODE_SIGN_IDENTITY = "iPhone Developer";
				CURRENT_PROJECT_VERSION = 1;
				DEVELOPMENT_TEAM = 57DDT5D7L5;
				INFOPLIST_FILE = TalesOfBrave/Info.plist;
				INFOPLIST_KEY_CFBundleDisplayName = "Tales of Brave: Motivation App";
				INFOPLIST_KEY_LSApplicationCategoryType = "public.app-category.lifestyle";
				IPHONEOS_DEPLOYMENT_TARGET = 16.4;
				LD_RUNPATH_SEARCH_PATHS = (
					"$(inherited)",
					"@executable_path/Frameworks",
				);
				MARKETING_VERSION = 1.0.1;
				PRODUCT_BUNDLE_IDENTIFIER = "com.Pengabdi-Codingan.TalesOfBrave";
				SDKROOT = iphoneos;
				SUPPORTED_PLATFORMS = "iphoneos iphonesimulator";
				SUPPORTS_MACCATALYST = NO;
				SUPPORTS_MAC_DESIGNED_FOR_IPHONE_IPAD = NO;
				TARGETED_DEVICE_FAMILY = 1;
			};
			name = Debug;
		};
		F001E4FE8EF869D15EA34CFC /* Release */ = {
			isa = XCBuildConfiguration;
			buildSettings = {
				ASSETCATALOG_COMPILER_APPICON_NAME = AppIcon;
				CODE_SIGN_ENTITLEMENTS = TalesOfBrave/TalesOfBrave.entitlements;
				CODE_SIGN_IDENTITY = "iPhone Developer";
				CURRENT_PROJECT_VERSION = 1;
				DEVELOPMENT_TEAM = 57DDT5D7L5;
				INFOPLIST_FILE = TalesOfBrave/Info.plist;
				INFOPLIST_KEY_CFBundleDisplayName = "Tales of Brave: Motivation App";
				INFOPLIST_KEY_LSApplicationCategoryType = "public.app-category.lifestyle";
				IPHONEOS_DEPLOYMENT_TARGET = 16.4;
				LD_RUNPATH_SEARCH_PATHS = (
					"$(inherited)",
					"@executable_path/Frameworks",
				);
				MARKETING_VERSION = 1.0.1;
				PRODUCT_BUNDLE_IDENTIFIER = "com.Pengabdi-Codingan.TalesOfBrave";
				SDKROOT = iphoneos;
				SUPPORTED_PLATFORMS = "iphoneos iphonesimulator";
				SUPPORTS_MACCATALYST = NO;
				SUPPORTS_MAC_DESIGNED_FOR_IPHONE_IPAD = NO;
				TARGETED_DEVICE_FAMILY = 1;
			};
			name = Release;
		};
/* End XCBuildConfiguration section */

/* Begin XCConfigurationList section */
		B4E56719C28552D61AC048DA /* Build configuration list for PBXNativeTarget "TalesOfBrave" */ = {
			isa = XCConfigurationList;
			buildConfigurations = (
				E6EFF684E46AC0B6DE7187BB /* Debug */,
				F001E4FE8EF869D15EA34CFC /* Release */,
			);
			defaultConfigurationIsVisible = 0;
			defaultConfigurationName = Debug;
		};
		D0EAD7872B128F8F23DBB2AB /* Build configuration list for PBXProject "TalesOfBrave" */ = {
			isa = XCConfigurationList;
			buildConfigurations = (
				5BF6A21118F24C702A204833 /* Debug */,
				672E75A23BF0285434DB331D /* Release */,
			);
			defaultConfigurationIsVisible = 0;
			defaultConfigurationName = Debug;
		};
/* End XCConfigurationList section */

/* Begin XCRemoteSwiftPackageReference section */
		378F9BCD95D3DB61686EF5F8 /* XCRemoteSwiftPackageReference "lottie-spm" */ = {
			isa = XCRemoteSwiftPackageReference;
			repositoryURL = "https://github.com/airbnb/lottie-spm.git";
			requirement = {
				kind = upToNextMinorVersion;
				minimumVersion = 4.2.0;
			};
		};
/* End XCRemoteSwiftPackageReference section */

/* Begin XCSwiftPackageProductDependency section */
		8F218D1DB08F59840D5AE4B1 /* Lottie */ = {
			isa = XCSwiftPackageProductDependency;
			package = 378F9BCD95D3DB61686EF5F8 /* XCRemoteSwiftPackageReference "lottie-spm" */;
			productName = Lottie;
		};
/* End XCSwiftPackageProductDependency section */

/* Begin XCVersionGroup section */
		CA2DF0389847E0743D4CCB09 /* MC3.xcdatamodeld */ = {
			isa = XCVersionGroup;
			children = (
				791351E7068BE1E8DEC18469 /* MC3.xcdatamodel */,
			);
			currentVersion = 791351E7068BE1E8DEC18469 /* MC3.xcdatamodel */;
			path = MC3.xcdatamodeld;
			sourceTree = "<group>";
			versionGroupType = wrapper.xcdatamodel;
		};
/* End XCVersionGroup section */
	};
	rootObject = 2C2460ACF307E862BE83F354 /* Project object */;
}
